// !$*UTF8*$!
{
	archiveVersion = 1;
	classes = {
	};
	objectVersion = 56;
	objects = {

/* Begin PBXBuildFile section */
		1E095B0D2B778AF000147119 /* Know_Maps_ProdTests.swift in Sources */ = {isa = PBXBuildFile; fileRef = 1E095B0C2B778AF000147119 /* Know_Maps_ProdTests.swift */; };
		1E095B172B778AF000147119 /* Know_Maps_ProdUITests.swift in Sources */ = {isa = PBXBuildFile; fileRef = 1E095B162B778AF000147119 /* Know_Maps_ProdUITests.swift */; };
		1E095B192B778AF000147119 /* Know_Maps_ProdUITestsLaunchTests.swift in Sources */ = {isa = PBXBuildFile; fileRef = 1E095B182B778AF000147119 /* Know_Maps_ProdUITestsLaunchTests.swift */; };
		1E6570D42C9B42B600FEE9F8 /* OnboardingTemplateView.swift in Sources */ = {isa = PBXBuildFile; fileRef = 1E6570D32C9B42B600FEE9F8 /* OnboardingTemplateView.swift */; };
		1E6570D62C9B516400FEE9F8 /* TasteAutocompleteResponse.swift in Sources */ = {isa = PBXBuildFile; fileRef = 1E6570D52C9B516400FEE9F8 /* TasteAutocompleteResponse.swift */; };
		1E6570D82C9B7DB900FEE9F8 /* SearchEditView.swift in Sources */ = {isa = PBXBuildFile; fileRef = 1E6570D72C9B7DB900FEE9F8 /* SearchEditView.swift */; };
		1E8E6DDA2C99BA230048DBAC /* Assets.xcassets in Resources */ = {isa = PBXBuildFile; fileRef = 1E095AFE2B778AF000147119 /* Assets.xcassets */; };
		1E90396F2B8B5F1700C3BA42 /* Segment in Frameworks */ = {isa = PBXBuildFile; productRef = 1E90396E2B8B5F1700C3BA42 /* Segment */; };
		1E9039732B8B5F2100C3BA42 /* RevenueCat in Frameworks */ = {isa = PBXBuildFile; productRef = 1E9039722B8B5F2100C3BA42 /* RevenueCat */; };
		1E9039752B8B5F3B00C3BA42 /* RevenueCatUI in Frameworks */ = {isa = PBXBuildFile; productRef = 1E9039742B8B5F3B00C3BA42 /* RevenueCatUI */; };
		1E9039772B8B5F4100C3BA42 /* ReceiptParser in Frameworks */ = {isa = PBXBuildFile; productRef = 1E9039762B8B5F4100C3BA42 /* ReceiptParser */; };
		1EF378E22C986EE7001C5E39 /* Know_MapsApp.swift in Sources */ = {isa = PBXBuildFile; fileRef = 1EA7F74C2B03FA71002AE371 /* Know_MapsApp.swift */; };
		1EF378E32C986EE7001C5E39 /* AssistiveChatHost.swift in Sources */ = {isa = PBXBuildFile; fileRef = 1EA7F7952B052DE4002AE371 /* AssistiveChatHost.swift */; };
		1EF378E42C986EE7001C5E39 /* CloudCache.swift in Sources */ = {isa = PBXBuildFile; fileRef = 1E630C852B16440100A57CCB /* CloudCache.swift */; };
		1EF378E52C986EE7001C5E39 /* LanguageGenerator.swift in Sources */ = {isa = PBXBuildFile; fileRef = 1EA7F7762B052D92002AE371 /* LanguageGenerator.swift */; };
		1EF378E62C986EE7001C5E39 /* LanguageGeneratorSession.swift in Sources */ = {isa = PBXBuildFile; fileRef = 1EA7F7742B052D92002AE371 /* LanguageGeneratorSession.swift */; };
		1EF378E72C986EE7001C5E39 /* LocationProvider.swift in Sources */ = {isa = PBXBuildFile; fileRef = 1EA7F77A2B052D92002AE371 /* LocationProvider.swift */; };
		1EF378E82C986EE7001C5E39 /* FeatureFlags.swift in Sources */ = {isa = PBXBuildFile; fileRef = 1E7121382B61472800758259 /* FeatureFlags.swift */; };
		1EF378E92C986EE7001C5E39 /* ChatResultViewModel.swift in Sources */ = {isa = PBXBuildFile; fileRef = 1EA7F7822B052D92002AE371 /* ChatResultViewModel.swift */; };
		1EF378EA2C986EE7001C5E39 /* PlaceDirectionsViewModel.swift in Sources */ = {isa = PBXBuildFile; fileRef = 1EE068932B100CE30016851A /* PlaceDirectionsViewModel.swift */; };
		1EF378EB2C986EE7001C5E39 /* SearchQueryResponseViewModel.swift in Sources */ = {isa = PBXBuildFile; fileRef = 1EA7F77B2B052D92002AE371 /* SearchQueryResponseViewModel.swift */; };
		1EF378EC2C986EE7001C5E39 /* SettingsModel.swift in Sources */ = {isa = PBXBuildFile; fileRef = 1E583F7C2B1671F300B2EC26 /* SettingsModel.swift */; };
		1EF378ED2C986EE7001C5E39 /* AssistiveChatHostIntent.swift in Sources */ = {isa = PBXBuildFile; fileRef = 1E98C7D22B18DC7400283E92 /* AssistiveChatHostIntent.swift */; };
		1EF378EE2C986EE7001C5E39 /* AssistiveChatHostQueryParameters.swift in Sources */ = {isa = PBXBuildFile; fileRef = 1EA7F7942B052DE4002AE371 /* AssistiveChatHostQueryParameters.swift */; };
		1EF378EF2C986EE7001C5E39 /* ChatResult.swift in Sources */ = {isa = PBXBuildFile; fileRef = 1EA7F7812B052D92002AE371 /* ChatResult.swift */; };
		1EF378F02C986EE7001C5E39 /* LocationResult.swift in Sources */ = {isa = PBXBuildFile; fileRef = 1EE068972B121F710016851A /* LocationResult.swift */; };
		1EF378F12C986EE7001C5E39 /* CategoryResult.swift in Sources */ = {isa = PBXBuildFile; fileRef = 1EE0688F2B0E57AD0016851A /* CategoryResult.swift */; };
		1EF378F22C986EE7001C5E39 /* ChatRouteResult.swift in Sources */ = {isa = PBXBuildFile; fileRef = 1EE068912B0FBADE0016851A /* ChatRouteResult.swift */; };
		1EF378F32C986EE7001C5E39 /* PlaceDetailsRequest.swift in Sources */ = {isa = PBXBuildFile; fileRef = 1EA7F7772B052D92002AE371 /* PlaceDetailsRequest.swift */; };
		1EF378F42C986EE7001C5E39 /* LanguageGeneratorRequest.swift in Sources */ = {isa = PBXBuildFile; fileRef = 1EA7F7722B052D92002AE371 /* LanguageGeneratorRequest.swift */; };
		1EF378F52C986EE7001C5E39 /* PlaceDetailsResponse.swift in Sources */ = {isa = PBXBuildFile; fileRef = 1EA7F77C2B052D92002AE371 /* PlaceDetailsResponse.swift */; };
		1EF378F62C986EE7001C5E39 /* PlacePhotoResponse.swift in Sources */ = {isa = PBXBuildFile; fileRef = 1EA7F7732B052D92002AE371 /* PlacePhotoResponse.swift */; };
		1EF378F72C986EE7001C5E39 /* PlaceSearchRequest.swift in Sources */ = {isa = PBXBuildFile; fileRef = 1EA7F7802B052D92002AE371 /* PlaceSearchRequest.swift */; };
		1EF378F82C986EE7001C5E39 /* PlaceSearchResponse.swift in Sources */ = {isa = PBXBuildFile; fileRef = 1EA7F77F2B052D92002AE371 /* PlaceSearchResponse.swift */; };
		1EF378F92C986EE7001C5E39 /* PlaceTipsResponse.swift in Sources */ = {isa = PBXBuildFile; fileRef = 1EA7F7792B052D92002AE371 /* PlaceTipsResponse.swift */; };
		1EF378FA2C986EE7001C5E39 /* PlaceResponseFormatter.swift in Sources */ = {isa = PBXBuildFile; fileRef = 1EA7F77E2B052D92002AE371 /* PlaceResponseFormatter.swift */; };
		1EF378FB2C986EE7001C5E39 /* PlaceSearchSession.swift in Sources */ = {isa = PBXBuildFile; fileRef = 1EA7F7752B052D92002AE371 /* PlaceSearchSession.swift */; };
		1EF378FC2C986EE7001C5E39 /* UserCachedRecord.swift in Sources */ = {isa = PBXBuildFile; fileRef = 1EEC48182B45A4B300248D69 /* UserCachedRecord.swift */; };
		1EF378FD2C986EE7001C5E39 /* PersonalizedSearchSession.swift in Sources */ = {isa = PBXBuildFile; fileRef = 1EB4EE862B4EC072003AD112 /* PersonalizedSearchSession.swift */; };
		1EF378FE2C986EE7001C5E39 /* RecommendedPlaceSearchRequest.swift in Sources */ = {isa = PBXBuildFile; fileRef = 1E71213C2B6160A500758259 /* RecommendedPlaceSearchRequest.swift */; };
		1EF378FF2C986EE7001C5E39 /* RecommendedPlaceSearchResponse.swift in Sources */ = {isa = PBXBuildFile; fileRef = 1E7121402B616C6400758259 /* RecommendedPlaceSearchResponse.swift */; };
		1EF379002C986EE7001C5E39 /* AssistiveChatHostDelegate.swift in Sources */ = {isa = PBXBuildFile; fileRef = 1EA588CE2B065D8B006B1F8F /* AssistiveChatHostDelegate.swift */; };
		1EF379012C986EE7001C5E39 /* ChatHostingViewControllerDelegate.swift in Sources */ = {isa = PBXBuildFile; fileRef = 1E98C7CE2B18DC2200283E92 /* ChatHostingViewControllerDelegate.swift */; };
		1EF379022C986EE7001C5E39 /* AssistiveChatHostStreamResponseDelegate.swift in Sources */ = {isa = PBXBuildFile; fileRef = 1E98C7D02B18DC4100283E92 /* AssistiveChatHostStreamResponseDelegate.swift */; };
		1EF379032C986EE7001C5E39 /* AssistiveChatHostMessagesDelegate.swift in Sources */ = {isa = PBXBuildFile; fileRef = 1E98C7D42B18DC9600283E92 /* AssistiveChatHostMessagesDelegate.swift */; };
		1EF379042C986EE7001C5E39 /* ChatResultViewModelDelegate.swift in Sources */ = {isa = PBXBuildFile; fileRef = 1E98C7D62B18DCF900283E92 /* ChatResultViewModelDelegate.swift */; };
		1EF379052C986EE7001C5E39 /* ContentView.swift in Sources */ = {isa = PBXBuildFile; fileRef = 1EA7F74E2B03FA71002AE371 /* ContentView.swift */; };
		1EF379062C986EE7001C5E39 /* OnboardingView.swift in Sources */ = {isa = PBXBuildFile; fileRef = 1E1F5E442B725D56008B6BAD /* OnboardingView.swift */; };
		1EF379072C986EE7001C5E39 /* OnboardingSignInView.swift in Sources */ = {isa = PBXBuildFile; fileRef = 1E1F5E482B725FBB008B6BAD /* OnboardingSignInView.swift */; };
		1EF379082C986EE7001C5E39 /* OnboardingLocationView.swift in Sources */ = {isa = PBXBuildFile; fileRef = 1E1F5E502B726680008B6BAD /* OnboardingLocationView.swift */; };
		1EF379092C986EE7001C5E39 /* OnboardingSubscriptionView.swift in Sources */ = {isa = PBXBuildFile; fileRef = 1E1F5E542B72694A008B6BAD /* OnboardingSubscriptionView.swift */; };
		1EF3790A2C986EE7001C5E39 /* ImmersiveView.swift in Sources */ = {isa = PBXBuildFile; fileRef = 1EA7F7502B03FA71002AE371 /* ImmersiveView.swift */; };
		1EF3790B2C986EE7001C5E39 /* ActivityViewController.swift in Sources */ = {isa = PBXBuildFile; fileRef = 1E630C832B1636E400A57CCB /* ActivityViewController.swift */; };
		1EF3790C2C986EE7001C5E39 /* MapResultsView.swift in Sources */ = {isa = PBXBuildFile; fileRef = 1EA7F76A2B04FF4D002AE371 /* MapResultsView.swift */; };
		1EF3790D2C986EE7001C5E39 /* SettingsView.swift in Sources */ = {isa = PBXBuildFile; fileRef = 1EE068872B0D1ADB0016851A /* SettingsView.swift */; };
		1EF3790E2C986EE7001C5E39 /* SearchView.swift in Sources */ = {isa = PBXBuildFile; fileRef = 1EA7F76C2B04FFD9002AE371 /* SearchView.swift */; };
		1EF3790F2C986EE7001C5E39 /* SearchCategoryView.swift in Sources */ = {isa = PBXBuildFile; fileRef = 1E70B4C42B50103C00F1F9F5 /* SearchCategoryView.swift */; };
		1EF379102C986EE7001C5E39 /* SearchTasteView.swift in Sources */ = {isa = PBXBuildFile; fileRef = 1E70B4D02B50120500F1F9F5 /* SearchTasteView.swift */; };
		1EF379112C986EE7001C5E39 /* SearchSavedView.swift in Sources */ = {isa = PBXBuildFile; fileRef = 1E70B4C82B50113200F1F9F5 /* SearchSavedView.swift */; };
		1EF379122C986EE7001C5E39 /* NavigationLocationView.swift in Sources */ = {isa = PBXBuildFile; fileRef = 1E26C7B32B2C79150050EC6A /* NavigationLocationView.swift */; };
		1EF379132C986EE7001C5E39 /* PlacesList.swift in Sources */ = {isa = PBXBuildFile; fileRef = 1EA7F7702B051BDE002AE371 /* PlacesList.swift */; };
		1EF379142C986EE7001C5E39 /* AddListItemView.swift in Sources */ = {isa = PBXBuildFile; fileRef = 1E4481DD2B499D3F00FD2EEF /* AddListItemView.swift */; };
		1EF379152C986EE7001C5E39 /* PlaceView.swift in Sources */ = {isa = PBXBuildFile; fileRef = 1EA588D22B09326E006B1F8F /* PlaceView.swift */; };
		1EF379162C986EE7001C5E39 /* PlaceAboutView.swift in Sources */ = {isa = PBXBuildFile; fileRef = 1EE068852B0CE74C0016851A /* PlaceAboutView.swift */; };
		1EF379172C986EE7001C5E39 /* PlaceDescriptionView.swift in Sources */ = {isa = PBXBuildFile; fileRef = 1E7121342B60136200758259 /* PlaceDescriptionView.swift */; };
		1EF379182C986EE7001C5E39 /* PlaceDirectionsView.swift in Sources */ = {isa = PBXBuildFile; fileRef = 1EE068892B0D1E2B0016851A /* PlaceDirectionsView.swift */; };
		1EF3791A2C986EE7001C5E39 /* PlacePhotosView.swift in Sources */ = {isa = PBXBuildFile; fileRef = 1EE0688B2B0D1E930016851A /* PlacePhotosView.swift */; };
		1EF3791B2C986EE7001C5E39 /* PlaceTipsView.swift in Sources */ = {isa = PBXBuildFile; fileRef = 1EE0688D2B0D1EB40016851A /* PlaceTipsView.swift */; };
		1EF3791D2C986F0F001C5E39 /* Preview Assets.xcassets in Resources */ = {isa = PBXBuildFile; fileRef = 1E095B022B778AF000147119 /* Preview Assets.xcassets */; };
		1EF3791E2C986F96001C5E39 /* LocalMapsQueryClassifier.mlmodel in Sources */ = {isa = PBXBuildFile; fileRef = 1EA7F7982B052E0C002AE371 /* LocalMapsQueryClassifier.mlmodel */; };
		1EF3791F2C986F96001C5E39 /* LocalMapsQueryTagger.mlmodel in Sources */ = {isa = PBXBuildFile; fileRef = 1EA7F7992B052E0C002AE371 /* LocalMapsQueryTagger.mlmodel */; };
		1EF379202C9875E0001C5E39 /* integrated_category_taxonomy.json in Resources */ = {isa = PBXBuildFile; fileRef = 1EA7F7782B052D92002AE371 /* integrated_category_taxonomy.json */; };
/* End PBXBuildFile section */

/* Begin PBXContainerItemProxy section */
		1E095B092B778AF000147119 /* PBXContainerItemProxy */ = {
			isa = PBXContainerItemProxy;
			containerPortal = 1EA7F73D2B03FA70002AE371 /* Project object */;
			proxyType = 1;
			remoteGlobalIDString = 1E095AF72B778AEF00147119;
			remoteInfo = "Know Maps Prod";
		};
		1E095B132B778AF000147119 /* PBXContainerItemProxy */ = {
			isa = PBXContainerItemProxy;
			containerPortal = 1EA7F73D2B03FA70002AE371 /* Project object */;
			proxyType = 1;
			remoteGlobalIDString = 1E095AF72B778AEF00147119;
			remoteInfo = "Know Maps Prod";
		};
/* End PBXContainerItemProxy section */

/* Begin PBXFileReference section */
		1E095AF82B778AEF00147119 /* Know Maps.app */ = {isa = PBXFileReference; explicitFileType = wrapper.application; includeInIndex = 0; path = "Know Maps.app"; sourceTree = BUILT_PRODUCTS_DIR; };
		1E095AFE2B778AF000147119 /* Assets.xcassets */ = {isa = PBXFileReference; lastKnownFileType = folder.assetcatalog; path = Assets.xcassets; sourceTree = "<group>"; };
		1E095B002B778AF000147119 /* Know_Maps_Prod.entitlements */ = {isa = PBXFileReference; lastKnownFileType = text.plist.entitlements; path = Know_Maps_Prod.entitlements; sourceTree = "<group>"; };
		1E095B022B778AF000147119 /* Preview Assets.xcassets */ = {isa = PBXFileReference; lastKnownFileType = folder.assetcatalog; path = "Preview Assets.xcassets"; sourceTree = "<group>"; };
		1E095B082B778AF000147119 /* Know Maps ProdTests.xctest */ = {isa = PBXFileReference; explicitFileType = wrapper.cfbundle; includeInIndex = 0; path = "Know Maps ProdTests.xctest"; sourceTree = BUILT_PRODUCTS_DIR; };
		1E095B0C2B778AF000147119 /* Know_Maps_ProdTests.swift */ = {isa = PBXFileReference; lastKnownFileType = sourcecode.swift; path = Know_Maps_ProdTests.swift; sourceTree = "<group>"; };
		1E095B122B778AF000147119 /* Know Maps ProdUITests.xctest */ = {isa = PBXFileReference; explicitFileType = wrapper.cfbundle; includeInIndex = 0; path = "Know Maps ProdUITests.xctest"; sourceTree = BUILT_PRODUCTS_DIR; };
		1E095B162B778AF000147119 /* Know_Maps_ProdUITests.swift */ = {isa = PBXFileReference; lastKnownFileType = sourcecode.swift; path = Know_Maps_ProdUITests.swift; sourceTree = "<group>"; };
		1E095B182B778AF000147119 /* Know_Maps_ProdUITestsLaunchTests.swift */ = {isa = PBXFileReference; lastKnownFileType = sourcecode.swift; path = Know_Maps_ProdUITestsLaunchTests.swift; sourceTree = "<group>"; };
		1E095B252B778EAE00147119 /* StoreKit.framework */ = {isa = PBXFileReference; lastKnownFileType = wrapper.framework; name = StoreKit.framework; path = Platforms/iPhoneOS.platform/Developer/SDKs/iPhoneOS17.2.sdk/System/Library/Frameworks/StoreKit.framework; sourceTree = DEVELOPER_DIR; };
		1E1F5E442B725D56008B6BAD /* OnboardingView.swift */ = {isa = PBXFileReference; lastKnownFileType = sourcecode.swift; path = OnboardingView.swift; sourceTree = "<group>"; };
		1E1F5E482B725FBB008B6BAD /* OnboardingSignInView.swift */ = {isa = PBXFileReference; lastKnownFileType = sourcecode.swift; path = OnboardingSignInView.swift; sourceTree = "<group>"; };
		1E1F5E502B726680008B6BAD /* OnboardingLocationView.swift */ = {isa = PBXFileReference; lastKnownFileType = sourcecode.swift; path = OnboardingLocationView.swift; sourceTree = "<group>"; };
		1E1F5E542B72694A008B6BAD /* OnboardingSubscriptionView.swift */ = {isa = PBXFileReference; lastKnownFileType = sourcecode.swift; path = OnboardingSubscriptionView.swift; sourceTree = "<group>"; };
		1E26C7B32B2C79150050EC6A /* NavigationLocationView.swift */ = {isa = PBXFileReference; lastKnownFileType = sourcecode.swift; path = NavigationLocationView.swift; sourceTree = "<group>"; };
		1E4481DD2B499D3F00FD2EEF /* AddListItemView.swift */ = {isa = PBXFileReference; lastKnownFileType = sourcecode.swift; path = AddListItemView.swift; sourceTree = "<group>"; };
		1E583F7C2B1671F300B2EC26 /* SettingsModel.swift */ = {isa = PBXFileReference; lastKnownFileType = sourcecode.swift; path = SettingsModel.swift; sourceTree = "<group>"; };
		1E630C832B1636E400A57CCB /* ActivityViewController.swift */ = {isa = PBXFileReference; lastKnownFileType = sourcecode.swift; path = ActivityViewController.swift; sourceTree = "<group>"; };
		1E630C852B16440100A57CCB /* CloudCache.swift */ = {isa = PBXFileReference; lastKnownFileType = sourcecode.swift; path = CloudCache.swift; sourceTree = "<group>"; };
		1E6570D32C9B42B600FEE9F8 /* OnboardingTemplateView.swift */ = {isa = PBXFileReference; lastKnownFileType = sourcecode.swift; path = OnboardingTemplateView.swift; sourceTree = "<group>"; };
		1E6570D52C9B516400FEE9F8 /* TasteAutocompleteResponse.swift */ = {isa = PBXFileReference; lastKnownFileType = sourcecode.swift; path = TasteAutocompleteResponse.swift; sourceTree = "<group>"; };
		1E6570D72C9B7DB900FEE9F8 /* SearchEditView.swift */ = {isa = PBXFileReference; lastKnownFileType = sourcecode.swift; path = SearchEditView.swift; sourceTree = "<group>"; };
		1E70B4C42B50103C00F1F9F5 /* SearchCategoryView.swift */ = {isa = PBXFileReference; lastKnownFileType = sourcecode.swift; path = SearchCategoryView.swift; sourceTree = "<group>"; };
		1E70B4C82B50113200F1F9F5 /* SearchSavedView.swift */ = {isa = PBXFileReference; lastKnownFileType = sourcecode.swift; path = SearchSavedView.swift; sourceTree = "<group>"; };
		1E70B4D02B50120500F1F9F5 /* SearchTasteView.swift */ = {isa = PBXFileReference; lastKnownFileType = sourcecode.swift; path = SearchTasteView.swift; sourceTree = "<group>"; };
		1E7121342B60136200758259 /* PlaceDescriptionView.swift */ = {isa = PBXFileReference; lastKnownFileType = sourcecode.swift; path = PlaceDescriptionView.swift; sourceTree = "<group>"; };
		1E7121382B61472800758259 /* FeatureFlags.swift */ = {isa = PBXFileReference; lastKnownFileType = sourcecode.swift; path = FeatureFlags.swift; sourceTree = "<group>"; };
		1E71213C2B6160A500758259 /* RecommendedPlaceSearchRequest.swift */ = {isa = PBXFileReference; lastKnownFileType = sourcecode.swift; path = RecommendedPlaceSearchRequest.swift; sourceTree = "<group>"; };
		1E7121402B616C6400758259 /* RecommendedPlaceSearchResponse.swift */ = {isa = PBXFileReference; lastKnownFileType = sourcecode.swift; path = RecommendedPlaceSearchResponse.swift; sourceTree = "<group>"; };
		1E9039782B8B650C00C3BA42 /* Know Maps ProdDebug.entitlements */ = {isa = PBXFileReference; lastKnownFileType = text.plist.entitlements; path = "Know Maps ProdDebug.entitlements"; sourceTree = "<group>"; };
		1E98C7CE2B18DC2200283E92 /* ChatHostingViewControllerDelegate.swift */ = {isa = PBXFileReference; lastKnownFileType = sourcecode.swift; path = ChatHostingViewControllerDelegate.swift; sourceTree = "<group>"; };
		1E98C7D02B18DC4100283E92 /* AssistiveChatHostStreamResponseDelegate.swift */ = {isa = PBXFileReference; lastKnownFileType = sourcecode.swift; path = AssistiveChatHostStreamResponseDelegate.swift; sourceTree = "<group>"; };
		1E98C7D22B18DC7400283E92 /* AssistiveChatHostIntent.swift */ = {isa = PBXFileReference; lastKnownFileType = sourcecode.swift; path = AssistiveChatHostIntent.swift; sourceTree = "<group>"; };
		1E98C7D42B18DC9600283E92 /* AssistiveChatHostMessagesDelegate.swift */ = {isa = PBXFileReference; lastKnownFileType = sourcecode.swift; path = AssistiveChatHostMessagesDelegate.swift; sourceTree = "<group>"; };
		1E98C7D62B18DCF900283E92 /* ChatResultViewModelDelegate.swift */ = {isa = PBXFileReference; lastKnownFileType = sourcecode.swift; path = ChatResultViewModelDelegate.swift; sourceTree = "<group>"; };
		1EA588CE2B065D8B006B1F8F /* AssistiveChatHostDelegate.swift */ = {isa = PBXFileReference; lastKnownFileType = sourcecode.swift; path = AssistiveChatHostDelegate.swift; sourceTree = "<group>"; };
		1EA588D22B09326E006B1F8F /* PlaceView.swift */ = {isa = PBXFileReference; lastKnownFileType = sourcecode.swift; path = PlaceView.swift; sourceTree = "<group>"; };
		1EA7F74C2B03FA71002AE371 /* Know_MapsApp.swift */ = {isa = PBXFileReference; lastKnownFileType = sourcecode.swift; path = Know_MapsApp.swift; sourceTree = "<group>"; };
		1EA7F74E2B03FA71002AE371 /* ContentView.swift */ = {isa = PBXFileReference; lastKnownFileType = sourcecode.swift; path = ContentView.swift; sourceTree = "<group>"; };
		1EA7F7502B03FA71002AE371 /* ImmersiveView.swift */ = {isa = PBXFileReference; lastKnownFileType = sourcecode.swift; path = ImmersiveView.swift; sourceTree = "<group>"; };
		1EA7F7572B03FA72002AE371 /* Info.plist */ = {isa = PBXFileReference; lastKnownFileType = text.plist.xml; path = Info.plist; sourceTree = "<group>"; };
		1EA7F76A2B04FF4D002AE371 /* MapResultsView.swift */ = {isa = PBXFileReference; lastKnownFileType = sourcecode.swift; path = MapResultsView.swift; sourceTree = "<group>"; };
		1EA7F76C2B04FFD9002AE371 /* SearchView.swift */ = {isa = PBXFileReference; lastKnownFileType = sourcecode.swift; path = SearchView.swift; sourceTree = "<group>"; };
		1EA7F7702B051BDE002AE371 /* PlacesList.swift */ = {isa = PBXFileReference; lastKnownFileType = sourcecode.swift; path = PlacesList.swift; sourceTree = "<group>"; };
		1EA7F7722B052D92002AE371 /* LanguageGeneratorRequest.swift */ = {isa = PBXFileReference; fileEncoding = 4; lastKnownFileType = sourcecode.swift; path = LanguageGeneratorRequest.swift; sourceTree = "<group>"; };
		1EA7F7732B052D92002AE371 /* PlacePhotoResponse.swift */ = {isa = PBXFileReference; fileEncoding = 4; lastKnownFileType = sourcecode.swift; path = PlacePhotoResponse.swift; sourceTree = "<group>"; };
		1EA7F7742B052D92002AE371 /* LanguageGeneratorSession.swift */ = {isa = PBXFileReference; fileEncoding = 4; lastKnownFileType = sourcecode.swift; path = LanguageGeneratorSession.swift; sourceTree = "<group>"; };
		1EA7F7752B052D92002AE371 /* PlaceSearchSession.swift */ = {isa = PBXFileReference; fileEncoding = 4; lastKnownFileType = sourcecode.swift; path = PlaceSearchSession.swift; sourceTree = "<group>"; };
		1EA7F7762B052D92002AE371 /* LanguageGenerator.swift */ = {isa = PBXFileReference; fileEncoding = 4; lastKnownFileType = sourcecode.swift; path = LanguageGenerator.swift; sourceTree = "<group>"; };
		1EA7F7772B052D92002AE371 /* PlaceDetailsRequest.swift */ = {isa = PBXFileReference; fileEncoding = 4; lastKnownFileType = sourcecode.swift; path = PlaceDetailsRequest.swift; sourceTree = "<group>"; };
		1EA7F7782B052D92002AE371 /* integrated_category_taxonomy.json */ = {isa = PBXFileReference; fileEncoding = 4; lastKnownFileType = text.json; path = integrated_category_taxonomy.json; sourceTree = "<group>"; };
		1EA7F7792B052D92002AE371 /* PlaceTipsResponse.swift */ = {isa = PBXFileReference; fileEncoding = 4; lastKnownFileType = sourcecode.swift; path = PlaceTipsResponse.swift; sourceTree = "<group>"; };
		1EA7F77A2B052D92002AE371 /* LocationProvider.swift */ = {isa = PBXFileReference; fileEncoding = 4; lastKnownFileType = sourcecode.swift; path = LocationProvider.swift; sourceTree = "<group>"; };
		1EA7F77B2B052D92002AE371 /* SearchQueryResponseViewModel.swift */ = {isa = PBXFileReference; fileEncoding = 4; lastKnownFileType = sourcecode.swift; path = SearchQueryResponseViewModel.swift; sourceTree = "<group>"; };
		1EA7F77C2B052D92002AE371 /* PlaceDetailsResponse.swift */ = {isa = PBXFileReference; fileEncoding = 4; lastKnownFileType = sourcecode.swift; path = PlaceDetailsResponse.swift; sourceTree = "<group>"; };
		1EA7F77E2B052D92002AE371 /* PlaceResponseFormatter.swift */ = {isa = PBXFileReference; fileEncoding = 4; lastKnownFileType = sourcecode.swift; path = PlaceResponseFormatter.swift; sourceTree = "<group>"; };
		1EA7F77F2B052D92002AE371 /* PlaceSearchResponse.swift */ = {isa = PBXFileReference; fileEncoding = 4; lastKnownFileType = sourcecode.swift; path = PlaceSearchResponse.swift; sourceTree = "<group>"; };
		1EA7F7802B052D92002AE371 /* PlaceSearchRequest.swift */ = {isa = PBXFileReference; fileEncoding = 4; lastKnownFileType = sourcecode.swift; path = PlaceSearchRequest.swift; sourceTree = "<group>"; };
		1EA7F7812B052D92002AE371 /* ChatResult.swift */ = {isa = PBXFileReference; fileEncoding = 4; lastKnownFileType = sourcecode.swift; path = ChatResult.swift; sourceTree = "<group>"; };
		1EA7F7822B052D92002AE371 /* ChatResultViewModel.swift */ = {isa = PBXFileReference; fileEncoding = 4; lastKnownFileType = sourcecode.swift; path = ChatResultViewModel.swift; sourceTree = "<group>"; };
		1EA7F7942B052DE4002AE371 /* AssistiveChatHostQueryParameters.swift */ = {isa = PBXFileReference; fileEncoding = 4; lastKnownFileType = sourcecode.swift; path = AssistiveChatHostQueryParameters.swift; sourceTree = "<group>"; };
		1EA7F7952B052DE4002AE371 /* AssistiveChatHost.swift */ = {isa = PBXFileReference; fileEncoding = 4; lastKnownFileType = sourcecode.swift; path = AssistiveChatHost.swift; sourceTree = "<group>"; };
		1EA7F7982B052E0C002AE371 /* LocalMapsQueryClassifier.mlmodel */ = {isa = PBXFileReference; lastKnownFileType = file.mlmodel; path = LocalMapsQueryClassifier.mlmodel; sourceTree = "<group>"; };
		1EA7F7992B052E0C002AE371 /* LocalMapsQueryTagger.mlmodel */ = {isa = PBXFileReference; lastKnownFileType = file.mlmodel; path = LocalMapsQueryTagger.mlmodel; sourceTree = "<group>"; };
		1EB4EE862B4EC072003AD112 /* PersonalizedSearchSession.swift */ = {isa = PBXFileReference; lastKnownFileType = sourcecode.swift; path = PersonalizedSearchSession.swift; sourceTree = "<group>"; };
		1EE068852B0CE74C0016851A /* PlaceAboutView.swift */ = {isa = PBXFileReference; lastKnownFileType = sourcecode.swift; path = PlaceAboutView.swift; sourceTree = "<group>"; };
		1EE068872B0D1ADB0016851A /* SettingsView.swift */ = {isa = PBXFileReference; lastKnownFileType = sourcecode.swift; path = SettingsView.swift; sourceTree = "<group>"; };
		1EE068892B0D1E2B0016851A /* PlaceDirectionsView.swift */ = {isa = PBXFileReference; lastKnownFileType = sourcecode.swift; path = PlaceDirectionsView.swift; sourceTree = "<group>"; };
		1EE0688B2B0D1E930016851A /* PlacePhotosView.swift */ = {isa = PBXFileReference; lastKnownFileType = sourcecode.swift; path = PlacePhotosView.swift; sourceTree = "<group>"; };
		1EE0688D2B0D1EB40016851A /* PlaceTipsView.swift */ = {isa = PBXFileReference; lastKnownFileType = sourcecode.swift; path = PlaceTipsView.swift; sourceTree = "<group>"; };
		1EE0688F2B0E57AD0016851A /* CategoryResult.swift */ = {isa = PBXFileReference; lastKnownFileType = sourcecode.swift; path = CategoryResult.swift; sourceTree = "<group>"; };
		1EE068912B0FBADE0016851A /* ChatRouteResult.swift */ = {isa = PBXFileReference; lastKnownFileType = sourcecode.swift; path = ChatRouteResult.swift; sourceTree = "<group>"; };
		1EE068932B100CE30016851A /* PlaceDirectionsViewModel.swift */ = {isa = PBXFileReference; lastKnownFileType = sourcecode.swift; path = PlaceDirectionsViewModel.swift; sourceTree = "<group>"; };
		1EE068972B121F710016851A /* LocationResult.swift */ = {isa = PBXFileReference; lastKnownFileType = sourcecode.swift; path = LocationResult.swift; sourceTree = "<group>"; };
		1EEC48182B45A4B300248D69 /* UserCachedRecord.swift */ = {isa = PBXFileReference; lastKnownFileType = sourcecode.swift; path = UserCachedRecord.swift; sourceTree = "<group>"; };
/* End PBXFileReference section */

/* Begin PBXFrameworksBuildPhase section */
		1E095AF52B778AEF00147119 /* Frameworks */ = {
			isa = PBXFrameworksBuildPhase;
			buildActionMask = 2147483647;
			files = (
				1E9039752B8B5F3B00C3BA42 /* RevenueCatUI in Frameworks */,
				1E90396F2B8B5F1700C3BA42 /* Segment in Frameworks */,
				1E9039732B8B5F2100C3BA42 /* RevenueCat in Frameworks */,
				1E9039772B8B5F4100C3BA42 /* ReceiptParser in Frameworks */,
			);
			runOnlyForDeploymentPostprocessing = 0;
		};
		1E095B052B778AF000147119 /* Frameworks */ = {
			isa = PBXFrameworksBuildPhase;
			buildActionMask = 2147483647;
			files = (
			);
			runOnlyForDeploymentPostprocessing = 0;
		};
		1E095B0F2B778AF000147119 /* Frameworks */ = {
			isa = PBXFrameworksBuildPhase;
			buildActionMask = 2147483647;
			files = (
			);
			runOnlyForDeploymentPostprocessing = 0;
		};
/* End PBXFrameworksBuildPhase section */

/* Begin PBXGroup section */
		1E095AF92B778AEF00147119 /* Know Maps Prod */ = {
			isa = PBXGroup;
			children = (
				1E9039782B8B650C00C3BA42 /* Know Maps ProdDebug.entitlements */,
				1E095B002B778AF000147119 /* Know_Maps_Prod.entitlements */,
				1EA7F74C2B03FA71002AE371 /* Know_MapsApp.swift */,
				1EA7F76F2B050610002AE371 /* Model */,
				1EA7F76E2B050065002AE371 /* View */,
				1EA7F7572B03FA72002AE371 /* Info.plist */,
				1E095AFE2B778AF000147119 /* Assets.xcassets */,
				1E095B012B778AF000147119 /* Preview Content */,
			);
			path = "Know Maps Prod";
			sourceTree = "<group>";
		};
		1E095B012B778AF000147119 /* Preview Content */ = {
			isa = PBXGroup;
			children = (
				1E095B022B778AF000147119 /* Preview Assets.xcassets */,
			);
			path = "Preview Content";
			sourceTree = "<group>";
		};
		1E095B0B2B778AF000147119 /* Know Maps ProdTests */ = {
			isa = PBXGroup;
			children = (
				1E095B0C2B778AF000147119 /* Know_Maps_ProdTests.swift */,
			);
			path = "Know Maps ProdTests";
			sourceTree = "<group>";
		};
		1E095B152B778AF000147119 /* Know Maps ProdUITests */ = {
			isa = PBXGroup;
			children = (
				1E095B162B778AF000147119 /* Know_Maps_ProdUITests.swift */,
				1E095B182B778AF000147119 /* Know_Maps_ProdUITestsLaunchTests.swift */,
			);
			path = "Know Maps ProdUITests";
			sourceTree = "<group>";
		};
		1E6F4AFE2B20F538001E701B /* Frameworks */ = {
			isa = PBXGroup;
			children = (
				1E095B252B778EAE00147119 /* StoreKit.framework */,
			);
			name = Frameworks;
			sourceTree = "<group>";
		};
		1E98C7D82B18E0A100283E92 /* Models */ = {
			isa = PBXGroup;
			children = (
				1E98C7D22B18DC7400283E92 /* AssistiveChatHostIntent.swift */,
				1EA7F7942B052DE4002AE371 /* AssistiveChatHostQueryParameters.swift */,
				1EA7F7812B052D92002AE371 /* ChatResult.swift */,
				1EE068972B121F710016851A /* LocationResult.swift */,
				1EE0688F2B0E57AD0016851A /* CategoryResult.swift */,
				1EE068912B0FBADE0016851A /* ChatRouteResult.swift */,
				1EA7F7772B052D92002AE371 /* PlaceDetailsRequest.swift */,
				1EA7F7722B052D92002AE371 /* LanguageGeneratorRequest.swift */,
				1EA7F77C2B052D92002AE371 /* PlaceDetailsResponse.swift */,
				1EA7F7732B052D92002AE371 /* PlacePhotoResponse.swift */,
				1EA7F7802B052D92002AE371 /* PlaceSearchRequest.swift */,
				1EA7F77F2B052D92002AE371 /* PlaceSearchResponse.swift */,
				1EA7F7792B052D92002AE371 /* PlaceTipsResponse.swift */,
				1EA7F77E2B052D92002AE371 /* PlaceResponseFormatter.swift */,
				1EA7F7752B052D92002AE371 /* PlaceSearchSession.swift */,
				1EEC48182B45A4B300248D69 /* UserCachedRecord.swift */,
				1EB4EE862B4EC072003AD112 /* PersonalizedSearchSession.swift */,
				1E71213C2B6160A500758259 /* RecommendedPlaceSearchRequest.swift */,
				1E7121402B616C6400758259 /* RecommendedPlaceSearchResponse.swift */,
				1E6570D52C9B516400FEE9F8 /* TasteAutocompleteResponse.swift */,
			);
			path = Models;
			sourceTree = "<group>";
		};
		1E98C7D92B18E11200283E92 /* ViewModels */ = {
			isa = PBXGroup;
			children = (
				1EA7F7822B052D92002AE371 /* ChatResultViewModel.swift */,
				1EE068932B100CE30016851A /* PlaceDirectionsViewModel.swift */,
				1EA7F77B2B052D92002AE371 /* SearchQueryResponseViewModel.swift */,
				1E583F7C2B1671F300B2EC26 /* SettingsModel.swift */,
			);
			path = ViewModels;
			sourceTree = "<group>";
		};
		1E98C7DA2B18E15600283E92 /* Controllers */ = {
			isa = PBXGroup;
			children = (
				1EA7F7982B052E0C002AE371 /* LocalMapsQueryClassifier.mlmodel */,
				1EA7F7992B052E0C002AE371 /* LocalMapsQueryTagger.mlmodel */,
				1EA7F7952B052DE4002AE371 /* AssistiveChatHost.swift */,
				1E630C852B16440100A57CCB /* CloudCache.swift */,
				1EA7F7782B052D92002AE371 /* integrated_category_taxonomy.json */,
				1EA7F7762B052D92002AE371 /* LanguageGenerator.swift */,
				1EA7F7742B052D92002AE371 /* LanguageGeneratorSession.swift */,
				1EA7F77A2B052D92002AE371 /* LocationProvider.swift */,
				1E7121382B61472800758259 /* FeatureFlags.swift */,
			);
			path = Controllers;
			sourceTree = "<group>";
		};
		1EA588CD2B065D5F006B1F8F /* Protocols */ = {
			isa = PBXGroup;
			children = (
				1EA588CE2B065D8B006B1F8F /* AssistiveChatHostDelegate.swift */,
				1E98C7CE2B18DC2200283E92 /* ChatHostingViewControllerDelegate.swift */,
				1E98C7D02B18DC4100283E92 /* AssistiveChatHostStreamResponseDelegate.swift */,
				1E98C7D42B18DC9600283E92 /* AssistiveChatHostMessagesDelegate.swift */,
				1E98C7D62B18DCF900283E92 /* ChatResultViewModelDelegate.swift */,
			);
			path = Protocols;
			sourceTree = "<group>";
		};
		1EA7F73C2B03FA70002AE371 = {
			isa = PBXGroup;
			children = (
				1E095AF92B778AEF00147119 /* Know Maps Prod */,
				1E095B0B2B778AF000147119 /* Know Maps ProdTests */,
				1E095B152B778AF000147119 /* Know Maps ProdUITests */,
				1EA7F7462B03FA70002AE371 /* Products */,
				1E6F4AFE2B20F538001E701B /* Frameworks */,
			);
			sourceTree = "<group>";
		};
		1EA7F7462B03FA70002AE371 /* Products */ = {
			isa = PBXGroup;
			children = (
				1E095AF82B778AEF00147119 /* Know Maps.app */,
				1E095B082B778AF000147119 /* Know Maps ProdTests.xctest */,
				1E095B122B778AF000147119 /* Know Maps ProdUITests.xctest */,
			);
			name = Products;
			sourceTree = "<group>";
		};
		1EA7F76E2B050065002AE371 /* View */ = {
			isa = PBXGroup;
			children = (
				1E1F5E442B725D56008B6BAD /* OnboardingView.swift */,
				1EA7F74E2B03FA71002AE371 /* ContentView.swift */,
				1E1F5E482B725FBB008B6BAD /* OnboardingSignInView.swift */,
				1E1F5E502B726680008B6BAD /* OnboardingLocationView.swift */,
				1E1F5E542B72694A008B6BAD /* OnboardingSubscriptionView.swift */,
				1E6570D32C9B42B600FEE9F8 /* OnboardingTemplateView.swift */,
				1EA7F7502B03FA71002AE371 /* ImmersiveView.swift */,
				1E630C832B1636E400A57CCB /* ActivityViewController.swift */,
				1EA7F76A2B04FF4D002AE371 /* MapResultsView.swift */,
				1EE068872B0D1ADB0016851A /* SettingsView.swift */,
				1EA7F76C2B04FFD9002AE371 /* SearchView.swift */,
				1E70B4C42B50103C00F1F9F5 /* SearchCategoryView.swift */,
				1E70B4D02B50120500F1F9F5 /* SearchTasteView.swift */,
				1E70B4C82B50113200F1F9F5 /* SearchSavedView.swift */,
				1E26C7B32B2C79150050EC6A /* NavigationLocationView.swift */,
				1EA7F7702B051BDE002AE371 /* PlacesList.swift */,
				1E4481DD2B499D3F00FD2EEF /* AddListItemView.swift */,
				1EA588D22B09326E006B1F8F /* PlaceView.swift */,
				1EE068852B0CE74C0016851A /* PlaceAboutView.swift */,
				1E7121342B60136200758259 /* PlaceDescriptionView.swift */,
				1EE068892B0D1E2B0016851A /* PlaceDirectionsView.swift */,
				1EE0688B2B0D1E930016851A /* PlacePhotosView.swift */,
				1EE0688D2B0D1EB40016851A /* PlaceTipsView.swift */,
				1E6570D72C9B7DB900FEE9F8 /* SearchEditView.swift */,
			);
			path = View;
			sourceTree = "<group>";
		};
		1EA7F76F2B050610002AE371 /* Model */ = {
			isa = PBXGroup;
			children = (
				1E98C7DA2B18E15600283E92 /* Controllers */,
				1E98C7D92B18E11200283E92 /* ViewModels */,
				1E98C7D82B18E0A100283E92 /* Models */,
				1EA588CD2B065D5F006B1F8F /* Protocols */,
			);
			path = Model;
			sourceTree = "<group>";
		};
/* End PBXGroup section */

/* Begin PBXNativeTarget section */
		1E095AF72B778AEF00147119 /* Know Maps */ = {
			isa = PBXNativeTarget;
			buildConfigurationList = 1E095B202B778AF000147119 /* Build configuration list for PBXNativeTarget "Know Maps" */;
			buildPhases = (
				1E095AF42B778AEF00147119 /* Sources */,
				1E095AF52B778AEF00147119 /* Frameworks */,
				1E095AF62B778AEF00147119 /* Resources */,
			);
			buildRules = (
			);
			dependencies = (
			);
			name = "Know Maps";
			packageProductDependencies = (
				1E90396E2B8B5F1700C3BA42 /* Segment */,
				1E9039722B8B5F2100C3BA42 /* RevenueCat */,
				1E9039742B8B5F3B00C3BA42 /* RevenueCatUI */,
				1E9039762B8B5F4100C3BA42 /* ReceiptParser */,
			);
			productName = "Know Maps Prod";
			productReference = 1E095AF82B778AEF00147119 /* Know Maps.app */;
			productType = "com.apple.product-type.application";
		};
		1E095B072B778AF000147119 /* Know Maps ProdTests */ = {
			isa = PBXNativeTarget;
			buildConfigurationList = 1E095B212B778AF000147119 /* Build configuration list for PBXNativeTarget "Know Maps ProdTests" */;
			buildPhases = (
				1E095B042B778AF000147119 /* Sources */,
				1E095B052B778AF000147119 /* Frameworks */,
				1E095B062B778AF000147119 /* Resources */,
			);
			buildRules = (
			);
			dependencies = (
				1E095B0A2B778AF000147119 /* PBXTargetDependency */,
			);
			name = "Know Maps ProdTests";
			productName = "Know Maps ProdTests";
			productReference = 1E095B082B778AF000147119 /* Know Maps ProdTests.xctest */;
			productType = "com.apple.product-type.bundle.unit-test";
		};
		1E095B112B778AF000147119 /* Know Maps ProdUITests */ = {
			isa = PBXNativeTarget;
			buildConfigurationList = 1E095B222B778AF000147119 /* Build configuration list for PBXNativeTarget "Know Maps ProdUITests" */;
			buildPhases = (
				1E095B0E2B778AF000147119 /* Sources */,
				1E095B0F2B778AF000147119 /* Frameworks */,
				1E095B102B778AF000147119 /* Resources */,
			);
			buildRules = (
			);
			dependencies = (
				1E095B142B778AF000147119 /* PBXTargetDependency */,
			);
			name = "Know Maps ProdUITests";
			productName = "Know Maps ProdUITests";
			productReference = 1E095B122B778AF000147119 /* Know Maps ProdUITests.xctest */;
			productType = "com.apple.product-type.bundle.ui-testing";
		};
/* End PBXNativeTarget section */

/* Begin PBXProject section */
		1EA7F73D2B03FA70002AE371 /* Project object */ = {
			isa = PBXProject;
			attributes = {
				BuildIndependentTargetsInParallel = 1;
				LastSwiftUpdateCheck = 1520;
				LastUpgradeCheck = 1610;
				TargetAttributes = {
					1E095AF72B778AEF00147119 = {
						CreatedOnToolsVersion = 15.2;
					};
					1E095B072B778AF000147119 = {
						CreatedOnToolsVersion = 15.2;
						TestTargetID = 1E095AF72B778AEF00147119;
					};
					1E095B112B778AF000147119 = {
						CreatedOnToolsVersion = 15.2;
						TestTargetID = 1E095AF72B778AEF00147119;
					};
				};
			};
			buildConfigurationList = 1EA7F7402B03FA70002AE371 /* Build configuration list for PBXProject "Know Maps" */;
			compatibilityVersion = "Xcode 14.0";
			developmentRegion = en;
			hasScannedForEncodings = 0;
			knownRegions = (
				en,
				Base,
			);
			mainGroup = 1EA7F73C2B03FA70002AE371;
			packageReferences = (
				1E98C7CB2B18B5F400283E92 /* XCRemoteSwiftPackageReference "analytics-swift" */,
				1E7DFC612B76B7B8005E061E /* XCRemoteSwiftPackageReference "purchases-ios" */,
			);
			productRefGroup = 1EA7F7462B03FA70002AE371 /* Products */;
			projectDirPath = "";
			projectRoot = "";
			targets = (
				1E095AF72B778AEF00147119 /* Know Maps */,
				1E095B072B778AF000147119 /* Know Maps ProdTests */,
				1E095B112B778AF000147119 /* Know Maps ProdUITests */,
			);
		};
/* End PBXProject section */

/* Begin PBXResourcesBuildPhase section */
		1E095AF62B778AEF00147119 /* Resources */ = {
			isa = PBXResourcesBuildPhase;
			buildActionMask = 2147483647;
			files = (
				1E8E6DDA2C99BA230048DBAC /* Assets.xcassets in Resources */,
				1EF3791D2C986F0F001C5E39 /* Preview Assets.xcassets in Resources */,
				1EF379202C9875E0001C5E39 /* integrated_category_taxonomy.json in Resources */,
			);
			runOnlyForDeploymentPostprocessing = 0;
		};
		1E095B062B778AF000147119 /* Resources */ = {
			isa = PBXResourcesBuildPhase;
			buildActionMask = 2147483647;
			files = (
			);
			runOnlyForDeploymentPostprocessing = 0;
		};
		1E095B102B778AF000147119 /* Resources */ = {
			isa = PBXResourcesBuildPhase;
			buildActionMask = 2147483647;
			files = (
			);
			runOnlyForDeploymentPostprocessing = 0;
		};
/* End PBXResourcesBuildPhase section */

/* Begin PBXSourcesBuildPhase section */
		1E095AF42B778AEF00147119 /* Sources */ = {
			isa = PBXSourcesBuildPhase;
			buildActionMask = 2147483647;
			files = (
				1E6570D62C9B516400FEE9F8 /* TasteAutocompleteResponse.swift in Sources */,
				1EF3791E2C986F96001C5E39 /* LocalMapsQueryClassifier.mlmodel in Sources */,
				1EF3791F2C986F96001C5E39 /* LocalMapsQueryTagger.mlmodel in Sources */,
				1EF378E22C986EE7001C5E39 /* Know_MapsApp.swift in Sources */,
				1EF378E32C986EE7001C5E39 /* AssistiveChatHost.swift in Sources */,
				1EF378E42C986EE7001C5E39 /* CloudCache.swift in Sources */,
				1EF378E52C986EE7001C5E39 /* LanguageGenerator.swift in Sources */,
				1EF378E62C986EE7001C5E39 /* LanguageGeneratorSession.swift in Sources */,
				1E6570D82C9B7DB900FEE9F8 /* SearchEditView.swift in Sources */,
				1EF378E72C986EE7001C5E39 /* LocationProvider.swift in Sources */,
				1EF378E82C986EE7001C5E39 /* FeatureFlags.swift in Sources */,
				1EF378E92C986EE7001C5E39 /* ChatResultViewModel.swift in Sources */,
				1EF378EA2C986EE7001C5E39 /* PlaceDirectionsViewModel.swift in Sources */,
				1EF378EB2C986EE7001C5E39 /* SearchQueryResponseViewModel.swift in Sources */,
				1EF378EC2C986EE7001C5E39 /* SettingsModel.swift in Sources */,
				1EF378ED2C986EE7001C5E39 /* AssistiveChatHostIntent.swift in Sources */,
				1EF378EE2C986EE7001C5E39 /* AssistiveChatHostQueryParameters.swift in Sources */,
				1EF378EF2C986EE7001C5E39 /* ChatResult.swift in Sources */,
				1EF378F02C986EE7001C5E39 /* LocationResult.swift in Sources */,
				1EF378F12C986EE7001C5E39 /* CategoryResult.swift in Sources */,
				1EF378F22C986EE7001C5E39 /* ChatRouteResult.swift in Sources */,
				1EF378F32C986EE7001C5E39 /* PlaceDetailsRequest.swift in Sources */,
				1EF378F42C986EE7001C5E39 /* LanguageGeneratorRequest.swift in Sources */,
				1EF378F52C986EE7001C5E39 /* PlaceDetailsResponse.swift in Sources */,
				1EF378F62C986EE7001C5E39 /* PlacePhotoResponse.swift in Sources */,
				1EF378F72C986EE7001C5E39 /* PlaceSearchRequest.swift in Sources */,
				1EF378F82C986EE7001C5E39 /* PlaceSearchResponse.swift in Sources */,
				1EF378F92C986EE7001C5E39 /* PlaceTipsResponse.swift in Sources */,
				1EF378FA2C986EE7001C5E39 /* PlaceResponseFormatter.swift in Sources */,
				1E6570D42C9B42B600FEE9F8 /* OnboardingTemplateView.swift in Sources */,
				1EF378FB2C986EE7001C5E39 /* PlaceSearchSession.swift in Sources */,
				1EF378FC2C986EE7001C5E39 /* UserCachedRecord.swift in Sources */,
				1EF378FD2C986EE7001C5E39 /* PersonalizedSearchSession.swift in Sources */,
				1EF378FE2C986EE7001C5E39 /* RecommendedPlaceSearchRequest.swift in Sources */,
				1EF378FF2C986EE7001C5E39 /* RecommendedPlaceSearchResponse.swift in Sources */,
				1EF379002C986EE7001C5E39 /* AssistiveChatHostDelegate.swift in Sources */,
				1EF379012C986EE7001C5E39 /* ChatHostingViewControllerDelegate.swift in Sources */,
				1EF379022C986EE7001C5E39 /* AssistiveChatHostStreamResponseDelegate.swift in Sources */,
				1EF379032C986EE7001C5E39 /* AssistiveChatHostMessagesDelegate.swift in Sources */,
				1EF379042C986EE7001C5E39 /* ChatResultViewModelDelegate.swift in Sources */,
				1EF379052C986EE7001C5E39 /* ContentView.swift in Sources */,
				1EF379062C986EE7001C5E39 /* OnboardingView.swift in Sources */,
				1EF379072C986EE7001C5E39 /* OnboardingSignInView.swift in Sources */,
				1EF379082C986EE7001C5E39 /* OnboardingLocationView.swift in Sources */,
				1EF379092C986EE7001C5E39 /* OnboardingSubscriptionView.swift in Sources */,
				1EF3790A2C986EE7001C5E39 /* ImmersiveView.swift in Sources */,
				1EF3790B2C986EE7001C5E39 /* ActivityViewController.swift in Sources */,
				1EF3790C2C986EE7001C5E39 /* MapResultsView.swift in Sources */,
				1EF3790D2C986EE7001C5E39 /* SettingsView.swift in Sources */,
				1EF3790E2C986EE7001C5E39 /* SearchView.swift in Sources */,
				1EF3790F2C986EE7001C5E39 /* SearchCategoryView.swift in Sources */,
				1EF379102C986EE7001C5E39 /* SearchTasteView.swift in Sources */,
				1EF379112C986EE7001C5E39 /* SearchSavedView.swift in Sources */,
				1EF379122C986EE7001C5E39 /* NavigationLocationView.swift in Sources */,
				1EF379132C986EE7001C5E39 /* PlacesList.swift in Sources */,
				1EF379142C986EE7001C5E39 /* AddListItemView.swift in Sources */,
				1EF379152C986EE7001C5E39 /* PlaceView.swift in Sources */,
				1EF379162C986EE7001C5E39 /* PlaceAboutView.swift in Sources */,
				1EF379172C986EE7001C5E39 /* PlaceDescriptionView.swift in Sources */,
				1EF379182C986EE7001C5E39 /* PlaceDirectionsView.swift in Sources */,
				1EF3791A2C986EE7001C5E39 /* PlacePhotosView.swift in Sources */,
				1EF3791B2C986EE7001C5E39 /* PlaceTipsView.swift in Sources */,
			);
			runOnlyForDeploymentPostprocessing = 0;
		};
		1E095B042B778AF000147119 /* Sources */ = {
			isa = PBXSourcesBuildPhase;
			buildActionMask = 2147483647;
			files = (
				1E095B0D2B778AF000147119 /* Know_Maps_ProdTests.swift in Sources */,
			);
			runOnlyForDeploymentPostprocessing = 0;
		};
		1E095B0E2B778AF000147119 /* Sources */ = {
			isa = PBXSourcesBuildPhase;
			buildActionMask = 2147483647;
			files = (
				1E095B172B778AF000147119 /* Know_Maps_ProdUITests.swift in Sources */,
				1E095B192B778AF000147119 /* Know_Maps_ProdUITestsLaunchTests.swift in Sources */,
			);
			runOnlyForDeploymentPostprocessing = 0;
		};
/* End PBXSourcesBuildPhase section */

/* Begin PBXTargetDependency section */
		1E095B0A2B778AF000147119 /* PBXTargetDependency */ = {
			isa = PBXTargetDependency;
			target = 1E095AF72B778AEF00147119 /* Know Maps */;
			targetProxy = 1E095B092B778AF000147119 /* PBXContainerItemProxy */;
		};
		1E095B142B778AF000147119 /* PBXTargetDependency */ = {
			isa = PBXTargetDependency;
			target = 1E095AF72B778AEF00147119 /* Know Maps */;
			targetProxy = 1E095B132B778AF000147119 /* PBXContainerItemProxy */;
		};
/* End PBXTargetDependency section */

/* Begin XCBuildConfiguration section */
		1E095B1A2B778AF000147119 /* Debug */ = {
			isa = XCBuildConfiguration;
			buildSettings = {
				ASSETCATALOG_COMPILER_APPICON_NAME = AppIcon;
				"ASSETCATALOG_COMPILER_APPICON_NAME[sdk=macosx*]" = "AppIcon 1";
				ASSETCATALOG_COMPILER_GLOBAL_ACCENT_COLOR_NAME = AccentColor;
				ASSETCATALOG_COMPILER_INCLUDE_ALL_APPICON_ASSETS = NO;
				CODE_SIGN_ENTITLEMENTS = "Know Maps Prod/Know Maps ProdDebug.entitlements";
				"CODE_SIGN_IDENTITY[sdk=iphoneos*]" = "iPhone Developer";
				"CODE_SIGN_IDENTITY[sdk=macosx*]" = "Mac Developer";
				"CODE_SIGN_IDENTITY[sdk=xros*]" = "iPhone Developer";
				CODE_SIGN_STYLE = Manual;
				CURRENT_PROJECT_VERSION = 1;
				DEAD_CODE_STRIPPING = YES;
				DEVELOPMENT_ASSET_PATHS = "\"Know Maps Prod/Preview Content\"";
				DEVELOPMENT_TEAM = "";
				"DEVELOPMENT_TEAM[sdk=iphoneos*]" = 23264QUM9A;
				"DEVELOPMENT_TEAM[sdk=macosx*]" = 23264QUM9A;
				"DEVELOPMENT_TEAM[sdk=xros*]" = 23264QUM9A;
				ENABLE_HARDENED_RUNTIME = YES;
				ENABLE_PREVIEWS = YES;
				GENERATE_INFOPLIST_FILE = YES;
				INFOPLIST_KEY_CFBundleDisplayName = "Know Maps";
				INFOPLIST_KEY_LSApplicationCategoryType = "public.app-category.utilities";
				INFOPLIST_KEY_NSLocationWhenInUseUsageDescription = "Know Maps uses your location to find places around you";
				"INFOPLIST_KEY_UIApplicationSceneManifest_Generation[sdk=iphoneos*]" = YES;
				"INFOPLIST_KEY_UIApplicationSceneManifest_Generation[sdk=iphonesimulator*]" = YES;
				"INFOPLIST_KEY_UIApplicationSupportsIndirectInputEvents[sdk=iphoneos*]" = YES;
				"INFOPLIST_KEY_UIApplicationSupportsIndirectInputEvents[sdk=iphonesimulator*]" = YES;
				"INFOPLIST_KEY_UILaunchScreen_Generation[sdk=iphoneos*]" = YES;
				"INFOPLIST_KEY_UILaunchScreen_Generation[sdk=iphonesimulator*]" = YES;
				"INFOPLIST_KEY_UIStatusBarStyle[sdk=iphoneos*]" = UIStatusBarStyleDefault;
				"INFOPLIST_KEY_UIStatusBarStyle[sdk=iphonesimulator*]" = UIStatusBarStyleDefault;
				INFOPLIST_KEY_UISupportedInterfaceOrientations_iPad = "UIInterfaceOrientationPortrait UIInterfaceOrientationPortraitUpsideDown UIInterfaceOrientationLandscapeLeft UIInterfaceOrientationLandscapeRight";
				INFOPLIST_KEY_UISupportedInterfaceOrientations_iPhone = "UIInterfaceOrientationPortrait UIInterfaceOrientationLandscapeLeft UIInterfaceOrientationLandscapeRight";
				IPHONEOS_DEPLOYMENT_TARGET = 18.0;
				LD_RUNPATH_SEARCH_PATHS = "@executable_path/Frameworks";
				"LD_RUNPATH_SEARCH_PATHS[sdk=macosx*]" = "@executable_path/../Frameworks";
				MACOSX_DEPLOYMENT_TARGET = 15.0;
				MARKETING_VERSION = 1.0;
				PRODUCT_BUNDLE_IDENTIFIER = com.secretatomics.knowmaps;
				PRODUCT_NAME = "$(TARGET_NAME)";
				PROVISIONING_PROFILE_SPECIFIER = "";
				"PROVISIONING_PROFILE_SPECIFIER[sdk=iphoneos*]" = "Know Maps Development Profile";
				"PROVISIONING_PROFILE_SPECIFIER[sdk=macosx*]" = "Know Maps MacOS Development Profile";
				"PROVISIONING_PROFILE_SPECIFIER[sdk=xros*]" = "Know Maps Development Profile";
				SDKROOT = auto;
				SUPPORTED_PLATFORMS = "iphoneos iphonesimulator macosx xros xrsimulator";
				SUPPORTS_MACCATALYST = NO;
				SWIFT_EMIT_LOC_STRINGS = YES;
				SWIFT_VERSION = 5.0;
				TARGETED_DEVICE_FAMILY = "1,2,7";
				XROS_DEPLOYMENT_TARGET = 2.0;
			};
			name = Debug;
		};
		1E095B1B2B778AF000147119 /* Release */ = {
			isa = XCBuildConfiguration;
			buildSettings = {
				ASSETCATALOG_COMPILER_APPICON_NAME = AppIcon;
				"ASSETCATALOG_COMPILER_APPICON_NAME[sdk=macosx*]" = "AppIcon 1";
				ASSETCATALOG_COMPILER_GLOBAL_ACCENT_COLOR_NAME = AccentColor;
				ASSETCATALOG_COMPILER_INCLUDE_ALL_APPICON_ASSETS = NO;
				CODE_SIGN_ENTITLEMENTS = "Know Maps Prod/Know_Maps_Prod.entitlements";
				CODE_SIGN_IDENTITY = "Apple Development";
				"CODE_SIGN_IDENTITY[sdk=iphoneos*]" = "iPhone Developer";
				"CODE_SIGN_IDENTITY[sdk=macosx*]" = "Mac Developer";
				"CODE_SIGN_IDENTITY[sdk=xros*]" = "iPhone Developer";
				CODE_SIGN_STYLE = Manual;
				CURRENT_PROJECT_VERSION = 1;
				DEAD_CODE_STRIPPING = YES;
				DEVELOPMENT_ASSET_PATHS = "\"Know Maps Prod/Preview Content\"";
				DEVELOPMENT_TEAM = "";
				"DEVELOPMENT_TEAM[sdk=iphoneos*]" = 23264QUM9A;
				"DEVELOPMENT_TEAM[sdk=macosx*]" = 23264QUM9A;
				"DEVELOPMENT_TEAM[sdk=xros*]" = 23264QUM9A;
				ENABLE_HARDENED_RUNTIME = YES;
				ENABLE_PREVIEWS = YES;
				GENERATE_INFOPLIST_FILE = YES;
				INFOPLIST_KEY_CFBundleDisplayName = "Know Maps";
				INFOPLIST_KEY_LSApplicationCategoryType = "public.app-category.utilities";
				INFOPLIST_KEY_NSLocationWhenInUseUsageDescription = "Know Maps uses your location to find places around you";
				"INFOPLIST_KEY_UIApplicationSceneManifest_Generation[sdk=iphoneos*]" = YES;
				"INFOPLIST_KEY_UIApplicationSceneManifest_Generation[sdk=iphonesimulator*]" = YES;
				"INFOPLIST_KEY_UIApplicationSupportsIndirectInputEvents[sdk=iphoneos*]" = YES;
				"INFOPLIST_KEY_UIApplicationSupportsIndirectInputEvents[sdk=iphonesimulator*]" = YES;
				"INFOPLIST_KEY_UILaunchScreen_Generation[sdk=iphoneos*]" = YES;
				"INFOPLIST_KEY_UILaunchScreen_Generation[sdk=iphonesimulator*]" = YES;
				"INFOPLIST_KEY_UIStatusBarStyle[sdk=iphoneos*]" = UIStatusBarStyleDefault;
				"INFOPLIST_KEY_UIStatusBarStyle[sdk=iphonesimulator*]" = UIStatusBarStyleDefault;
				INFOPLIST_KEY_UISupportedInterfaceOrientations_iPad = "UIInterfaceOrientationPortrait UIInterfaceOrientationPortraitUpsideDown UIInterfaceOrientationLandscapeLeft UIInterfaceOrientationLandscapeRight";
				INFOPLIST_KEY_UISupportedInterfaceOrientations_iPhone = "UIInterfaceOrientationPortrait UIInterfaceOrientationLandscapeLeft UIInterfaceOrientationLandscapeRight";
				IPHONEOS_DEPLOYMENT_TARGET = 18.0;
				LD_RUNPATH_SEARCH_PATHS = "@executable_path/Frameworks";
				"LD_RUNPATH_SEARCH_PATHS[sdk=macosx*]" = "@executable_path/../Frameworks";
				MACOSX_DEPLOYMENT_TARGET = 15.0;
				MARKETING_VERSION = 1.0;
				PRODUCT_BUNDLE_IDENTIFIER = com.secretatomics.knowmaps;
				PRODUCT_NAME = "$(TARGET_NAME)";
				PROVISIONING_PROFILE_SPECIFIER = "";
				"PROVISIONING_PROFILE_SPECIFIER[sdk=iphoneos*]" = "Know Maps Development Profile";
				"PROVISIONING_PROFILE_SPECIFIER[sdk=macosx*]" = "Know Maps MacOS Development Profile";
				"PROVISIONING_PROFILE_SPECIFIER[sdk=xros*]" = "Know Maps Development Profile";
				SDKROOT = auto;
				SUPPORTED_PLATFORMS = "iphoneos iphonesimulator macosx xros xrsimulator";
				SUPPORTS_MACCATALYST = NO;
				SWIFT_EMIT_LOC_STRINGS = YES;
				SWIFT_VERSION = 5.0;
				TARGETED_DEVICE_FAMILY = "1,2,7";
				XROS_DEPLOYMENT_TARGET = 2.0;
			};
			name = Release;
		};
		1E095B1C2B778AF000147119 /* Debug */ = {
			isa = XCBuildConfiguration;
			buildSettings = {
				BUNDLE_LOADER = "$(TEST_HOST)";
				CODE_SIGN_STYLE = Automatic;
				CURRENT_PROJECT_VERSION = 1;
				DEAD_CODE_STRIPPING = YES;
				DEVELOPMENT_TEAM = FTMC23LTVL;
				GENERATE_INFOPLIST_FILE = YES;
				IPHONEOS_DEPLOYMENT_TARGET = 17.2;
				MACOSX_DEPLOYMENT_TARGET = 14.2;
				MARKETING_VERSION = 1.0;
				PRODUCT_BUNDLE_IDENTIFIER = "com.noisederived.Know-Maps-ProdTests";
				PRODUCT_NAME = "$(TARGET_NAME)";
				SDKROOT = auto;
				SUPPORTED_PLATFORMS = "iphoneos iphonesimulator macosx";
				SWIFT_EMIT_LOC_STRINGS = NO;
				SWIFT_VERSION = 5.0;
				TARGETED_DEVICE_FAMILY = "1,2";
				TEST_HOST = "$(BUILT_PRODUCTS_DIR)/Know Maps Prod.app/$(BUNDLE_EXECUTABLE_FOLDER_PATH)/Know Maps Prod";
			};
			name = Debug;
		};
		1E095B1D2B778AF000147119 /* Release */ = {
			isa = XCBuildConfiguration;
			buildSettings = {
				BUNDLE_LOADER = "$(TEST_HOST)";
				CODE_SIGN_STYLE = Automatic;
				CURRENT_PROJECT_VERSION = 1;
				DEAD_CODE_STRIPPING = YES;
				DEVELOPMENT_TEAM = FTMC23LTVL;
				GENERATE_INFOPLIST_FILE = YES;
				IPHONEOS_DEPLOYMENT_TARGET = 17.2;
				MACOSX_DEPLOYMENT_TARGET = 14.2;
				MARKETING_VERSION = 1.0;
				PRODUCT_BUNDLE_IDENTIFIER = "com.noisederived.Know-Maps-ProdTests";
				PRODUCT_NAME = "$(TARGET_NAME)";
				SDKROOT = auto;
				SUPPORTED_PLATFORMS = "iphoneos iphonesimulator macosx";
				SWIFT_EMIT_LOC_STRINGS = NO;
				SWIFT_VERSION = 5.0;
				TARGETED_DEVICE_FAMILY = "1,2";
				TEST_HOST = "$(BUILT_PRODUCTS_DIR)/Know Maps Prod.app/$(BUNDLE_EXECUTABLE_FOLDER_PATH)/Know Maps Prod";
			};
			name = Release;
		};
		1E095B1E2B778AF000147119 /* Debug */ = {
			isa = XCBuildConfiguration;
			buildSettings = {
				CODE_SIGN_STYLE = Automatic;
				CURRENT_PROJECT_VERSION = 1;
				DEAD_CODE_STRIPPING = YES;
				DEVELOPMENT_TEAM = FTMC23LTVL;
				GENERATE_INFOPLIST_FILE = YES;
				IPHONEOS_DEPLOYMENT_TARGET = 17.2;
				MACOSX_DEPLOYMENT_TARGET = 14.2;
				MARKETING_VERSION = 1.0;
				PRODUCT_BUNDLE_IDENTIFIER = "com.noisederived.Know-Maps-ProdUITests";
				PRODUCT_NAME = "$(TARGET_NAME)";
				SDKROOT = auto;
				SUPPORTED_PLATFORMS = "iphoneos iphonesimulator macosx";
				SWIFT_EMIT_LOC_STRINGS = NO;
				SWIFT_VERSION = 5.0;
				TARGETED_DEVICE_FAMILY = "1,2";
				TEST_TARGET_NAME = "Know Maps Prod";
			};
			name = Debug;
		};
		1E095B1F2B778AF000147119 /* Release */ = {
			isa = XCBuildConfiguration;
			buildSettings = {
				CODE_SIGN_STYLE = Automatic;
				CURRENT_PROJECT_VERSION = 1;
				DEAD_CODE_STRIPPING = YES;
				DEVELOPMENT_TEAM = FTMC23LTVL;
				GENERATE_INFOPLIST_FILE = YES;
				IPHONEOS_DEPLOYMENT_TARGET = 17.2;
				MACOSX_DEPLOYMENT_TARGET = 14.2;
				MARKETING_VERSION = 1.0;
				PRODUCT_BUNDLE_IDENTIFIER = "com.noisederived.Know-Maps-ProdUITests";
				PRODUCT_NAME = "$(TARGET_NAME)";
				SDKROOT = auto;
				SUPPORTED_PLATFORMS = "iphoneos iphonesimulator macosx";
				SWIFT_EMIT_LOC_STRINGS = NO;
				SWIFT_VERSION = 5.0;
				TARGETED_DEVICE_FAMILY = "1,2";
				TEST_TARGET_NAME = "Know Maps Prod";
			};
			name = Release;
		};
		1EA7F7622B03FA72002AE371 /* Debug */ = {
			isa = XCBuildConfiguration;
			buildSettings = {
				ALWAYS_SEARCH_USER_PATHS = NO;
				ASSETCATALOG_COMPILER_GENERATE_SWIFT_ASSET_SYMBOL_EXTENSIONS = YES;
				CLANG_ANALYZER_NONNULL = YES;
				CLANG_ANALYZER_NUMBER_OBJECT_CONVERSION = YES_AGGRESSIVE;
				CLANG_CXX_LANGUAGE_STANDARD = "gnu++20";
				CLANG_ENABLE_MODULES = YES;
				CLANG_ENABLE_OBJC_ARC = YES;
				CLANG_ENABLE_OBJC_WEAK = YES;
				CLANG_WARN_BLOCK_CAPTURE_AUTORELEASING = YES;
				CLANG_WARN_BOOL_CONVERSION = YES;
				CLANG_WARN_COMMA = YES;
				CLANG_WARN_CONSTANT_CONVERSION = YES;
				CLANG_WARN_DEPRECATED_OBJC_IMPLEMENTATIONS = YES;
				CLANG_WARN_DIRECT_OBJC_ISA_USAGE = YES_ERROR;
				CLANG_WARN_DOCUMENTATION_COMMENTS = YES;
				CLANG_WARN_EMPTY_BODY = YES;
				CLANG_WARN_ENUM_CONVERSION = YES;
				CLANG_WARN_INFINITE_RECURSION = YES;
				CLANG_WARN_INT_CONVERSION = YES;
				CLANG_WARN_NON_LITERAL_NULL_CONVERSION = YES;
				CLANG_WARN_OBJC_IMPLICIT_RETAIN_SELF = YES;
				CLANG_WARN_OBJC_LITERAL_CONVERSION = YES;
				CLANG_WARN_OBJC_ROOT_CLASS = YES_ERROR;
				CLANG_WARN_QUOTED_INCLUDE_IN_FRAMEWORK_HEADER = YES;
				CLANG_WARN_RANGE_LOOP_ANALYSIS = YES;
				CLANG_WARN_STRICT_PROTOTYPES = YES;
				CLANG_WARN_SUSPICIOUS_MOVE = YES;
				CLANG_WARN_UNGUARDED_AVAILABILITY = YES_AGGRESSIVE;
				CLANG_WARN_UNREACHABLE_CODE = YES;
				CLANG_WARN__DUPLICATE_METHOD_MATCH = YES;
				COPY_PHASE_STRIP = NO;
				DEBUG_INFORMATION_FORMAT = dwarf;
				ENABLE_STRICT_OBJC_MSGSEND = YES;
				ENABLE_TESTABILITY = YES;
				ENABLE_USER_SCRIPT_SANDBOXING = YES;
				GCC_C_LANGUAGE_STANDARD = gnu17;
				GCC_DYNAMIC_NO_PIC = NO;
				GCC_NO_COMMON_BLOCKS = YES;
				GCC_OPTIMIZATION_LEVEL = 0;
				GCC_PREPROCESSOR_DEFINITIONS = (
					"DEBUG=1",
					"$(inherited)",
				);
				GCC_WARN_64_TO_32_BIT_CONVERSION = YES;
				GCC_WARN_ABOUT_RETURN_TYPE = YES_ERROR;
				GCC_WARN_UNDECLARED_SELECTOR = YES;
				GCC_WARN_UNINITIALIZED_AUTOS = YES_AGGRESSIVE;
				GCC_WARN_UNUSED_FUNCTION = YES;
				GCC_WARN_UNUSED_VARIABLE = YES;
				LOCALIZATION_PREFERS_STRING_CATALOGS = YES;
				MTL_ENABLE_DEBUG_INFO = INCLUDE_SOURCE;
				MTL_FAST_MATH = YES;
				ONLY_ACTIVE_ARCH = YES;
				SDKROOT = xros;
				SWIFT_ACTIVE_COMPILATION_CONDITIONS = "DEBUG $(inherited)";
				SWIFT_OPTIMIZATION_LEVEL = "-Onone";
				XROS_DEPLOYMENT_TARGET = 1.0;
			};
			name = Debug;
		};
		1EA7F7632B03FA72002AE371 /* Release */ = {
			isa = XCBuildConfiguration;
			buildSettings = {
				ALWAYS_SEARCH_USER_PATHS = NO;
				ASSETCATALOG_COMPILER_GENERATE_SWIFT_ASSET_SYMBOL_EXTENSIONS = YES;
				CLANG_ANALYZER_NONNULL = YES;
				CLANG_ANALYZER_NUMBER_OBJECT_CONVERSION = YES_AGGRESSIVE;
				CLANG_CXX_LANGUAGE_STANDARD = "gnu++20";
				CLANG_ENABLE_MODULES = YES;
				CLANG_ENABLE_OBJC_ARC = YES;
				CLANG_ENABLE_OBJC_WEAK = YES;
				CLANG_WARN_BLOCK_CAPTURE_AUTORELEASING = YES;
				CLANG_WARN_BOOL_CONVERSION = YES;
				CLANG_WARN_COMMA = YES;
				CLANG_WARN_CONSTANT_CONVERSION = YES;
				CLANG_WARN_DEPRECATED_OBJC_IMPLEMENTATIONS = YES;
				CLANG_WARN_DIRECT_OBJC_ISA_USAGE = YES_ERROR;
				CLANG_WARN_DOCUMENTATION_COMMENTS = YES;
				CLANG_WARN_EMPTY_BODY = YES;
				CLANG_WARN_ENUM_CONVERSION = YES;
				CLANG_WARN_INFINITE_RECURSION = YES;
				CLANG_WARN_INT_CONVERSION = YES;
				CLANG_WARN_NON_LITERAL_NULL_CONVERSION = YES;
				CLANG_WARN_OBJC_IMPLICIT_RETAIN_SELF = YES;
				CLANG_WARN_OBJC_LITERAL_CONVERSION = YES;
				CLANG_WARN_OBJC_ROOT_CLASS = YES_ERROR;
				CLANG_WARN_QUOTED_INCLUDE_IN_FRAMEWORK_HEADER = YES;
				CLANG_WARN_RANGE_LOOP_ANALYSIS = YES;
				CLANG_WARN_STRICT_PROTOTYPES = YES;
				CLANG_WARN_SUSPICIOUS_MOVE = YES;
				CLANG_WARN_UNGUARDED_AVAILABILITY = YES_AGGRESSIVE;
				CLANG_WARN_UNREACHABLE_CODE = YES;
				CLANG_WARN__DUPLICATE_METHOD_MATCH = YES;
				COPY_PHASE_STRIP = NO;
				DEBUG_INFORMATION_FORMAT = "dwarf-with-dsym";
				ENABLE_NS_ASSERTIONS = NO;
				ENABLE_STRICT_OBJC_MSGSEND = YES;
				ENABLE_USER_SCRIPT_SANDBOXING = YES;
				GCC_C_LANGUAGE_STANDARD = gnu17;
				GCC_NO_COMMON_BLOCKS = YES;
				GCC_WARN_64_TO_32_BIT_CONVERSION = YES;
				GCC_WARN_ABOUT_RETURN_TYPE = YES_ERROR;
				GCC_WARN_UNDECLARED_SELECTOR = YES;
				GCC_WARN_UNINITIALIZED_AUTOS = YES_AGGRESSIVE;
				GCC_WARN_UNUSED_FUNCTION = YES;
				GCC_WARN_UNUSED_VARIABLE = YES;
				LOCALIZATION_PREFERS_STRING_CATALOGS = YES;
				MTL_ENABLE_DEBUG_INFO = NO;
				MTL_FAST_MATH = YES;
				SDKROOT = xros;
				SWIFT_COMPILATION_MODE = wholemodule;
				VALIDATE_PRODUCT = YES;
				XROS_DEPLOYMENT_TARGET = 1.0;
			};
			name = Release;
		};
/* End XCBuildConfiguration section */

/* Begin XCConfigurationList section */
		1E095B202B778AF000147119 /* Build configuration list for PBXNativeTarget "Know Maps" */ = {
			isa = XCConfigurationList;
			buildConfigurations = (
				1E095B1A2B778AF000147119 /* Debug */,
				1E095B1B2B778AF000147119 /* Release */,
			);
			defaultConfigurationIsVisible = 0;
			defaultConfigurationName = Release;
		};
		1E095B212B778AF000147119 /* Build configuration list for PBXNativeTarget "Know Maps ProdTests" */ = {
			isa = XCConfigurationList;
			buildConfigurations = (
				1E095B1C2B778AF000147119 /* Debug */,
				1E095B1D2B778AF000147119 /* Release */,
			);
			defaultConfigurationIsVisible = 0;
			defaultConfigurationName = Release;
		};
		1E095B222B778AF000147119 /* Build configuration list for PBXNativeTarget "Know Maps ProdUITests" */ = {
			isa = XCConfigurationList;
			buildConfigurations = (
				1E095B1E2B778AF000147119 /* Debug */,
				1E095B1F2B778AF000147119 /* Release */,
			);
			defaultConfigurationIsVisible = 0;
			defaultConfigurationName = Release;
		};
		1EA7F7402B03FA70002AE371 /* Build configuration list for PBXProject "Know Maps" */ = {
			isa = XCConfigurationList;
			buildConfigurations = (
				1EA7F7622B03FA72002AE371 /* Debug */,
				1EA7F7632B03FA72002AE371 /* Release */,
			);
			defaultConfigurationIsVisible = 0;
			defaultConfigurationName = Release;
		};
/* End XCConfigurationList section */

/* Begin XCRemoteSwiftPackageReference section */
		1E7DFC612B76B7B8005E061E /* XCRemoteSwiftPackageReference "purchases-ios" */ = {
			isa = XCRemoteSwiftPackageReference;
			repositoryURL = "https://github.com/RevenueCat/purchases-ios.git";
			requirement = {
				kind = upToNextMajorVersion;
				minimumVersion = 4.36.1;
			};
		};
		1E98C7CB2B18B5F400283E92 /* XCRemoteSwiftPackageReference "analytics-swift" */ = {
			isa = XCRemoteSwiftPackageReference;
			repositoryURL = "https://github.com/segmentio/analytics-swift";
			requirement = {
				kind = upToNextMajorVersion;
				minimumVersion = 1.5.0;
			};
		};
/* End XCRemoteSwiftPackageReference section */

/* Begin XCSwiftPackageProductDependency section */
		1E90396E2B8B5F1700C3BA42 /* Segment */ = {
			isa = XCSwiftPackageProductDependency;
			package = 1E98C7CB2B18B5F400283E92 /* XCRemoteSwiftPackageReference "analytics-swift" */;
			productName = Segment;
		};
		1E9039722B8B5F2100C3BA42 /* RevenueCat */ = {
			isa = XCSwiftPackageProductDependency;
			package = 1E7DFC612B76B7B8005E061E /* XCRemoteSwiftPackageReference "purchases-ios" */;
			productName = RevenueCat;
		};
		1E9039742B8B5F3B00C3BA42 /* RevenueCatUI */ = {
			isa = XCSwiftPackageProductDependency;
			package = 1E7DFC612B76B7B8005E061E /* XCRemoteSwiftPackageReference "purchases-ios" */;
			productName = RevenueCatUI;
		};
		1E9039762B8B5F4100C3BA42 /* ReceiptParser */ = {
			isa = XCSwiftPackageProductDependency;
			package = 1E7DFC612B76B7B8005E061E /* XCRemoteSwiftPackageReference "purchases-ios" */;
			productName = ReceiptParser;
		};
/* End XCSwiftPackageProductDependency section */
	};
	rootObject = 1EA7F73D2B03FA70002AE371 /* Project object */;
}
