// !$*UTF8*$!
{
	archiveVersion = 1;
	classes = {
	};
	objectVersion = 70;
	objects = {

/* Begin PBXBuildFile section */
		1E15EDF02EF96C59009384CA /* knowmaps.framework in Frameworks */ = {isa = PBXBuildFile; fileRef = 1E15EDE52EF96C59009384CA /* knowmaps.framework */; };
/* End PBXBuildFile section */

/* Begin PBXContainerItemProxy section */
		1E15EDF12EF96C59009384CA /* PBXContainerItemProxy */ = {
			isa = PBXContainerItemProxy;
			containerPortal = 1EA7F73D2B03FA70002AE371 /* Project object */;
			proxyType = 1;
			remoteGlobalIDString = 1E15EDE42EF96C59009384CA;
			remoteInfo = knowmaps;
		};
/* End PBXContainerItemProxy section */

/* Begin PBXFileReference section */
		1E007ACB2CB4089400A8DC5A /* CloudCacheManager.swift */ = {isa = PBXFileReference; lastKnownFileType = sourcecode.swift; path = CloudCacheManager.swift; sourceTree = "<group>"; };
		1E007ACD2CB40B1900A8DC5A /* SegmentAnalyticsService.swift */ = {isa = PBXFileReference; lastKnownFileType = sourcecode.swift; path = SegmentAnalyticsService.swift; sourceTree = "<group>"; };
		1E0112BE2EF2D0B600A94FCF /* FoursquareSectionClassifier.mlmodel */ = {isa = PBXFileReference; lastKnownFileType = file.mlmodel; name = FoursquareSectionClassifier.mlmodel; path = ML/FoursquareSectionClassifier.mlmodel; sourceTree = "<group>"; };
		1E0112C02EF2D11300A94FCF /* FoundationModelsIntentClassifier.swift */ = {isa = PBXFileReference; lastKnownFileType = sourcecode.swift; path = FoundationModelsIntentClassifier.swift; sourceTree = "<group>"; };
		1E095AFE2B778AF000147119 /* Assets.xcassets */ = {isa = PBXFileReference; lastKnownFileType = folder.assetcatalog; path = Assets.xcassets; sourceTree = "<group>"; };
		1E095B002B778AF000147119 /* Know_Maps_Prod.entitlements */ = {isa = PBXFileReference; lastKnownFileType = text.plist.entitlements; path = Know_Maps_Prod.entitlements; sourceTree = "<group>"; };
		1E095B022B778AF000147119 /* Preview Assets.xcassets */ = {isa = PBXFileReference; lastKnownFileType = folder.assetcatalog; path = "Preview Assets.xcassets"; sourceTree = "<group>"; };
		1E15EDE52EF96C59009384CA /* knowmaps.framework */ = {isa = PBXFileReference; explicitFileType = wrapper.framework; includeInIndex = 0; path = knowmaps.framework; sourceTree = BUILT_PRODUCTS_DIR; };
		1E15EDEF2EF96C59009384CA /* knowmapsTests.xctest */ = {isa = PBXFileReference; explicitFileType = wrapper.cfbundle; includeInIndex = 0; path = knowmapsTests.xctest; sourceTree = BUILT_PRODUCTS_DIR; };
		1E1E31102CC19E1B00A23434 /* Know-Maps-Info.plist */ = {isa = PBXFileReference; lastKnownFileType = text.plist; path = "Know-Maps-Info.plist"; sourceTree = "<group>"; };
		1E1F5E442B725D56008B6BAD /* OnboardingView.swift */ = {isa = PBXFileReference; lastKnownFileType = sourcecode.swift; path = OnboardingView.swift; sourceTree = "<group>"; };
		1E1F5E482B725FBB008B6BAD /* OnboardingSignInView.swift */ = {isa = PBXFileReference; lastKnownFileType = sourcecode.swift; path = OnboardingSignInView.swift; sourceTree = "<group>"; };
		1E1F5E502B726680008B6BAD /* OnboardingLocationView.swift */ = {isa = PBXFileReference; lastKnownFileType = sourcecode.swift; path = OnboardingLocationView.swift; sourceTree = "<group>"; };
		1E1F5E542B72694A008B6BAD /* OnboardingSubscriptionView.swift */ = {isa = PBXFileReference; lastKnownFileType = sourcecode.swift; path = OnboardingSubscriptionView.swift; sourceTree = "<group>"; };
		1E26C7B32B2C79150050EC6A /* NavigationLocationView.swift */ = {isa = PBXFileReference; lastKnownFileType = sourcecode.swift; path = NavigationLocationView.swift; sourceTree = "<group>"; };
		1E3FE00F2CB69FFC0020B3CB /* RecommendationData.swift */ = {isa = PBXFileReference; lastKnownFileType = sourcecode.swift; path = RecommendationData.swift; sourceTree = "<group>"; };
		1E3FE0112CB6C52C0020B3CB /* RecommenderService.swift */ = {isa = PBXFileReference; lastKnownFileType = sourcecode.swift; path = RecommenderService.swift; sourceTree = "<group>"; };
		1E3FE0132CB6C6B60020B3CB /* DefaultRecommenderService.swift */ = {isa = PBXFileReference; lastKnownFileType = sourcecode.swift; path = DefaultRecommenderService.swift; sourceTree = "<group>"; };
		1E3FE0152CB7F7B20020B3CB /* SavedListView.swift */ = {isa = PBXFileReference; lastKnownFileType = sourcecode.swift; path = SavedListView.swift; sourceTree = "<group>"; };
		1E3FE0542CB852000020B3CB /* AppShortcuts.swift */ = {isa = PBXFileReference; lastKnownFileType = sourcecode.swift; path = AppShortcuts.swift; sourceTree = "<group>"; };
		1E3FE0562CB854FD0020B3CB /* PersonalizedSearchSection.swift */ = {isa = PBXFileReference; lastKnownFileType = sourcecode.swift; path = PersonalizedSearchSection.swift; sourceTree = "<group>"; };
		1E583F7C2B1671F300B2EC26 /* AppleAuthenticationService.swift */ = {isa = PBXFileReference; lastKnownFileType = sourcecode.swift; path = AppleAuthenticationService.swift; sourceTree = "<group>"; };
		1E5894DA2EEF160500D6BB98 /* ResultIndexServiceV2.swift */ = {isa = PBXFileReference; lastKnownFileType = sourcecode.swift; path = ResultIndexServiceV2.swift; sourceTree = "<group>"; };
		1E5F4AF72EE2E3770077BA28 /* RatingButton.swift */ = {isa = PBXFileReference; lastKnownFileType = sourcecode.swift; path = RatingButton.swift; sourceTree = "<group>"; };
		1E5F4AFB2EE41EB90077BA28 /* FoursquareSectionClassifier.mlmodel */ = {isa = PBXFileReference; lastKnownFileType = file.mlmodel; path = FoursquareSectionClassifier.mlmodel; sourceTree = "<group>"; };
		1E601F5C2CB0512900E320D7 /* GoogleBannerView.swift */ = {isa = PBXFileReference; lastKnownFileType = sourcecode.swift; path = GoogleBannerView.swift; sourceTree = "<group>"; };
		1E630C832B1636E400A57CCB /* ActivityViewController.swift */ = {isa = PBXFileReference; lastKnownFileType = sourcecode.swift; path = ActivityViewController.swift; sourceTree = "<group>"; };
		1E630C852B16440100A57CCB /* CloudCacheService.swift */ = {isa = PBXFileReference; lastKnownFileType = sourcecode.swift; path = CloudCacheService.swift; sourceTree = "<group>"; };
		1E69444B2CB993C70017A81F /* FiltersView.swift */ = {isa = PBXFileReference; lastKnownFileType = sourcecode.swift; path = FiltersView.swift; sourceTree = "<group>"; };
		1E69444F2CBA73060017A81F /* AddPromptView.swift */ = {isa = PBXFileReference; lastKnownFileType = sourcecode.swift; path = AddPromptView.swift; sourceTree = "<group>"; };
		1E6944532CBA780A0017A81F /* AddCategoryView.swift */ = {isa = PBXFileReference; lastKnownFileType = sourcecode.swift; path = AddCategoryView.swift; sourceTree = "<group>"; };
		1E6944552CBA78330017A81F /* AddTasteView.swift */ = {isa = PBXFileReference; lastKnownFileType = sourcecode.swift; path = AddTasteView.swift; sourceTree = "<group>"; };
		1E6944572CBA78560017A81F /* AddPlaceView.swift */ = {isa = PBXFileReference; lastKnownFileType = sourcecode.swift; path = AddPlaceView.swift; sourceTree = "<group>"; };
		1E70B4C42B50103C00F1F9F5 /* SearchCategoryView.swift */ = {isa = PBXFileReference; lastKnownFileType = sourcecode.swift; path = SearchCategoryView.swift; sourceTree = "<group>"; };
		1E70B4D02B50120500F1F9F5 /* SearchTasteView.swift */ = {isa = PBXFileReference; lastKnownFileType = sourcecode.swift; path = SearchTasteView.swift; sourceTree = "<group>"; };
		1E7121342B60136200758259 /* PlaceDescriptionView.swift */ = {isa = PBXFileReference; lastKnownFileType = sourcecode.swift; path = PlaceDescriptionView.swift; sourceTree = "<group>"; };
		1E7121382B61472800758259 /* FeatureFlagsService.swift */ = {isa = PBXFileReference; lastKnownFileType = sourcecode.swift; path = FeatureFlagsService.swift; sourceTree = "<group>"; };
		1E71213C2B6160A500758259 /* RecommendedPlaceSearchRequest.swift */ = {isa = PBXFileReference; lastKnownFileType = sourcecode.swift; path = RecommendedPlaceSearchRequest.swift; sourceTree = "<group>"; };
		1E7121402B616C6400758259 /* RecommendedPlaceSearchResponse.swift */ = {isa = PBXFileReference; lastKnownFileType = sourcecode.swift; path = RecommendedPlaceSearchResponse.swift; sourceTree = "<group>"; };
		1E7D43542CB4271A00DC17FA /* SearchSavedViewModel.swift */ = {isa = PBXFileReference; lastKnownFileType = sourcecode.swift; path = SearchSavedViewModel.swift; sourceTree = "<group>"; };
		1E7D43562CB43E5200DC17FA /* PlaceAboutViewModel.swift */ = {isa = PBXFileReference; lastKnownFileType = sourcecode.swift; path = PlaceAboutViewModel.swift; sourceTree = "<group>"; };
		1E7D43582CB4658800DC17FA /* DefaultLocationService.swift */ = {isa = PBXFileReference; lastKnownFileType = sourcecode.swift; path = DefaultLocationService.swift; sourceTree = "<group>"; };
		1E7D435A2CB46C0100DC17FA /* DefaultPlaceSearchService.swift */ = {isa = PBXFileReference; lastKnownFileType = sourcecode.swift; path = DefaultPlaceSearchService.swift; sourceTree = "<group>"; };
		1E7D435C2CB5258E00DC17FA /* ModelController.swift */ = {isa = PBXFileReference; lastKnownFileType = sourcecode.swift; path = ModelController.swift; sourceTree = "<group>"; };
		1E7D43602CB525EE00DC17FA /* AnalyticsService.swift */ = {isa = PBXFileReference; lastKnownFileType = sourcecode.swift; path = AnalyticsService.swift; sourceTree = "<group>"; };
		1E8E5AFA2CA03D8600B37E6A /* SearchPlacesView.swift */ = {isa = PBXFileReference; lastKnownFileType = sourcecode.swift; path = SearchPlacesView.swift; sourceTree = "<group>"; };
		1E9039782B8B650C00C3BA42 /* Know Maps ProdDebug.entitlements */ = {isa = PBXFileReference; lastKnownFileType = text.plist.entitlements; path = "Know Maps ProdDebug.entitlements"; sourceTree = "<group>"; };
		1E91AA212CA83AAF00F63C3A /* SearchSectionView.swift */ = {isa = PBXFileReference; lastKnownFileType = sourcecode.swift; path = SearchSectionView.swift; sourceTree = "<group>"; };
		1E94783C2EDB78EE002F10E3 /* InputValidationServiceV2.swift */ = {isa = PBXFileReference; lastKnownFileType = sourcecode.swift; path = InputValidationServiceV2.swift; sourceTree = "<group>"; };
		1E94783E2EDB7917002F10E3 /* UnifiedSearchIntent.swift */ = {isa = PBXFileReference; lastKnownFileType = sourcecode.swift; path = UnifiedSearchIntent.swift; sourceTree = "<group>"; };
		1E9478422EDB7970002F10E3 /* VectorEmbeddingService.swift */ = {isa = PBXFileReference; lastKnownFileType = sourcecode.swift; path = VectorEmbeddingService.swift; sourceTree = "<group>"; };
		1E9478442EDB79C8002F10E3 /* DefaultInputValidationServiceV2.swift */ = {isa = PBXFileReference; lastKnownFileType = sourcecode.swift; path = DefaultInputValidationServiceV2.swift; sourceTree = "<group>"; };
		1E9478462EDB79D7002F10E3 /* DefaultResultIndexServiceV2.swift */ = {isa = PBXFileReference; lastKnownFileType = sourcecode.swift; path = DefaultResultIndexServiceV2.swift; sourceTree = "<group>"; };
		1E9478672EE1B221002F10E3 /* LocalMapsQueryTagger.mlpackage */ = {isa = PBXFileReference; lastKnownFileType = folder.mlpackage; path = LocalMapsQueryTagger.mlpackage; sourceTree = "<group>"; };
		1E9478692EE1BBEC002F10E3 /* RecommenderCategoryConvertible.swift */ = {isa = PBXFileReference; lastKnownFileType = sourcecode.swift; path = RecommenderCategoryConvertible.swift; sourceTree = "<group>"; };
		1E94786B2EE1BCB5002F10E3 /* EventCategoryResult.swift */ = {isa = PBXFileReference; lastKnownFileType = sourcecode.swift; path = EventCategoryResult.swift; sourceTree = "<group>"; };
		1E94786D2EE1BFFB002F10E3 /* ItemMetadata.swift */ = {isa = PBXFileReference; lastKnownFileType = sourcecode.swift; path = ItemMetadata.swift; sourceTree = "<group>"; };
		1E94786F2EE1C02D002F10E3 /* UserItemInteraction.swift */ = {isa = PBXFileReference; lastKnownFileType = sourcecode.swift; path = UserItemInteraction.swift; sourceTree = "<group>"; };
		1E9478712EE1C05E002F10E3 /* AdvancedRecommenderService.swift */ = {isa = PBXFileReference; lastKnownFileType = sourcecode.swift; path = AdvancedRecommenderService.swift; sourceTree = "<group>"; };
		1E9478732EE1C881002F10E3 /* MiniLM-L12-Embedding.mlpackage */ = {isa = PBXFileReference; lastKnownFileType = folder.mlpackage; path = "MiniLM-L12-Embedding.mlpackage"; sourceTree = "<group>"; };
		1E9478752EE1C937002F10E3 /* TextEmbeddingClient.swift */ = {isa = PBXFileReference; lastKnownFileType = sourcecode.swift; path = TextEmbeddingClient.swift; sourceTree = "<group>"; };
		1E9478772EE1CA35002F10E3 /* MiniLMTokenizer.swift */ = {isa = PBXFileReference; lastKnownFileType = sourcecode.swift; path = MiniLMTokenizer.swift; sourceTree = "<group>"; };
		1E94787B2EE1CCEB002F10E3 /* vocab.txt */ = {isa = PBXFileReference; lastKnownFileType = text; path = vocab.txt; sourceTree = "<group>"; };
		1E94787D2EE1D124002F10E3 /* HybridRecommenderModel.swift */ = {isa = PBXFileReference; lastKnownFileType = sourcecode.swift; path = HybridRecommenderModel.swift; sourceTree = "<group>"; };
		1E94787F2EE1DEB5002F10E3 /* MiniLMEmbeddingClient.swift */ = {isa = PBXFileReference; lastKnownFileType = sourcecode.swift; path = MiniLMEmbeddingClient.swift; sourceTree = "<group>"; };
		1E9478812EE1EF94002F10E3 /* EmbeddingCache.swift */ = {isa = PBXFileReference; lastKnownFileType = sourcecode.swift; path = EmbeddingCache.swift; sourceTree = "<group>"; };
		1E96EE992CB527490070BCDD /* Authentication.swift */ = {isa = PBXFileReference; lastKnownFileType = sourcecode.swift; path = Authentication.swift; sourceTree = "<group>"; };
		1E96EE9B2CB528380070BCDD /* CloudCache.swift */ = {isa = PBXFileReference; lastKnownFileType = sourcecode.swift; path = CloudCache.swift; sourceTree = "<group>"; };
		1E96EE9D2CB5288B0070BCDD /* LanguageGenerator.swift */ = {isa = PBXFileReference; lastKnownFileType = sourcecode.swift; path = LanguageGenerator.swift; sourceTree = "<group>"; };
		1E96EE9F2CB52A0C0070BCDD /* CacheManager.swift */ = {isa = PBXFileReference; lastKnownFileType = sourcecode.swift; path = CacheManager.swift; sourceTree = "<group>"; };
		1E98C7D02B18DC4100283E92 /* AssistiveChatHostStreamResponseDelegate.swift */ = {isa = PBXFileReference; lastKnownFileType = sourcecode.swift; path = AssistiveChatHostStreamResponseDelegate.swift; sourceTree = "<group>"; };
		1E98C7D22B18DC7400283E92 /* AssistiveChatHostIntent.swift */ = {isa = PBXFileReference; lastKnownFileType = sourcecode.swift; path = AssistiveChatHostIntent.swift; sourceTree = "<group>"; };
		1E98C7D42B18DC9600283E92 /* AssistiveChatHostMessagesDelegate.swift */ = {isa = PBXFileReference; lastKnownFileType = sourcecode.swift; path = AssistiveChatHostMessagesDelegate.swift; sourceTree = "<group>"; };
		1EA588CE2B065D8B006B1F8F /* AssistiveChatHost.swift */ = {isa = PBXFileReference; lastKnownFileType = sourcecode.swift; path = AssistiveChatHost.swift; sourceTree = "<group>"; };
		1EA588D22B09326E006B1F8F /* PlaceView.swift */ = {isa = PBXFileReference; lastKnownFileType = sourcecode.swift; path = PlaceView.swift; sourceTree = "<group>"; };
		1EA7F74C2B03FA71002AE371 /* Know_Maps.swift */ = {isa = PBXFileReference; lastKnownFileType = sourcecode.swift; path = Know_Maps.swift; sourceTree = "<group>"; };
		1EA7F74E2B03FA71002AE371 /* ContentView.swift */ = {isa = PBXFileReference; lastKnownFileType = sourcecode.swift; path = ContentView.swift; sourceTree = "<group>"; };
		1EA7F7502B03FA71002AE371 /* ImmersiveView.swift */ = {isa = PBXFileReference; lastKnownFileType = sourcecode.swift; path = ImmersiveView.swift; sourceTree = "<group>"; };
		1EA7F7572B03FA72002AE371 /* Info.plist */ = {isa = PBXFileReference; lastKnownFileType = text.plist.xml; path = Info.plist; sourceTree = "<group>"; };
		1EA7F76A2B04FF4D002AE371 /* MapResultsView.swift */ = {isa = PBXFileReference; lastKnownFileType = sourcecode.swift; path = MapResultsView.swift; sourceTree = "<group>"; };
		1EA7F76C2B04FFD9002AE371 /* SearchView.swift */ = {isa = PBXFileReference; lastKnownFileType = sourcecode.swift; path = SearchView.swift; sourceTree = "<group>"; };
		1EA7F7702B051BDE002AE371 /* PlacesList.swift */ = {isa = PBXFileReference; lastKnownFileType = sourcecode.swift; path = PlacesList.swift; sourceTree = "<group>"; };
		1EA7F7722B052D92002AE371 /* LanguageGeneratorRequest.swift */ = {isa = PBXFileReference; fileEncoding = 4; lastKnownFileType = sourcecode.swift; path = LanguageGeneratorRequest.swift; sourceTree = "<group>"; };
		1EA7F7732B052D92002AE371 /* PlacePhotoResponse.swift */ = {isa = PBXFileReference; fileEncoding = 4; lastKnownFileType = sourcecode.swift; path = PlacePhotoResponse.swift; sourceTree = "<group>"; };
		1EA7F7742B052D92002AE371 /* LanguageGeneratorSession.swift */ = {isa = PBXFileReference; fileEncoding = 4; lastKnownFileType = sourcecode.swift; path = LanguageGeneratorSession.swift; sourceTree = "<group>"; };
		1EA7F7752B052D92002AE371 /* PlaceSearchSession.swift */ = {isa = PBXFileReference; fileEncoding = 4; lastKnownFileType = sourcecode.swift; path = PlaceSearchSession.swift; sourceTree = "<group>"; };
		1EA7F7762B052D92002AE371 /* LanguageGeneratorService.swift */ = {isa = PBXFileReference; fileEncoding = 4; lastKnownFileType = sourcecode.swift; path = LanguageGeneratorService.swift; sourceTree = "<group>"; };
		1EA7F7772B052D92002AE371 /* PlaceDetailsRequest.swift */ = {isa = PBXFileReference; fileEncoding = 4; lastKnownFileType = sourcecode.swift; path = PlaceDetailsRequest.swift; sourceTree = "<group>"; };
		1EA7F7782B052D92002AE371 /* integrated_category_taxonomy.json */ = {isa = PBXFileReference; fileEncoding = 4; lastKnownFileType = text.json; path = integrated_category_taxonomy.json; sourceTree = "<group>"; };
		1EA7F7792B052D92002AE371 /* PlaceTipsResponse.swift */ = {isa = PBXFileReference; fileEncoding = 4; lastKnownFileType = sourcecode.swift; path = PlaceTipsResponse.swift; sourceTree = "<group>"; };
		1EA7F77A2B052D92002AE371 /* LocationProvider.swift */ = {isa = PBXFileReference; fileEncoding = 4; lastKnownFileType = sourcecode.swift; path = LocationProvider.swift; sourceTree = "<group>"; };
		1EA7F77C2B052D92002AE371 /* PlaceDetailsResponse.swift */ = {isa = PBXFileReference; fileEncoding = 4; lastKnownFileType = sourcecode.swift; path = PlaceDetailsResponse.swift; sourceTree = "<group>"; };
		1EA7F77E2B052D92002AE371 /* PlaceResponseFormatter.swift */ = {isa = PBXFileReference; fileEncoding = 4; lastKnownFileType = sourcecode.swift; path = PlaceResponseFormatter.swift; sourceTree = "<group>"; };
		1EA7F77F2B052D92002AE371 /* PlaceSearchResponse.swift */ = {isa = PBXFileReference; fileEncoding = 4; lastKnownFileType = sourcecode.swift; path = PlaceSearchResponse.swift; sourceTree = "<group>"; };
		1EA7F7802B052D92002AE371 /* PlaceSearchRequest.swift */ = {isa = PBXFileReference; fileEncoding = 4; lastKnownFileType = sourcecode.swift; path = PlaceSearchRequest.swift; sourceTree = "<group>"; };
		1EA7F7812B052D92002AE371 /* ChatResult.swift */ = {isa = PBXFileReference; fileEncoding = 4; lastKnownFileType = sourcecode.swift; path = ChatResult.swift; sourceTree = "<group>"; };
		1EA7F7822B052D92002AE371 /* ChatResultViewModel.swift */ = {isa = PBXFileReference; fileEncoding = 4; lastKnownFileType = sourcecode.swift; path = ChatResultViewModel.swift; sourceTree = "<group>"; };
		1EA7F7942B052DE4002AE371 /* AssistiveChatHostQueryParameters.swift */ = {isa = PBXFileReference; fileEncoding = 4; lastKnownFileType = sourcecode.swift; path = AssistiveChatHostQueryParameters.swift; sourceTree = "<group>"; };
		1EA7F7952B052DE4002AE371 /* AssistiveChatHostService.swift */ = {isa = PBXFileReference; fileEncoding = 4; lastKnownFileType = sourcecode.swift; path = AssistiveChatHostService.swift; sourceTree = "<group>"; };
		1EA7F7982B052E0C002AE371 /* LocalMapsQueryClassifier.mlmodel */ = {isa = PBXFileReference; lastKnownFileType = file.mlmodel; path = LocalMapsQueryClassifier.mlmodel; sourceTree = "<group>"; };
		1EB4EE862B4EC072003AD112 /* PersonalizedSearchSession.swift */ = {isa = PBXFileReference; lastKnownFileType = sourcecode.swift; path = PersonalizedSearchSession.swift; sourceTree = "<group>"; };
		1EC83C8D2EA7E67700212057 /* ConfiguredSearchSession.swift */ = {isa = PBXFileReference; lastKnownFileType = sourcecode.swift; path = ConfiguredSearchSession.swift; sourceTree = "<group>"; };
		1EDF93C52CB52CC200FDCFDF /* LocationService.swift */ = {isa = PBXFileReference; lastKnownFileType = sourcecode.swift; path = LocationService.swift; sourceTree = "<group>"; };
		1EDF93C92CB52DC100FDCFDF /* FeatureFlag.swift */ = {isa = PBXFileReference; lastKnownFileType = sourcecode.swift; path = FeatureFlag.swift; sourceTree = "<group>"; };
		1EDF93CB2CB52E5900FDCFDF /* PlaceSearchService.swift */ = {isa = PBXFileReference; lastKnownFileType = sourcecode.swift; path = PlaceSearchService.swift; sourceTree = "<group>"; };
		1EDF93CE2CB52F1600FDCFDF /* DefaultModelController.swift */ = {isa = PBXFileReference; lastKnownFileType = sourcecode.swift; path = DefaultModelController.swift; sourceTree = "<group>"; };
		1EE068852B0CE74C0016851A /* PlaceAboutView.swift */ = {isa = PBXFileReference; lastKnownFileType = sourcecode.swift; path = PlaceAboutView.swift; sourceTree = "<group>"; };
		1EE068872B0D1ADB0016851A /* SettingsView.swift */ = {isa = PBXFileReference; lastKnownFileType = sourcecode.swift; path = SettingsView.swift; sourceTree = "<group>"; };
		1EE068892B0D1E2B0016851A /* PlaceDirectionsView.swift */ = {isa = PBXFileReference; lastKnownFileType = sourcecode.swift; path = PlaceDirectionsView.swift; sourceTree = "<group>"; };
		1EE0688B2B0D1E930016851A /* PlacePhotosView.swift */ = {isa = PBXFileReference; lastKnownFileType = sourcecode.swift; path = PlacePhotosView.swift; sourceTree = "<group>"; };
		1EE0688D2B0D1EB40016851A /* PlaceTipsView.swift */ = {isa = PBXFileReference; lastKnownFileType = sourcecode.swift; path = PlaceTipsView.swift; sourceTree = "<group>"; };
		1EE0688F2B0E57AD0016851A /* CategoryResult.swift */ = {isa = PBXFileReference; lastKnownFileType = sourcecode.swift; path = CategoryResult.swift; sourceTree = "<group>"; };
		1EE068912B0FBADE0016851A /* ChatRouteResult.swift */ = {isa = PBXFileReference; lastKnownFileType = sourcecode.swift; path = ChatRouteResult.swift; sourceTree = "<group>"; };
		1EE068932B100CE30016851A /* PlaceDirectionsViewModel.swift */ = {isa = PBXFileReference; lastKnownFileType = sourcecode.swift; path = PlaceDirectionsViewModel.swift; sourceTree = "<group>"; };
		1EE068972B121F710016851A /* LocationResult.swift */ = {isa = PBXFileReference; lastKnownFileType = sourcecode.swift; path = LocationResult.swift; sourceTree = "<group>"; };
		1EEC48182B45A4B300248D69 /* UserCachedRecord.swift */ = {isa = PBXFileReference; lastKnownFileType = sourcecode.swift; path = UserCachedRecord.swift; sourceTree = "<group>"; };
		1EFFBA9D2E8278020088882B /* generating_loop_0.wav */ = {isa = PBXFileReference; lastKnownFileType = audio.wav; path = generating_loop_0.wav; sourceTree = "<group>"; };
		1EFFBA9E2E8278020088882B /* generating_loop_1.wav */ = {isa = PBXFileReference; lastKnownFileType = audio.wav; path = generating_loop_1.wav; sourceTree = "<group>"; };
		1EFFBA9F2E8278020088882B /* generating_loop_2.wav */ = {isa = PBXFileReference; lastKnownFileType = audio.wav; path = generating_loop_2.wav; sourceTree = "<group>"; };
		1EFFBAA02E8278020088882B /* generating_loop_3.wav */ = {isa = PBXFileReference; lastKnownFileType = audio.wav; path = generating_loop_3.wav; sourceTree = "<group>"; };
		1EFFBAA12E8278020088882B /* generating_loop_4.wav */ = {isa = PBXFileReference; lastKnownFileType = audio.wav; path = generating_loop_4.wav; sourceTree = "<group>"; };
		1EFFBAA22E8278020088882B /* PLAY_fixed.wav */ = {isa = PBXFileReference; lastKnownFileType = audio.wav; path = PLAY_fixed.wav; sourceTree = "<group>"; };
		1EFFBAA32E8278020088882B /* THINKING.wav */ = {isa = PBXFileReference; lastKnownFileType = audio.wav; path = THINKING.wav; sourceTree = "<group>"; };
/* End PBXFileReference section */

/* Begin PBXFileSystemSynchronizedRootGroup section */
		1E15EDE62EF96C59009384CA /* knowmaps */ = {isa = PBXFileSystemSynchronizedRootGroup; explicitFileTypes = {}; explicitFolders = (); path = knowmaps; sourceTree = "<group>"; };
		1E15EDF52EF96C59009384CA /* knowmapsTests */ = {isa = PBXFileSystemSynchronizedRootGroup; explicitFileTypes = {}; explicitFolders = (); path = knowmapsTests; sourceTree = "<group>"; };
/* End PBXFileSystemSynchronizedRootGroup section */

/* Begin PBXFrameworksBuildPhase section */
		1E15EDE22EF96C59009384CA /* Frameworks */ = {
			isa = PBXFrameworksBuildPhase;
			buildActionMask = 2147483647;
			files = (
			);
			runOnlyForDeploymentPostprocessing = 0;
		};
		1E15EDEC2EF96C59009384CA /* Frameworks */ = {
			isa = PBXFrameworksBuildPhase;
			buildActionMask = 2147483647;
			files = (
				1E15EDF02EF96C59009384CA /* knowmaps.framework in Frameworks */,
			);
			runOnlyForDeploymentPostprocessing = 0;
		};
/* End PBXFrameworksBuildPhase section */

/* Begin PBXGroup section */
		1E095AF92B778AEF00147119 /* Know Maps Prod */ = {
			isa = PBXGroup;
			children = (
				1E9039782B8B650C00C3BA42 /* Know Maps ProdDebug.entitlements */,
				1E095B002B778AF000147119 /* Know_Maps_Prod.entitlements */,
				1EA7F74C2B03FA71002AE371 /* Know_Maps.swift */,
				1EA7F76F2B050610002AE371 /* Model */,
				1EA7F76E2B050065002AE371 /* View */,
				1EA7F7572B03FA72002AE371 /* Info.plist */,
				1E095AFE2B778AF000147119 /* Assets.xcassets */,
				1E095B012B778AF000147119 /* Preview Content */,
			);
			path = "Know Maps Prod";
			sourceTree = "<group>";
		};
		1E095B012B778AF000147119 /* Preview Content */ = {
			isa = PBXGroup;
			children = (
				1E095B022B778AF000147119 /* Preview Assets.xcassets */,
			);
			path = "Preview Content";
			sourceTree = "<group>";
		};
		1E98C7D82B18E0A100283E92 /* Models */ = {
			isa = PBXGroup;
			children = (
				1E0112C02EF2D11300A94FCF /* FoundationModelsIntentClassifier.swift */,
				1E9478812EE1EF94002F10E3 /* EmbeddingCache.swift */,
				1E94787B2EE1CCEB002F10E3 /* vocab.txt */,
				1E94786F2EE1C02D002F10E3 /* UserItemInteraction.swift */,
				1E94786D2EE1BFFB002F10E3 /* ItemMetadata.swift */,
				1E94786B2EE1BCB5002F10E3 /* EventCategoryResult.swift */,
				1E98C7D22B18DC7400283E92 /* AssistiveChatHostIntent.swift */,
				1EA7F7942B052DE4002AE371 /* AssistiveChatHostQueryParameters.swift */,
				1EE0688F2B0E57AD0016851A /* CategoryResult.swift */,
				1EA7F7812B052D92002AE371 /* ChatResult.swift */,
				1EE068912B0FBADE0016851A /* ChatRouteResult.swift */,
				1EA7F7722B052D92002AE371 /* LanguageGeneratorRequest.swift */,
				1EE068972B121F710016851A /* LocationResult.swift */,
				1E3FE0562CB854FD0020B3CB /* PersonalizedSearchSection.swift */,
				1EA7F7772B052D92002AE371 /* PlaceDetailsRequest.swift */,
				1EA7F77C2B052D92002AE371 /* PlaceDetailsResponse.swift */,
				1EA7F7732B052D92002AE371 /* PlacePhotoResponse.swift */,
				1EA7F7802B052D92002AE371 /* PlaceSearchRequest.swift */,
				1EA7F77F2B052D92002AE371 /* PlaceSearchResponse.swift */,
				1EA7F7792B052D92002AE371 /* PlaceTipsResponse.swift */,
				1EA7F77E2B052D92002AE371 /* PlaceResponseFormatter.swift */,
				1E3FE00F2CB69FFC0020B3CB /* RecommendationData.swift */,
				1E71213C2B6160A500758259 /* RecommendedPlaceSearchRequest.swift */,
				1E7121402B616C6400758259 /* RecommendedPlaceSearchResponse.swift */,
				1EEC48182B45A4B300248D69 /* UserCachedRecord.swift */,
				1E94783E2EDB7917002F10E3 /* UnifiedSearchIntent.swift */,
				1EC83C8D2EA7E67700212057 /* ConfiguredSearchSession.swift */,
				1E9478422EDB7970002F10E3 /* VectorEmbeddingService.swift */,
			);
			path = Models;
			sourceTree = "<group>";
		};
		1E98C7D92B18E11200283E92 /* ViewModels */ = {
			isa = PBXGroup;
			children = (
				1E7D43562CB43E5200DC17FA /* PlaceAboutViewModel.swift */,
				1E7D43542CB4271A00DC17FA /* SearchSavedViewModel.swift */,
				1EA7F7822B052D92002AE371 /* ChatResultViewModel.swift */,
				1EE068932B100CE30016851A /* PlaceDirectionsViewModel.swift */,
			);
			path = ViewModels;
			sourceTree = "<group>";
		};
		1E98C7DA2B18E15600283E92 /* Controllers */ = {
			isa = PBXGroup;
			children = (
				1E5F4AFB2EE41EB90077BA28 /* FoursquareSectionClassifier.mlmodel */,
				1E94787D2EE1D124002F10E3 /* HybridRecommenderModel.swift */,
				1E9478772EE1CA35002F10E3 /* MiniLMTokenizer.swift */,
				1E94787F2EE1DEB5002F10E3 /* MiniLMEmbeddingClient.swift */,
				1E9478752EE1C937002F10E3 /* TextEmbeddingClient.swift */,
				1E9478712EE1C05E002F10E3 /* AdvancedRecommenderService.swift */,
				1E583F7C2B1671F300B2EC26 /* AppleAuthenticationService.swift */,
				1E3FE0542CB852000020B3CB /* AppShortcuts.swift */,
				1EA7F7952B052DE4002AE371 /* AssistiveChatHostService.swift */,
				1E007ACB2CB4089400A8DC5A /* CloudCacheManager.swift */,
				1E7D43582CB4658800DC17FA /* DefaultLocationService.swift */,
				1E9478442EDB79C8002F10E3 /* DefaultInputValidationServiceV2.swift */,
				1EDF93CE2CB52F1600FDCFDF /* DefaultModelController.swift */,
				1E7D435A2CB46C0100DC17FA /* DefaultPlaceSearchService.swift */,
				1E7121382B61472800758259 /* FeatureFlagsService.swift */,
				1EA7F7782B052D92002AE371 /* integrated_category_taxonomy.json */,
				1EA7F7762B052D92002AE371 /* LanguageGeneratorService.swift */,
				1EA7F77A2B052D92002AE371 /* LocationProvider.swift */,
				1EA7F7982B052E0C002AE371 /* LocalMapsQueryClassifier.mlmodel */,
				1E9478672EE1B221002F10E3 /* LocalMapsQueryTagger.mlpackage */,
				1E9478732EE1C881002F10E3 /* MiniLM-L12-Embedding.mlpackage */,
				1E3FE0132CB6C6B60020B3CB /* DefaultRecommenderService.swift */,
				1E9478462EDB79D7002F10E3 /* DefaultResultIndexServiceV2.swift */,
				1E007ACD2CB40B1900A8DC5A /* SegmentAnalyticsService.swift */,
			);
			path = Controllers;
			sourceTree = "<group>";
		};
		1EA588CD2B065D5F006B1F8F /* Protocols */ = {
			isa = PBXGroup;
			children = (
				1E9478692EE1BBEC002F10E3 /* RecommenderCategoryConvertible.swift */,
				1E94783C2EDB78EE002F10E3 /* InputValidationServiceV2.swift */,
				1E3FE0112CB6C52C0020B3CB /* RecommenderService.swift */,
				1E96EE992CB527490070BCDD /* Authentication.swift */,
				1E7D43602CB525EE00DC17FA /* AnalyticsService.swift */,
				1EA588CE2B065D8B006B1F8F /* AssistiveChatHost.swift */,
				1E98C7D02B18DC4100283E92 /* AssistiveChatHostStreamResponseDelegate.swift */,
				1E98C7D42B18DC9600283E92 /* AssistiveChatHostMessagesDelegate.swift */,
				1E96EE9F2CB52A0C0070BCDD /* CacheManager.swift */,
				1E96EE9B2CB528380070BCDD /* CloudCache.swift */,
				1EDF93C92CB52DC100FDCFDF /* FeatureFlag.swift */,
				1E96EE9D2CB5288B0070BCDD /* LanguageGenerator.swift */,
				1EDF93C52CB52CC200FDCFDF /* LocationService.swift */,
				1E7D435C2CB5258E00DC17FA /* ModelController.swift */,
				1EDF93CB2CB52E5900FDCFDF /* PlaceSearchService.swift */,
				1E5894DA2EEF160500D6BB98 /* ResultIndexServiceV2.swift */,
			);
			path = Protocols;
			sourceTree = "<group>";
		};
		1EA7F73C2B03FA70002AE371 = {
			isa = PBXGroup;
			children = (
				1E1E31102CC19E1B00A23434 /* Know-Maps-Info.plist */,
				1E095AF92B778AEF00147119 /* Know Maps Prod */,
				1E15EDE62EF96C59009384CA /* knowmaps */,
				1E15EDF52EF96C59009384CA /* knowmapsTests */,
				1EA7F7462B03FA70002AE371 /* Products */,
			);
			sourceTree = "<group>";
		};
		1EA7F7462B03FA70002AE371 /* Products */ = {
			isa = PBXGroup;
			children = (
				1E15EDE52EF96C59009384CA /* knowmaps.framework */,
				1E15EDEF2EF96C59009384CA /* knowmapsTests.xctest */,
			);
			name = Products;
			sourceTree = "<group>";
		};
		1EA7F76E2B050065002AE371 /* View */ = {
			isa = PBXGroup;
			children = (
				1E630C832B1636E400A57CCB /* ActivityViewController.swift */,
				1E6944532CBA780A0017A81F /* AddCategoryView.swift */,
				1E6944572CBA78560017A81F /* AddPlaceView.swift */,
				1E69444F2CBA73060017A81F /* AddPromptView.swift */,
				1E6944552CBA78330017A81F /* AddTasteView.swift */,
				1EA7F74E2B03FA71002AE371 /* ContentView.swift */,
				1E69444B2CB993C70017A81F /* FiltersView.swift */,
				1EA7F7502B03FA71002AE371 /* ImmersiveView.swift */,
				1E601F5C2CB0512900E320D7 /* GoogleBannerView.swift */,
				1EA7F76A2B04FF4D002AE371 /* MapResultsView.swift */,
				1E26C7B32B2C79150050EC6A /* NavigationLocationView.swift */,
				1E1F5E442B725D56008B6BAD /* OnboardingView.swift */,
				1E1F5E502B726680008B6BAD /* OnboardingLocationView.swift */,
				1E1F5E482B725FBB008B6BAD /* OnboardingSignInView.swift */,
				1E1F5E542B72694A008B6BAD /* OnboardingSubscriptionView.swift */,
				1EA7F7702B051BDE002AE371 /* PlacesList.swift */,
				1EA588D22B09326E006B1F8F /* PlaceView.swift */,
				1EE068852B0CE74C0016851A /* PlaceAboutView.swift */,
				1E7121342B60136200758259 /* PlaceDescriptionView.swift */,
				1EE068892B0D1E2B0016851A /* PlaceDirectionsView.swift */,
				1EE0688B2B0D1E930016851A /* PlacePhotosView.swift */,
				1EE0688D2B0D1EB40016851A /* PlaceTipsView.swift */,
				1E5F4AF72EE2E3770077BA28 /* RatingButton.swift */,
				1E3FE0152CB7F7B20020B3CB /* SavedListView.swift */,
				1EE068872B0D1ADB0016851A /* SettingsView.swift */,
				1EA7F76C2B04FFD9002AE371 /* SearchView.swift */,
				1E91AA212CA83AAF00F63C3A /* SearchSectionView.swift */,
				1E70B4C42B50103C00F1F9F5 /* SearchCategoryView.swift */,
				1E70B4D02B50120500F1F9F5 /* SearchTasteView.swift */,
				1E8E5AFA2CA03D8600B37E6A /* SearchPlacesView.swift */,
			);
			path = View;
			sourceTree = "<group>";
		};
		1EA7F76F2B050610002AE371 /* Model */ = {
			isa = PBXGroup;
			children = (
				1EFFBAA42E8278020088882B /* Audio */,
				1EDF93CD2CB52E9800FDCFDF /* Network */,
				1E98C7DA2B18E15600283E92 /* Controllers */,
				1E98C7D92B18E11200283E92 /* ViewModels */,
				1E98C7D82B18E0A100283E92 /* Models */,
				1EA588CD2B065D5F006B1F8F /* Protocols */,
				A513DA3C9390CF09595D23C3 /* ML */,
			);
			path = Model;
			sourceTree = "<group>";
		};
		1EDF93CD2CB52E9800FDCFDF /* Network */ = {
			isa = PBXGroup;
			children = (
				1EA7F7742B052D92002AE371 /* LanguageGeneratorSession.swift */,
				1EA7F7752B052D92002AE371 /* PlaceSearchSession.swift */,
				1EB4EE862B4EC072003AD112 /* PersonalizedSearchSession.swift */,
				1E630C852B16440100A57CCB /* CloudCacheService.swift */,
			);
			path = Network;
			sourceTree = "<group>";
		};
		1EFFBAA42E8278020088882B /* Audio */ = {
			isa = PBXGroup;
			children = (
				1EFFBA9D2E8278020088882B /* generating_loop_0.wav */,
				1EFFBA9E2E8278020088882B /* generating_loop_1.wav */,
				1EFFBA9F2E8278020088882B /* generating_loop_2.wav */,
				1EFFBAA02E8278020088882B /* generating_loop_3.wav */,
				1EFFBAA12E8278020088882B /* generating_loop_4.wav */,
				1EFFBAA22E8278020088882B /* PLAY_fixed.wav */,
				1EFFBAA32E8278020088882B /* THINKING.wav */,
			);
			path = Audio;
			sourceTree = "<group>";
		};
		A513DA3C9390CF09595D23C3 /* ML */ = {
			isa = PBXGroup;
			children = (
				1E0112BE2EF2D0B600A94FCF /* FoursquareSectionClassifier.mlmodel */,
			);
			name = ML;
			sourceTree = "<group>";
		};
/* End PBXGroup section */

/* Begin PBXHeadersBuildPhase section */
		1E15EDE02EF96C59009384CA /* Headers */ = {
			isa = PBXHeadersBuildPhase;
			buildActionMask = 2147483647;
			files = (
			);
			runOnlyForDeploymentPostprocessing = 0;
		};
/* End PBXHeadersBuildPhase section */

/* Begin PBXNativeTarget section */
		1E15EDE42EF96C59009384CA /* knowmaps */ = {
			isa = PBXNativeTarget;
			buildConfigurationList = 1E15EDFC2EF96C59009384CA /* Build configuration list for PBXNativeTarget "knowmaps" */;
			buildPhases = (
				1E15EDE02EF96C59009384CA /* Headers */,
				1E15EDE12EF96C59009384CA /* Sources */,
				1E15EDE22EF96C59009384CA /* Frameworks */,
				1E15EDE32EF96C59009384CA /* Resources */,
			);
			buildRules = (
			);
			dependencies = (
			);
			fileSystemSynchronizedGroups = (
				1E15EDE62EF96C59009384CA /* knowmaps */,
			);
			name = knowmaps;
			packageProductDependencies = (
			);
			productName = knowmaps;
			productReference = 1E15EDE52EF96C59009384CA /* knowmaps.framework */;
			productType = "com.apple.product-type.framework";
		};
		1E15EDEE2EF96C59009384CA /* knowmapsTests */ = {
			isa = PBXNativeTarget;
			buildConfigurationList = 1E15EE002EF96C59009384CA /* Build configuration list for PBXNativeTarget "knowmapsTests" */;
			buildPhases = (
				1E15EDEB2EF96C59009384CA /* Sources */,
				1E15EDEC2EF96C59009384CA /* Frameworks */,
				1E15EDED2EF96C59009384CA /* Resources */,
			);
			buildRules = (
			);
			dependencies = (
				1E15EDF22EF96C59009384CA /* PBXTargetDependency */,
			);
			fileSystemSynchronizedGroups = (
				1E15EDF52EF96C59009384CA /* knowmapsTests */,
			);
			name = knowmapsTests;
			packageProductDependencies = (
			);
			productName = knowmapsTests;
			productReference = 1E15EDEF2EF96C59009384CA /* knowmapsTests.xctest */;
			productType = "com.apple.product-type.bundle.unit-test";
		};
/* End PBXNativeTarget section */

/* Begin PBXProject section */
		1EA7F73D2B03FA70002AE371 /* Project object */ = {
			isa = PBXProject;
			attributes = {
				BuildIndependentTargetsInParallel = 1;
				KnownAssetTags = (
					New,
					"New-1",
				);
				LastSwiftUpdateCheck = 2620;
				LastUpgradeCheck = 2620;
				TargetAttributes = {
					1E15EDE42EF96C59009384CA = {
						CreatedOnToolsVersion = 26.2;
					};
					1E15EDEE2EF96C59009384CA = {
						CreatedOnToolsVersion = 26.2;
						TestTargetID = 1E095AF72B778AEF00147119;
					};
				};
			};
			buildConfigurationList = 1EA7F7402B03FA70002AE371 /* Build configuration list for PBXProject "Know Maps" */;
			compatibilityVersion = "Xcode 14.0";
			developmentRegion = en;
			hasScannedForEncodings = 0;
			knownRegions = (
				en,
				Base,
			);
			mainGroup = 1EA7F73C2B03FA70002AE371;
			packageReferences = (
				1E213E152CAD81F600B93697 /* XCRemoteSwiftPackageReference "analytics-swift" */,
				1E1E310B2CC1954F00A23434 /* XCRemoteSwiftPackageReference "Nuke" */,
				1EFFBB2C2E83EAA90088882B /* XCRemoteSwiftPackageReference "supabase-swift" */,
			);
			productRefGroup = 1EA7F7462B03FA70002AE371 /* Products */;
			projectDirPath = "";
			projectRoot = "";
			targets = (
				1E15EDE42EF96C59009384CA /* knowmaps */,
				1E15EDEE2EF96C59009384CA /* knowmapsTests */,
			);
		};
/* End PBXProject section */

/* Begin PBXResourcesBuildPhase section */
		1E15EDE32EF96C59009384CA /* Resources */ = {
			isa = PBXResourcesBuildPhase;
			buildActionMask = 2147483647;
			files = (
			);
			runOnlyForDeploymentPostprocessing = 0;
		};
		1E15EDED2EF96C59009384CA /* Resources */ = {
			isa = PBXResourcesBuildPhase;
			buildActionMask = 2147483647;
			files = (
			);
			runOnlyForDeploymentPostprocessing = 0;
		};
/* End PBXResourcesBuildPhase section */

/* Begin PBXSourcesBuildPhase section */
		1E15EDE12EF96C59009384CA /* Sources */ = {
			isa = PBXSourcesBuildPhase;
			buildActionMask = 2147483647;
			files = (
			);
			runOnlyForDeploymentPostprocessing = 0;
		};
		1E15EDEB2EF96C59009384CA /* Sources */ = {
			isa = PBXSourcesBuildPhase;
			buildActionMask = 2147483647;
			files = (
			);
			runOnlyForDeploymentPostprocessing = 0;
		};
/* End PBXSourcesBuildPhase section */

/* Begin PBXTargetDependency section */
		1E15EDF22EF96C59009384CA /* PBXTargetDependency */ = {
			isa = PBXTargetDependency;
			target = 1E15EDE42EF96C59009384CA /* knowmaps */;
			targetProxy = 1E15EDF12EF96C59009384CA /* PBXContainerItemProxy */;
		};
/* End PBXTargetDependency section */

/* Begin XCBuildConfiguration section */
		1E15EDFD2EF96C59009384CA /* Debug */ = {
			isa = XCBuildConfiguration;
			buildSettings = {
				ALLOW_TARGET_PLATFORM_SPECIALIZATION = YES;
				BUILD_LIBRARY_FOR_DISTRIBUTION = YES;
				CODE_SIGN_IDENTITY = "";
				CODE_SIGN_STYLE = Automatic;
				CURRENT_PROJECT_VERSION = 1;
				DEAD_CODE_STRIPPING = YES;
				DYLIB_COMPATIBILITY_VERSION = 1;
				DYLIB_CURRENT_VERSION = 1;
				DYLIB_INSTALL_NAME_BASE = "@rpath";
				ENABLE_MODULE_VERIFIER = YES;
				GENERATE_INFOPLIST_FILE = YES;
				INFOPLIST_KEY_NSHumanReadableCopyright = "";
				INSTALL_PATH = "$(LOCAL_LIBRARY_DIR)/Frameworks";
				IPHONEOS_DEPLOYMENT_TARGET = 26.0;
				LD_RUNPATH_SEARCH_PATHS = (
					"@executable_path/Frameworks",
					"@loader_path/Frameworks",
				);
				"LD_RUNPATH_SEARCH_PATHS[sdk=macosx*]" = (
					"@executable_path/../Frameworks",
					"@loader_path/Frameworks",
				);
				MACOSX_DEPLOYMENT_TARGET = 26.0;
				MARKETING_VERSION = 1.0;
				MODULE_VERIFIER_SUPPORTED_LANGUAGES = "objective-c objective-c++";
				MODULE_VERIFIER_SUPPORTED_LANGUAGE_STANDARDS = "gnu17 gnu++20";
				PRODUCT_BUNDLE_IDENTIFIER = com.secretatomics.knowmaps;
				PRODUCT_NAME = "$(TARGET_NAME:c99extidentifier)";
				SDKROOT = auto;
				SKIP_INSTALL = YES;
				STRING_CATALOG_GENERATE_SYMBOLS = YES;
				SUPPORTED_PLATFORMS = "iphoneos iphonesimulator macosx xros xrsimulator";
				SWIFT_APPROACHABLE_CONCURRENCY = YES;
				SWIFT_EMIT_LOC_STRINGS = YES;
				SWIFT_INSTALL_MODULE = YES;
				SWIFT_INSTALL_OBJC_HEADER = NO;
				SWIFT_UPCOMING_FEATURE_MEMBER_IMPORT_VISIBILITY = YES;
				SWIFT_VERSION = 5.0;
				TARGETED_DEVICE_FAMILY = "1,2,7";
				VERSIONING_SYSTEM = "apple-generic";
				VERSION_INFO_PREFIX = "";
				XROS_DEPLOYMENT_TARGET = 26.0;
			};
			name = Debug;
		};
		1E15EDFE2EF96C59009384CA /* Release */ = {
			isa = XCBuildConfiguration;
			buildSettings = {
				ALLOW_TARGET_PLATFORM_SPECIALIZATION = YES;
				BUILD_LIBRARY_FOR_DISTRIBUTION = YES;
				CODE_SIGN_IDENTITY = "";
				CODE_SIGN_STYLE = Automatic;
				CURRENT_PROJECT_VERSION = 1;
				DEAD_CODE_STRIPPING = YES;
				DYLIB_COMPATIBILITY_VERSION = 1;
				DYLIB_CURRENT_VERSION = 1;
				DYLIB_INSTALL_NAME_BASE = "@rpath";
				ENABLE_MODULE_VERIFIER = YES;
				GENERATE_INFOPLIST_FILE = YES;
				INFOPLIST_KEY_NSHumanReadableCopyright = "";
				INSTALL_PATH = "$(LOCAL_LIBRARY_DIR)/Frameworks";
				IPHONEOS_DEPLOYMENT_TARGET = 26.0;
				LD_RUNPATH_SEARCH_PATHS = (
					"@executable_path/Frameworks",
					"@loader_path/Frameworks",
				);
				"LD_RUNPATH_SEARCH_PATHS[sdk=macosx*]" = (
					"@executable_path/../Frameworks",
					"@loader_path/Frameworks",
				);
				MACOSX_DEPLOYMENT_TARGET = 26.0;
				MARKETING_VERSION = 1.0;
				MODULE_VERIFIER_SUPPORTED_LANGUAGES = "objective-c objective-c++";
				MODULE_VERIFIER_SUPPORTED_LANGUAGE_STANDARDS = "gnu17 gnu++20";
				PRODUCT_BUNDLE_IDENTIFIER = com.secretatomics.knowmaps;
				PRODUCT_NAME = "$(TARGET_NAME:c99extidentifier)";
				SDKROOT = auto;
				SKIP_INSTALL = YES;
				STRING_CATALOG_GENERATE_SYMBOLS = YES;
				SUPPORTED_PLATFORMS = "iphoneos iphonesimulator macosx xros xrsimulator";
				SWIFT_APPROACHABLE_CONCURRENCY = YES;
				SWIFT_EMIT_LOC_STRINGS = YES;
				SWIFT_INSTALL_MODULE = YES;
				SWIFT_INSTALL_OBJC_HEADER = NO;
				SWIFT_UPCOMING_FEATURE_MEMBER_IMPORT_VISIBILITY = YES;
				SWIFT_VERSION = 5.0;
				TARGETED_DEVICE_FAMILY = "1,2,7";
				VERSIONING_SYSTEM = "apple-generic";
				VERSION_INFO_PREFIX = "";
				XROS_DEPLOYMENT_TARGET = 26.0;
			};
			name = Release;
		};
		1E15EE012EF96C59009384CA /* Debug */ = {
			isa = XCBuildConfiguration;
			buildSettings = {
				ALLOW_TARGET_PLATFORM_SPECIALIZATION = YES;
				CODE_SIGN_STYLE = Automatic;
				CURRENT_PROJECT_VERSION = 1;
				DEAD_CODE_STRIPPING = YES;
				GENERATE_INFOPLIST_FILE = YES;
				IPHONEOS_DEPLOYMENT_TARGET = 26.2;
				MACOSX_DEPLOYMENT_TARGET = 26.1;
				MARKETING_VERSION = 1.0;
				PRODUCT_BUNDLE_IDENTIFIER = com.secretatomics.knowmapsTests;
				PRODUCT_NAME = "$(TARGET_NAME)";
				SDKROOT = auto;
				STRING_CATALOG_GENERATE_SYMBOLS = NO;
				SUPPORTED_PLATFORMS = "iphoneos iphonesimulator macosx xros xrsimulator";
				SWIFT_APPROACHABLE_CONCURRENCY = YES;
				SWIFT_EMIT_LOC_STRINGS = NO;
				SWIFT_UPCOMING_FEATURE_MEMBER_IMPORT_VISIBILITY = YES;
				SWIFT_VERSION = 5.0;
				TARGETED_DEVICE_FAMILY = "1,2,7";
				TEST_HOST = "$(BUILT_PRODUCTS_DIR)/Know Maps.app/$(BUNDLE_EXECUTABLE_FOLDER_PATH)/Know Maps";
				XROS_DEPLOYMENT_TARGET = 26.2;
			};
			name = Debug;
		};
		1E15EE022EF96C59009384CA /* Release */ = {
			isa = XCBuildConfiguration;
			buildSettings = {
				ALLOW_TARGET_PLATFORM_SPECIALIZATION = YES;
				CODE_SIGN_STYLE = Automatic;
				CURRENT_PROJECT_VERSION = 1;
				DEAD_CODE_STRIPPING = YES;
				GENERATE_INFOPLIST_FILE = YES;
				IPHONEOS_DEPLOYMENT_TARGET = 26.2;
				MACOSX_DEPLOYMENT_TARGET = 26.1;
				MARKETING_VERSION = 1.0;
				PRODUCT_BUNDLE_IDENTIFIER = com.secretatomics.knowmapsTests;
				PRODUCT_NAME = "$(TARGET_NAME)";
				SDKROOT = auto;
				STRING_CATALOG_GENERATE_SYMBOLS = NO;
				SUPPORTED_PLATFORMS = "iphoneos iphonesimulator macosx xros xrsimulator";
				SWIFT_APPROACHABLE_CONCURRENCY = YES;
				SWIFT_EMIT_LOC_STRINGS = NO;
				SWIFT_UPCOMING_FEATURE_MEMBER_IMPORT_VISIBILITY = YES;
				SWIFT_VERSION = 5.0;
				TARGETED_DEVICE_FAMILY = "1,2,7";
				TEST_HOST = "$(BUILT_PRODUCTS_DIR)/Know Maps.app/$(BUNDLE_EXECUTABLE_FOLDER_PATH)/Know Maps";
				XROS_DEPLOYMENT_TARGET = 26.2;
			};
			name = Release;
		};
		1EA7F7622B03FA72002AE371 /* Debug */ = {
			isa = XCBuildConfiguration;
			buildSettings = {
				ALWAYS_SEARCH_USER_PATHS = NO;
				ASSETCATALOG_COMPILER_GENERATE_SWIFT_ASSET_SYMBOL_EXTENSIONS = YES;
				CLANG_ANALYZER_NONNULL = YES;
				CLANG_ANALYZER_NUMBER_OBJECT_CONVERSION = YES_AGGRESSIVE;
				CLANG_CXX_LANGUAGE_STANDARD = "gnu++20";
				CLANG_ENABLE_MODULES = YES;
				CLANG_ENABLE_OBJC_ARC = YES;
				CLANG_ENABLE_OBJC_WEAK = YES;
				CLANG_WARN_BLOCK_CAPTURE_AUTORELEASING = YES;
				CLANG_WARN_BOOL_CONVERSION = YES;
				CLANG_WARN_COMMA = YES;
				CLANG_WARN_CONSTANT_CONVERSION = YES;
				CLANG_WARN_DEPRECATED_OBJC_IMPLEMENTATIONS = YES;
				CLANG_WARN_DIRECT_OBJC_ISA_USAGE = YES_ERROR;
				CLANG_WARN_DOCUMENTATION_COMMENTS = YES;
				CLANG_WARN_EMPTY_BODY = YES;
				CLANG_WARN_ENUM_CONVERSION = YES;
				CLANG_WARN_INFINITE_RECURSION = YES;
				CLANG_WARN_INT_CONVERSION = YES;
				CLANG_WARN_NON_LITERAL_NULL_CONVERSION = YES;
				CLANG_WARN_OBJC_IMPLICIT_RETAIN_SELF = YES;
				CLANG_WARN_OBJC_LITERAL_CONVERSION = YES;
				CLANG_WARN_OBJC_ROOT_CLASS = YES_ERROR;
				CLANG_WARN_QUOTED_INCLUDE_IN_FRAMEWORK_HEADER = YES;
				CLANG_WARN_RANGE_LOOP_ANALYSIS = YES;
				CLANG_WARN_STRICT_PROTOTYPES = YES;
				CLANG_WARN_SUSPICIOUS_MOVE = YES;
				CLANG_WARN_UNGUARDED_AVAILABILITY = YES_AGGRESSIVE;
				CLANG_WARN_UNREACHABLE_CODE = YES;
				CLANG_WARN__DUPLICATE_METHOD_MATCH = YES;
				COPY_PHASE_STRIP = NO;
				DEBUG_INFORMATION_FORMAT = dwarf;
				DEVELOPMENT_TEAM = 23264QUM9A;
				ENABLE_STRICT_OBJC_MSGSEND = YES;
				ENABLE_TESTABILITY = YES;
				ENABLE_USER_SCRIPT_SANDBOXING = YES;
				GCC_C_LANGUAGE_STANDARD = gnu17;
				GCC_DYNAMIC_NO_PIC = NO;
				GCC_NO_COMMON_BLOCKS = YES;
				GCC_OPTIMIZATION_LEVEL = 0;
				GCC_PREPROCESSOR_DEFINITIONS = (
					"DEBUG=1",
					"$(inherited)",
				);
				GCC_WARN_64_TO_32_BIT_CONVERSION = YES;
				GCC_WARN_ABOUT_RETURN_TYPE = YES_ERROR;
				GCC_WARN_UNDECLARED_SELECTOR = YES;
				GCC_WARN_UNINITIALIZED_AUTOS = YES_AGGRESSIVE;
				GCC_WARN_UNUSED_FUNCTION = YES;
				GCC_WARN_UNUSED_VARIABLE = YES;
				LOCALIZATION_PREFERS_STRING_CATALOGS = YES;
				MTL_ENABLE_DEBUG_INFO = INCLUDE_SOURCE;
				MTL_FAST_MATH = YES;
				ONLY_ACTIVE_ARCH = YES;
				SDKROOT = xros;
				STRING_CATALOG_GENERATE_SYMBOLS = YES;
				SWIFT_ACTIVE_COMPILATION_CONDITIONS = "DEBUG $(inherited)";
				SWIFT_OPTIMIZATION_LEVEL = "-Onone";
				XROS_DEPLOYMENT_TARGET = 1.0;
			};
			name = Debug;
		};
		1EA7F7632B03FA72002AE371 /* Release */ = {
			isa = XCBuildConfiguration;
			buildSettings = {
				ALWAYS_SEARCH_USER_PATHS = NO;
				ASSETCATALOG_COMPILER_GENERATE_SWIFT_ASSET_SYMBOL_EXTENSIONS = YES;
				CLANG_ANALYZER_NONNULL = YES;
				CLANG_ANALYZER_NUMBER_OBJECT_CONVERSION = YES_AGGRESSIVE;
				CLANG_CXX_LANGUAGE_STANDARD = "gnu++20";
				CLANG_ENABLE_MODULES = YES;
				CLANG_ENABLE_OBJC_ARC = YES;
				CLANG_ENABLE_OBJC_WEAK = YES;
				CLANG_WARN_BLOCK_CAPTURE_AUTORELEASING = YES;
				CLANG_WARN_BOOL_CONVERSION = YES;
				CLANG_WARN_COMMA = YES;
				CLANG_WARN_CONSTANT_CONVERSION = YES;
				CLANG_WARN_DEPRECATED_OBJC_IMPLEMENTATIONS = YES;
				CLANG_WARN_DIRECT_OBJC_ISA_USAGE = YES_ERROR;
				CLANG_WARN_DOCUMENTATION_COMMENTS = YES;
				CLANG_WARN_EMPTY_BODY = YES;
				CLANG_WARN_ENUM_CONVERSION = YES;
				CLANG_WARN_INFINITE_RECURSION = YES;
				CLANG_WARN_INT_CONVERSION = YES;
				CLANG_WARN_NON_LITERAL_NULL_CONVERSION = YES;
				CLANG_WARN_OBJC_IMPLICIT_RETAIN_SELF = YES;
				CLANG_WARN_OBJC_LITERAL_CONVERSION = YES;
				CLANG_WARN_OBJC_ROOT_CLASS = YES_ERROR;
				CLANG_WARN_QUOTED_INCLUDE_IN_FRAMEWORK_HEADER = YES;
				CLANG_WARN_RANGE_LOOP_ANALYSIS = YES;
				CLANG_WARN_STRICT_PROTOTYPES = YES;
				CLANG_WARN_SUSPICIOUS_MOVE = YES;
				CLANG_WARN_UNGUARDED_AVAILABILITY = YES_AGGRESSIVE;
				CLANG_WARN_UNREACHABLE_CODE = YES;
				CLANG_WARN__DUPLICATE_METHOD_MATCH = YES;
				COPY_PHASE_STRIP = NO;
				DEBUG_INFORMATION_FORMAT = "dwarf-with-dsym";
				DEVELOPMENT_TEAM = 23264QUM9A;
				ENABLE_NS_ASSERTIONS = NO;
				ENABLE_STRICT_OBJC_MSGSEND = YES;
				ENABLE_USER_SCRIPT_SANDBOXING = YES;
				GCC_C_LANGUAGE_STANDARD = gnu17;
				GCC_NO_COMMON_BLOCKS = YES;
				GCC_WARN_64_TO_32_BIT_CONVERSION = YES;
				GCC_WARN_ABOUT_RETURN_TYPE = YES_ERROR;
				GCC_WARN_UNDECLARED_SELECTOR = YES;
				GCC_WARN_UNINITIALIZED_AUTOS = YES_AGGRESSIVE;
				GCC_WARN_UNUSED_FUNCTION = YES;
				GCC_WARN_UNUSED_VARIABLE = YES;
				LOCALIZATION_PREFERS_STRING_CATALOGS = YES;
				MTL_ENABLE_DEBUG_INFO = NO;
				MTL_FAST_MATH = YES;
				SDKROOT = xros;
				STRING_CATALOG_GENERATE_SYMBOLS = YES;
				SWIFT_COMPILATION_MODE = wholemodule;
				VALIDATE_PRODUCT = YES;
				XROS_DEPLOYMENT_TARGET = 1.0;
			};
			name = Release;
		};
/* End XCBuildConfiguration section */

/* Begin XCConfigurationList section */
		1E15EDFC2EF96C59009384CA /* Build configuration list for PBXNativeTarget "knowmaps" */ = {
			isa = XCConfigurationList;
			buildConfigurations = (
				1E15EDFD2EF96C59009384CA /* Debug */,
				1E15EDFE2EF96C59009384CA /* Release */,
			);
			defaultConfigurationIsVisible = 0;
			defaultConfigurationName = Release;
		};
		1E15EE002EF96C59009384CA /* Build configuration list for PBXNativeTarget "knowmapsTests" */ = {
			isa = XCConfigurationList;
			buildConfigurations = (
				1E15EE012EF96C59009384CA /* Debug */,
				1E15EE022EF96C59009384CA /* Release */,
			);
			defaultConfigurationIsVisible = 0;
			defaultConfigurationName = Release;
		};
		1EA7F7402B03FA70002AE371 /* Build configuration list for PBXProject "Know Maps" */ = {
			isa = XCConfigurationList;
			buildConfigurations = (
				1EA7F7622B03FA72002AE371 /* Debug */,
				1EA7F7632B03FA72002AE371 /* Release */,
			);
			defaultConfigurationIsVisible = 0;
			defaultConfigurationName = Release;
		};
/* End XCConfigurationList section */

/* Begin XCRemoteSwiftPackageReference section */
		1E1E310B2CC1954F00A23434 /* XCRemoteSwiftPackageReference "Nuke" */ = {
			isa = XCRemoteSwiftPackageReference;
			repositoryURL = "https://github.com/kean/Nuke";
			requirement = {
				kind = upToNextMajorVersion;
				minimumVersion = 12.8.0;
			};
		};
		1E213E152CAD81F600B93697 /* XCRemoteSwiftPackageReference "analytics-swift" */ = {
			isa = XCRemoteSwiftPackageReference;
			repositoryURL = "https://github.com/segmentio/analytics-swift";
			requirement = {
				kind = upToNextMajorVersion;
				minimumVersion = 1.6.1;
			};
		};
		1EFFBB2C2E83EAA90088882B /* XCRemoteSwiftPackageReference "supabase-swift" */ = {
			isa = XCRemoteSwiftPackageReference;
			repositoryURL = "https://github.com/supabase/supabase-swift";
			requirement = {
				kind = upToNextMajorVersion;
				minimumVersion = 2.5.1;
			};
		};
/* End XCRemoteSwiftPackageReference section */
	};
	rootObject = 1EA7F73D2B03FA70002AE371 /* Project object */;
}
