// !$*UTF8*$!
{
	archiveVersion = 1;
	classes = {
	};
	objectVersion = 56;
	objects = {

/* Begin PBXBuildFile section */
		015E1F23F0B063E5CEA5BD8B /* PlacePhotoResponse.swift in Sources */ = {isa = PBXBuildFile; fileRef = 1EA7F7732B052D92002AE371 /* PlacePhotoResponse.swift */; };
		026A1E5C6F4A37C70F806BDF /* AssistiveChatHostIntent.swift in Sources */ = {isa = PBXBuildFile; fileRef = 1E98C7D22B18DC7400283E92 /* AssistiveChatHostIntent.swift */; };
		035C57F056A0F0C49F845865 /* UnifiedSearchIntent.swift in Sources */ = {isa = PBXBuildFile; fileRef = 1E94783E2EDB7917002F10E3 /* UnifiedSearchIntent.swift */; };
		03EE2E44195B03FFDC241ADF /* PlaceTipsView.swift in Sources */ = {isa = PBXBuildFile; fileRef = 1EE0688D2B0D1EB40016851A /* PlaceTipsView.swift */; };
		04B5BDECA905BD0CCB1FC578 /* EmbeddingCache.swift in Sources */ = {isa = PBXBuildFile; fileRef = 1E9478812EE1EF94002F10E3 /* EmbeddingCache.swift */; };
		069DDAF0E435F942FACDD14B /* PlaceTipsResponse.swift in Sources */ = {isa = PBXBuildFile; fileRef = 1EA7F7792B052D92002AE371 /* PlaceTipsResponse.swift */; };
		0735F37319AC283E0F41DFA7 /* LanguageGenerator.swift in Sources */ = {isa = PBXBuildFile; fileRef = 1E96EE9D2CB5288B0070BCDD /* LanguageGenerator.swift */; };
		0876920A70DAD5FE3F630AF3 /* PersonalizedSearchSession.swift in Sources */ = {isa = PBXBuildFile; fileRef = 1EB4EE862B4EC072003AD112 /* PersonalizedSearchSession.swift */; };
		095FAD5A38BDE58B32C3D56C /* PersonalizedSearchSection.swift in Sources */ = {isa = PBXBuildFile; fileRef = 1E3FE0562CB854FD0020B3CB /* PersonalizedSearchSection.swift */; };
		099F942C06F1B8871D54A160 /* SearchView.swift in Sources */ = {isa = PBXBuildFile; fileRef = 1EA7F76C2B04FFD9002AE371 /* SearchView.swift */; };
		0E8D0B55DEE5C6ADE5627FBC /* SearchSavedViewModel.swift in Sources */ = {isa = PBXBuildFile; fileRef = 1E7D43542CB4271A00DC17FA /* SearchSavedViewModel.swift */; };
		1E15EDF02EF96C59009384CA /* knowmaps.framework in Frameworks */ = {isa = PBXBuildFile; fileRef = 1E15EDE52EF96C59009384CA /* knowmaps.framework */; };
		1FF7B7F3A2B3C4D5E6F70819 /* LocalMapsQueryTagger.mlpackage in Resources */ = {isa = PBXBuildFile; fileRef = 1E9478672EE1B221002F10E3 /* LocalMapsQueryTagger.mlpackage */; };
		1FF7B7F4A2B3C4D5E6F70819 /* MiniLM-L12-Embedding.mlpackage in Resources */ = {isa = PBXBuildFile; fileRef = 1E9478732EE1C881002F10E3 /* MiniLM-L12-Embedding.mlpackage */; };
		25C32E5AA96D7CBA3736F730 /* SearchPlacesView.swift in Sources */ = {isa = PBXBuildFile; fileRef = 1E8E5AFA2CA03D8600B37E6A /* SearchPlacesView.swift */; };
		25DCF52AEF8156B9C630464D /* PlaceSearchResponse.swift in Sources */ = {isa = PBXBuildFile; fileRef = 1EA7F77F2B052D92002AE371 /* PlaceSearchResponse.swift */; };
		271CE477283FBFCA952CCBF4 /* CloudCacheManager.swift in Sources */ = {isa = PBXBuildFile; fileRef = 1E007ACB2CB4089400A8DC5A /* CloudCacheManager.swift */; };
		2ACD641163FA054DC099B665 /* AssistiveChatHostStreamResponseDelegate.swift in Sources */ = {isa = PBXBuildFile; fileRef = 1E98C7D02B18DC4100283E92 /* AssistiveChatHostStreamResponseDelegate.swift */; };
		3125C6719816CA584B527516 /* RecommendationData.swift in Sources */ = {isa = PBXBuildFile; fileRef = 1E3FE00F2CB69FFC0020B3CB /* RecommendationData.swift */; };
		31286BEE77F7481F12585F65 /* DefaultPlaceSearchService.swift in Sources */ = {isa = PBXBuildFile; fileRef = 1E7D435A2CB46C0100DC17FA /* DefaultPlaceSearchService.swift */; };
		349E70EB12FF3DAFB953032A /* PlaceSearchSession.swift in Sources */ = {isa = PBXBuildFile; fileRef = 1EA7F7752B052D92002AE371 /* PlaceSearchSession.swift */; };
		36737C27A130E870C0C01F14 /* CacheManager.swift in Sources */ = {isa = PBXBuildFile; fileRef = 1E96EE9F2CB52A0C0070BCDD /* CacheManager.swift */; };
		3DAFC5FB53F1E2AF329A7145 /* AssistiveChatHostMessagesDelegate.swift in Sources */ = {isa = PBXBuildFile; fileRef = 1E98C7D42B18DC9600283E92 /* AssistiveChatHostMessagesDelegate.swift */; };
		424BB14C2B299C264DC188BA /* PlaceSearchRequest.swift in Sources */ = {isa = PBXBuildFile; fileRef = 1EA7F7802B052D92002AE371 /* PlaceSearchRequest.swift */; };
		4336115CADA9760774A74720 /* GoogleBannerView.swift in Sources */ = {isa = PBXBuildFile; fileRef = 1E601F5C2CB0512900E320D7 /* GoogleBannerView.swift */; };
		48E2A0AA95552D480EC424E5 /* RecommenderCategoryConvertible.swift in Sources */ = {isa = PBXBuildFile; fileRef = 1E9478692EE1BBEC002F10E3 /* RecommenderCategoryConvertible.swift */; };
		48E85BDED6CBE552F28FF511 /* PlaceAboutViewModel.swift in Sources */ = {isa = PBXBuildFile; fileRef = 1E7D43562CB43E5200DC17FA /* PlaceAboutViewModel.swift */; };
		497300EBCF7A9D42D77FBD8F /* DefaultRecommenderService.swift in Sources */ = {isa = PBXBuildFile; fileRef = 1E3FE0132CB6C6B60020B3CB /* DefaultRecommenderService.swift */; };
		4A39E8CAC4C8287DC9CB3B6F /* AssistiveChatHostQueryParameters.swift in Sources */ = {isa = PBXBuildFile; fileRef = 1EA7F7942B052DE4002AE371 /* AssistiveChatHostQueryParameters.swift */; };
		4C7DAC3D3FA32A0267881A5A /* KnowMapsPlaceSnapshot.swift in Sources */ = {isa = PBXBuildFile; fileRef = A14BF342462726858BA01ED8 /* KnowMapsPlaceSnapshot.swift */; };
		4DC851EAB28E044656E13426 /* MapResultsView.swift in Sources */ = {isa = PBXBuildFile; fileRef = 1EA7F76A2B04FF4D002AE371 /* MapResultsView.swift */; };
		4F9E429525A1856971251682 /* UserItemInteraction.swift in Sources */ = {isa = PBXBuildFile; fileRef = 1E94786F2EE1C02D002F10E3 /* UserItemInteraction.swift */; };
		4FBB2BBF7854D4274AFE8B4F /* LocationProvider.swift in Sources */ = {isa = PBXBuildFile; fileRef = 1EA7F77A2B052D92002AE371 /* LocationProvider.swift */; };
		5176F27A65AEBC2F9DF2F30E /* DefaultResultIndexServiceV2.swift in Sources */ = {isa = PBXBuildFile; fileRef = 1E9478462EDB79D7002F10E3 /* DefaultResultIndexServiceV2.swift */; };
		5239D28B2832C5D9DB257C71 /* MiniLMEmbeddingClient.swift in Sources */ = {isa = PBXBuildFile; fileRef = 1E94787F2EE1DEB5002F10E3 /* MiniLMEmbeddingClient.swift */; };
		53CDEB2950DC5C58BCE5EEF8 /* SavedListView.swift in Sources */ = {isa = PBXBuildFile; fileRef = 1E3FE0152CB7F7B20020B3CB /* SavedListView.swift */; };
		555E79AA2E2879B0F068C620 /* PlaceDescriptionView.swift in Sources */ = {isa = PBXBuildFile; fileRef = 1E7121342B60136200758259 /* PlaceDescriptionView.swift */; };
		57EE33899E187BB4633D0265 /* AssistiveChatHost.swift in Sources */ = {isa = PBXBuildFile; fileRef = 1EA588CE2B065D8B006B1F8F /* AssistiveChatHost.swift */; };
		596BC602969EA00E4287A393 /* PlaceDirectionsView.swift in Sources */ = {isa = PBXBuildFile; fileRef = 1EE068892B0D1E2B0016851A /* PlaceDirectionsView.swift */; };
		5A7D6A12125B4F20EB9BCD45 /* RecommendedPlaceSearchResponse.swift in Sources */ = {isa = PBXBuildFile; fileRef = 1E7121402B616C6400758259 /* RecommendedPlaceSearchResponse.swift */; };
		5D3280D6F8BBD79357CE5DC6 /* PlaceSearchService.swift in Sources */ = {isa = PBXBuildFile; fileRef = 1EDF93CB2CB52E5900FDCFDF /* PlaceSearchService.swift */; };
		5FD8A26A3A3EA65ED4CD0360 /* SearchTasteView.swift in Sources */ = {isa = PBXBuildFile; fileRef = 1E70B4D02B50120500F1F9F5 /* SearchTasteView.swift */; };
		65E9AFBE3DC58DA44877F877 /* OnboardingSignInView.swift in Sources */ = {isa = PBXBuildFile; fileRef = 1E1F5E482B725FBB008B6BAD /* OnboardingSignInView.swift */; };
		68BD6F429F9521E5826B93DE /* OnboardingView.swift in Sources */ = {isa = PBXBuildFile; fileRef = 1E1F5E442B725D56008B6BAD /* OnboardingView.swift */; };
		6CCDFDC9D2BE0A61D7DE5995 /* ResultIndexServiceV2.swift in Sources */ = {isa = PBXBuildFile; fileRef = 1E5894DA2EEF160500D6BB98 /* ResultIndexServiceV2.swift */; };
		71862AE86F913E1633AA0248 /* InputValidationServiceV2.swift in Sources */ = {isa = PBXBuildFile; fileRef = 1E94783C2EDB78EE002F10E3 /* InputValidationServiceV2.swift */; };
		7362BDD4DC51E7DF756ACCC0 /* HybridRecommenderModel.swift in Sources */ = {isa = PBXBuildFile; fileRef = 1E94787D2EE1D124002F10E3 /* HybridRecommenderModel.swift */; };
		77BBD30AD4D6B24224084108 /* FiltersView.swift in Sources */ = {isa = PBXBuildFile; fileRef = 1E69444B2CB993C70017A81F /* FiltersView.swift */; };
		78BFC62F2D90D7B76F476068 /* AddCategoryView.swift in Sources */ = {isa = PBXBuildFile; fileRef = 1E6944532CBA780A0017A81F /* AddCategoryView.swift */; };
		79C23349015AE24837F926C4 /* PlacesList.swift in Sources */ = {isa = PBXBuildFile; fileRef = 1EA7F7702B051BDE002AE371 /* PlacesList.swift */; };
		79C9E1B65A91FE090BC81DF5 /* RecommendedPlaceSearchRequest.swift in Sources */ = {isa = PBXBuildFile; fileRef = 1E71213C2B6160A500758259 /* RecommendedPlaceSearchRequest.swift */; };
		7B2A87808A15DC0588D2012C /* FeatureFlagsService.swift in Sources */ = {isa = PBXBuildFile; fileRef = 1E7121382B61472800758259 /* FeatureFlagsService.swift */; };
		7D7886E77E3417458540D460 /* SearchSectionView.swift in Sources */ = {isa = PBXBuildFile; fileRef = 1E91AA212CA83AAF00F63C3A /* SearchSectionView.swift */; };
		7EF720E53FFBD8E66D8A6283 /* DefaultLocationService.swift in Sources */ = {isa = PBXBuildFile; fileRef = 1E7D43582CB4658800DC17FA /* DefaultLocationService.swift */; };
		83012C990FB3F0E663E201F8 /* PlaceResponseFormatter.swift in Sources */ = {isa = PBXBuildFile; fileRef = 1EA7F77E2B052D92002AE371 /* PlaceResponseFormatter.swift */; };
		83BB5784ADBC196A89270AC2 /* DefaultInputValidationServiceV2.swift in Sources */ = {isa = PBXBuildFile; fileRef = 1E9478442EDB79C8002F10E3 /* DefaultInputValidationServiceV2.swift */; };
		84F9809EF8394A2E6EE0FC51 /* ImmersiveView.swift in Sources */ = {isa = PBXBuildFile; fileRef = 1EA7F7502B03FA71002AE371 /* ImmersiveView.swift */; };
		869F199411143A65787561D8 /* EventCategoryResult.swift in Sources */ = {isa = PBXBuildFile; fileRef = 1E94786B2EE1BCB5002F10E3 /* EventCategoryResult.swift */; };
		875942CB6390E25B58C147F5 /* LanguageGeneratorRequest.swift in Sources */ = {isa = PBXBuildFile; fileRef = 1EA7F7722B052D92002AE371 /* LanguageGeneratorRequest.swift */; };
		87CCE706F7A19A4304588E99 /* OnboardingSubscriptionView.swift in Sources */ = {isa = PBXBuildFile; fileRef = 1E1F5E542B72694A008B6BAD /* OnboardingSubscriptionView.swift */; };
		89E6CE81158444B942F04437 /* NavigationLocationView.swift in Sources */ = {isa = PBXBuildFile; fileRef = 1E26C7B32B2C79150050EC6A /* NavigationLocationView.swift */; };
		8C6E16DCA8780482349D19E1 /* ChatRouteResult.swift in Sources */ = {isa = PBXBuildFile; fileRef = 1EE068912B0FBADE0016851A /* ChatRouteResult.swift */; };
		8F073E00209CE336A4DCE289 /* Authentication.swift in Sources */ = {isa = PBXBuildFile; fileRef = 1E96EE992CB527490070BCDD /* Authentication.swift */; };
		90F55C82898B4366C99867C9 /* KnowMapsCoreMLModels.swift in Sources */ = {isa = PBXBuildFile; fileRef = 7E0F1A35D62B55EAE21375A3 /* KnowMapsCoreMLModels.swift */; };
		919D18105E9D3DE0C10D01C2 /* AddPlaceView.swift in Sources */ = {isa = PBXBuildFile; fileRef = 1E6944572CBA78560017A81F /* AddPlaceView.swift */; };
		9430FC84DCFD0C82290ECC1E /* LocationResult.swift in Sources */ = {isa = PBXBuildFile; fileRef = 1EE068972B121F710016851A /* LocationResult.swift */; };
		9434B9C8671BE04E4C596352 /* AddTasteView.swift in Sources */ = {isa = PBXBuildFile; fileRef = 1E6944552CBA78330017A81F /* AddTasteView.swift */; };
		95D91BEB09D986B5579B50B2 /* RecommenderService.swift in Sources */ = {isa = PBXBuildFile; fileRef = 1E3FE0112CB6C52C0020B3CB /* RecommenderService.swift */; };
		995F595E56DBEE787C926AFD /* CloudCache.swift in Sources */ = {isa = PBXBuildFile; fileRef = 1E96EE9B2CB528380070BCDD /* CloudCache.swift */; };
		9F6218FA3C10DDD156B273DA /* ActivityViewController.swift in Sources */ = {isa = PBXBuildFile; fileRef = 1E630C832B1636E400A57CCB /* ActivityViewController.swift */; };
		A4072F0FB7A00DD421CA68C6 /* MiniLMTokenizer.swift in Sources */ = {isa = PBXBuildFile; fileRef = 1E9478772EE1CA35002F10E3 /* MiniLMTokenizer.swift */; };
		A53B7F31831766172889C09A /* CategoryResult.swift in Sources */ = {isa = PBXBuildFile; fileRef = 1EE0688F2B0E57AD0016851A /* CategoryResult.swift */; };
		A5608EA4BED67859C9FEA4D9 /* LocationService.swift in Sources */ = {isa = PBXBuildFile; fileRef = 1EDF93C52CB52CC200FDCFDF /* LocationService.swift */; };
		A820D0A7CB0F496F9C2E61BB /* TextEmbeddingClient.swift in Sources */ = {isa = PBXBuildFile; fileRef = 1E9478752EE1C937002F10E3 /* TextEmbeddingClient.swift */; };
		ABB3D250F4F9B3F1C84A477A /* FeatureFlag.swift in Sources */ = {isa = PBXBuildFile; fileRef = 1EDF93C92CB52DC100FDCFDF /* FeatureFlag.swift */; };
		ADB850E3AE3CCEA8F9817E40 /* PlaceDetailsResponse.swift in Sources */ = {isa = PBXBuildFile; fileRef = 1EA7F77C2B052D92002AE371 /* PlaceDetailsResponse.swift */; };
		B0A1B2C3D4E5F60718293A40 /* knowmaps.swift in Sources */ = {isa = PBXBuildFile; fileRef = B0A1B2C3D4E5F60718293A30 /* knowmaps.swift */; };
		B0A1B2C3D4E5F60718293A41 /* knowmapsTests.swift in Sources */ = {isa = PBXBuildFile; fileRef = B0A1B2C3D4E5F60718293A31 /* knowmapsTests.swift */; };
		B0A1B2C3D4E5F60718293A42 /* NukeUI in Frameworks */ = {isa = PBXBuildFile; productRef = B0A1B2C3D4E5F60718293A50 /* NukeUI */; };
		B0A1B2C3D4E5F60718293A43 /* Segment in Frameworks */ = {isa = PBXBuildFile; productRef = B0A1B2C3D4E5F60718293A51 /* Segment */; };
		B0A1B2C3D4E5F60718293A44 /* Supabase in Frameworks */ = {isa = PBXBuildFile; productRef = B0A1B2C3D4E5F60718293A52 /* Supabase */; };
		B0DD27CABAF330E721183626 /* LanguageGeneratorSession.swift in Sources */ = {isa = PBXBuildFile; fileRef = 1EA7F7742B052D92002AE371 /* LanguageGeneratorSession.swift */; };
		B229FB99A43097FFDDE1D0CF /* ChatResult.swift in Sources */ = {isa = PBXBuildFile; fileRef = 1EA7F7812B052D92002AE371 /* ChatResult.swift */; };
		B686931398501EB190B8FF2B /* ModelController.swift in Sources */ = {isa = PBXBuildFile; fileRef = 1E7D435C2CB5258E00DC17FA /* ModelController.swift */; };
		B68C2FE12623FE2182C64AAD /* PlaceDirectionsViewModel.swift in Sources */ = {isa = PBXBuildFile; fileRef = 1EE068932B100CE30016851A /* PlaceDirectionsViewModel.swift */; };
		B976E4A02AEC6AB110F1E76C /* RatingButton.swift in Sources */ = {isa = PBXBuildFile; fileRef = 1E5F4AF72EE2E3770077BA28 /* RatingButton.swift */; };
		BA169ECC9D59D08F0DAAAD8E /* ConfiguredSearchSession.swift in Sources */ = {isa = PBXBuildFile; fileRef = 1EC83C8D2EA7E67700212057 /* ConfiguredSearchSession.swift */; };
		BF67A82B0E2BFA2D5B7E720D /* AddPromptView.swift in Sources */ = {isa = PBXBuildFile; fileRef = 1E69444F2CBA73060017A81F /* AddPromptView.swift */; };
		C1F159BB51D23D4AA8443068 /* AssistiveChatHostService.swift in Sources */ = {isa = PBXBuildFile; fileRef = 1EA7F7952B052DE4002AE371 /* AssistiveChatHostService.swift */; };
		C875D7D9B17072385E8D2214 /* AppShortcuts.swift in Sources */ = {isa = PBXBuildFile; fileRef = 1E3FE0542CB852000020B3CB /* AppShortcuts.swift */; };
		C907C75FDAF0A90B2DF57FDC /* PlaceDetailsRequest.swift in Sources */ = {isa = PBXBuildFile; fileRef = 1EA7F7772B052D92002AE371 /* PlaceDetailsRequest.swift */; };
		C91227D3C9D422ED465B3937 /* ItemMetadata.swift in Sources */ = {isa = PBXBuildFile; fileRef = 1E94786D2EE1BFFB002F10E3 /* ItemMetadata.swift */; };
		C9EC31DB80C07762F134019D /* PlaceAboutView.swift in Sources */ = {isa = PBXBuildFile; fileRef = 1EE068852B0CE74C0016851A /* PlaceAboutView.swift */; };
		CC82AC6A238B380855EAB745 /* UserCachedRecord.swift in Sources */ = {isa = PBXBuildFile; fileRef = 1EEC48182B45A4B300248D69 /* UserCachedRecord.swift */; };
		CCE0DA2DD69A1C99C9BDA2DA /* VectorEmbeddingService.swift in Sources */ = {isa = PBXBuildFile; fileRef = 1E9478422EDB7970002F10E3 /* VectorEmbeddingService.swift */; };
		D21F3A2D4824F8FCAD7C668A /* PlacePhotosView.swift in Sources */ = {isa = PBXBuildFile; fileRef = 1EE0688B2B0D1E930016851A /* PlacePhotosView.swift */; };
		DD66955FE027D6C84F59A2CC /* FoundationModelsIntentClassifier.swift in Sources */ = {isa = PBXBuildFile; fileRef = 1E0112C02EF2D11300A94FCF /* FoundationModelsIntentClassifier.swift */; };
		DE3AE91471E3D7EA042C7E7B /* AppleAuthenticationService.swift in Sources */ = {isa = PBXBuildFile; fileRef = 1E583F7C2B1671F300B2EC26 /* AppleAuthenticationService.swift */; };
		DE8277A116B296CD42FD53C3 /* AdvancedRecommenderService.swift in Sources */ = {isa = PBXBuildFile; fileRef = 1E9478712EE1C05E002F10E3 /* AdvancedRecommenderService.swift */; };
		DF89A8A0148E707030D0FC45 /* OnboardingLocationView.swift in Sources */ = {isa = PBXBuildFile; fileRef = 1E1F5E502B726680008B6BAD /* OnboardingLocationView.swift */; };
		E0B080B4E6365C603BFFA139 /* SegmentAnalyticsService.swift in Sources */ = {isa = PBXBuildFile; fileRef = 1E007ACD2CB40B1900A8DC5A /* SegmentAnalyticsService.swift */; };
		E1AF3C67EF995C631BDBF31D /* CloudCacheService.swift in Sources */ = {isa = PBXBuildFile; fileRef = 1E630C852B16440100A57CCB /* CloudCacheService.swift */; };
		E1C6B52381751B8BE191345A /* SettingsView.swift in Sources */ = {isa = PBXBuildFile; fileRef = 1EE068872B0D1ADB0016851A /* SettingsView.swift */; };
		E293787E2A3CC6B172A2292F /* Know_Maps.swift in Sources */ = {isa = PBXBuildFile; fileRef = 1EA7F74C2B03FA71002AE371 /* Know_Maps.swift */; };
		E6B52CE898EFC2FA4C898CA2 /* ChatResultViewModel.swift in Sources */ = {isa = PBXBuildFile; fileRef = 1EA7F7822B052D92002AE371 /* ChatResultViewModel.swift */; };
		E7CD5355B991F3F264101FE0 /* DefaultModelController.swift in Sources */ = {isa = PBXBuildFile; fileRef = 1EDF93CE2CB52F1600FDCFDF /* DefaultModelController.swift */; };
		E85554B679F27F4E3ECF7605 /* AnalyticsService.swift in Sources */ = {isa = PBXBuildFile; fileRef = 1E7D43602CB525EE00DC17FA /* AnalyticsService.swift */; };
		EBA1914C1CC49B8FD85E9EE3 /* SearchCategoryView.swift in Sources */ = {isa = PBXBuildFile; fileRef = 1E70B4C42B50103C00F1F9F5 /* SearchCategoryView.swift */; };
		F4A258F0E45009DFDFFCA0FC /* PromptRankingView.swift in Sources */ = {isa = PBXBuildFile; fileRef = 1C9E979859B904129199B272 /* PromptRankingView.swift */; };
		F7DD46EDCF96AE3A18F305F5 /* PlaceView.swift in Sources */ = {isa = PBXBuildFile; fileRef = 1EA588D22B09326E006B1F8F /* PlaceView.swift */; };
		F853F356B30DEB0D9ED8951E /* ContentView.swift in Sources */ = {isa = PBXBuildFile; fileRef = 1EA7F74E2B03FA71002AE371 /* ContentView.swift */; };
		F94DF3E20FE772113CBB817A /* LanguageGeneratorService.swift in Sources */ = {isa = PBXBuildFile; fileRef = 1EA7F7762B052D92002AE371 /* LanguageGeneratorService.swift */; };
/* End PBXBuildFile section */

/* Begin PBXContainerItemProxy section */
		1E15EDF12EF96C59009384CA /* PBXContainerItemProxy */ = {
			isa = PBXContainerItemProxy;
			containerPortal = 1EA7F73D2B03FA70002AE371 /* Project object */;
			proxyType = 1;
			remoteGlobalIDString = 1E15EDE42EF96C59009384CA;
			remoteInfo = knowmaps;
		};
/* End PBXContainerItemProxy section */

/* Begin PBXFileReference section */
		1C9E979859B904129199B272 /* PromptRankingView.swift */ = {isa = PBXFileReference; lastKnownFileType = sourcecode.swift; name = PromptRankingView.swift; path = "Know Maps Prod/View/PromptRankingView.swift"; sourceTree = SOURCE_ROOT; };
		1E007ACB2CB4089400A8DC5A /* CloudCacheManager.swift */ = {isa = PBXFileReference; lastKnownFileType = sourcecode.swift; path = CloudCacheManager.swift; sourceTree = "<group>"; };
		1E007ACD2CB40B1900A8DC5A /* SegmentAnalyticsService.swift */ = {isa = PBXFileReference; lastKnownFileType = sourcecode.swift; path = SegmentAnalyticsService.swift; sourceTree = "<group>"; };
		1E0112C02EF2D11300A94FCF /* FoundationModelsIntentClassifier.swift */ = {isa = PBXFileReference; lastKnownFileType = sourcecode.swift; path = FoundationModelsIntentClassifier.swift; sourceTree = "<group>"; };
		1E095AFE2B778AF000147119 /* Assets.xcassets */ = {isa = PBXFileReference; lastKnownFileType = folder.assetcatalog; path = Assets.xcassets; sourceTree = "<group>"; };
		1E095B002B778AF000147119 /* Know_Maps_Prod.entitlements */ = {isa = PBXFileReference; lastKnownFileType = text.plist.entitlements; path = Know_Maps_Prod.entitlements; sourceTree = "<group>"; };
		1E095B022B778AF000147119 /* Preview Assets.xcassets */ = {isa = PBXFileReference; lastKnownFileType = folder.assetcatalog; path = "Preview Assets.xcassets"; sourceTree = "<group>"; };
		1E15EDE52EF96C59009384CA /* knowmaps.framework */ = {isa = PBXFileReference; explicitFileType = wrapper.framework; includeInIndex = 0; path = knowmaps.framework; sourceTree = BUILT_PRODUCTS_DIR; };
		1E15EDEF2EF96C59009384CA /* knowmapsTests.xctest */ = {isa = PBXFileReference; explicitFileType = wrapper.cfbundle; includeInIndex = 0; path = knowmapsTests.xctest; sourceTree = BUILT_PRODUCTS_DIR; };
		1E1E31102CC19E1B00A23434 /* Know-Maps-Info.plist */ = {isa = PBXFileReference; lastKnownFileType = text.plist; path = "Know-Maps-Info.plist"; sourceTree = "<group>"; };
		1E1F5E442B725D56008B6BAD /* OnboardingView.swift */ = {isa = PBXFileReference; lastKnownFileType = sourcecode.swift; path = OnboardingView.swift; sourceTree = "<group>"; };
		1E1F5E482B725FBB008B6BAD /* OnboardingSignInView.swift */ = {isa = PBXFileReference; lastKnownFileType = sourcecode.swift; path = OnboardingSignInView.swift; sourceTree = "<group>"; };
		1E1F5E502B726680008B6BAD /* OnboardingLocationView.swift */ = {isa = PBXFileReference; lastKnownFileType = sourcecode.swift; path = OnboardingLocationView.swift; sourceTree = "<group>"; };
		1E1F5E542B72694A008B6BAD /* OnboardingSubscriptionView.swift */ = {isa = PBXFileReference; lastKnownFileType = sourcecode.swift; path = OnboardingSubscriptionView.swift; sourceTree = "<group>"; };
		1E26C7B32B2C79150050EC6A /* NavigationLocationView.swift */ = {isa = PBXFileReference; lastKnownFileType = sourcecode.swift; path = NavigationLocationView.swift; sourceTree = "<group>"; };
		1E3FE00F2CB69FFC0020B3CB /* RecommendationData.swift */ = {isa = PBXFileReference; lastKnownFileType = sourcecode.swift; path = RecommendationData.swift; sourceTree = "<group>"; };
		1E3FE0112CB6C52C0020B3CB /* RecommenderService.swift */ = {isa = PBXFileReference; lastKnownFileType = sourcecode.swift; path = RecommenderService.swift; sourceTree = "<group>"; };
		1E3FE0132CB6C6B60020B3CB /* DefaultRecommenderService.swift */ = {isa = PBXFileReference; lastKnownFileType = sourcecode.swift; path = DefaultRecommenderService.swift; sourceTree = "<group>"; };
		1E3FE0152CB7F7B20020B3CB /* SavedListView.swift */ = {isa = PBXFileReference; lastKnownFileType = sourcecode.swift; path = SavedListView.swift; sourceTree = "<group>"; };
		1E3FE0542CB852000020B3CB /* AppShortcuts.swift */ = {isa = PBXFileReference; lastKnownFileType = sourcecode.swift; path = AppShortcuts.swift; sourceTree = "<group>"; };
		1E3FE0562CB854FD0020B3CB /* PersonalizedSearchSection.swift */ = {isa = PBXFileReference; lastKnownFileType = sourcecode.swift; path = PersonalizedSearchSection.swift; sourceTree = "<group>"; };
		1E583F7C2B1671F300B2EC26 /* AppleAuthenticationService.swift */ = {isa = PBXFileReference; lastKnownFileType = sourcecode.swift; path = AppleAuthenticationService.swift; sourceTree = "<group>"; };
		1E5894DA2EEF160500D6BB98 /* ResultIndexServiceV2.swift */ = {isa = PBXFileReference; lastKnownFileType = sourcecode.swift; path = ResultIndexServiceV2.swift; sourceTree = "<group>"; };
		1E5F4AF72EE2E3770077BA28 /* RatingButton.swift */ = {isa = PBXFileReference; lastKnownFileType = sourcecode.swift; path = RatingButton.swift; sourceTree = "<group>"; };
		1E601F5C2CB0512900E320D7 /* GoogleBannerView.swift */ = {isa = PBXFileReference; lastKnownFileType = sourcecode.swift; path = GoogleBannerView.swift; sourceTree = "<group>"; };
		1E630C832B1636E400A57CCB /* ActivityViewController.swift */ = {isa = PBXFileReference; lastKnownFileType = sourcecode.swift; path = ActivityViewController.swift; sourceTree = "<group>"; };
		1E630C852B16440100A57CCB /* CloudCacheService.swift */ = {isa = PBXFileReference; lastKnownFileType = sourcecode.swift; path = CloudCacheService.swift; sourceTree = "<group>"; };
		1E69444B2CB993C70017A81F /* FiltersView.swift */ = {isa = PBXFileReference; lastKnownFileType = sourcecode.swift; path = FiltersView.swift; sourceTree = "<group>"; };
		1E69444F2CBA73060017A81F /* AddPromptView.swift */ = {isa = PBXFileReference; lastKnownFileType = sourcecode.swift; path = AddPromptView.swift; sourceTree = "<group>"; };
		1E6944532CBA780A0017A81F /* AddCategoryView.swift */ = {isa = PBXFileReference; lastKnownFileType = sourcecode.swift; path = AddCategoryView.swift; sourceTree = "<group>"; };
		1E6944552CBA78330017A81F /* AddTasteView.swift */ = {isa = PBXFileReference; lastKnownFileType = sourcecode.swift; path = AddTasteView.swift; sourceTree = "<group>"; };
		1E6944572CBA78560017A81F /* AddPlaceView.swift */ = {isa = PBXFileReference; lastKnownFileType = sourcecode.swift; path = AddPlaceView.swift; sourceTree = "<group>"; };
		1E70B4C42B50103C00F1F9F5 /* SearchCategoryView.swift */ = {isa = PBXFileReference; lastKnownFileType = sourcecode.swift; path = SearchCategoryView.swift; sourceTree = "<group>"; };
		1E70B4D02B50120500F1F9F5 /* SearchTasteView.swift */ = {isa = PBXFileReference; lastKnownFileType = sourcecode.swift; path = SearchTasteView.swift; sourceTree = "<group>"; };
		1E7121342B60136200758259 /* PlaceDescriptionView.swift */ = {isa = PBXFileReference; lastKnownFileType = sourcecode.swift; path = PlaceDescriptionView.swift; sourceTree = "<group>"; };
		1E7121382B61472800758259 /* FeatureFlagsService.swift */ = {isa = PBXFileReference; lastKnownFileType = sourcecode.swift; path = FeatureFlagsService.swift; sourceTree = "<group>"; };
		1E71213C2B6160A500758259 /* RecommendedPlaceSearchRequest.swift */ = {isa = PBXFileReference; lastKnownFileType = sourcecode.swift; path = RecommendedPlaceSearchRequest.swift; sourceTree = "<group>"; };
		1E7121402B616C6400758259 /* RecommendedPlaceSearchResponse.swift */ = {isa = PBXFileReference; lastKnownFileType = sourcecode.swift; path = RecommendedPlaceSearchResponse.swift; sourceTree = "<group>"; };
		1E7D43542CB4271A00DC17FA /* SearchSavedViewModel.swift */ = {isa = PBXFileReference; lastKnownFileType = sourcecode.swift; path = SearchSavedViewModel.swift; sourceTree = "<group>"; };
		1E7D43562CB43E5200DC17FA /* PlaceAboutViewModel.swift */ = {isa = PBXFileReference; lastKnownFileType = sourcecode.swift; path = PlaceAboutViewModel.swift; sourceTree = "<group>"; };
		1E7D43582CB4658800DC17FA /* DefaultLocationService.swift */ = {isa = PBXFileReference; lastKnownFileType = sourcecode.swift; path = DefaultLocationService.swift; sourceTree = "<group>"; };
		1E7D435A2CB46C0100DC17FA /* DefaultPlaceSearchService.swift */ = {isa = PBXFileReference; lastKnownFileType = sourcecode.swift; path = DefaultPlaceSearchService.swift; sourceTree = "<group>"; };
		1E7D435C2CB5258E00DC17FA /* ModelController.swift */ = {isa = PBXFileReference; lastKnownFileType = sourcecode.swift; path = ModelController.swift; sourceTree = "<group>"; };
		1E7D43602CB525EE00DC17FA /* AnalyticsService.swift */ = {isa = PBXFileReference; lastKnownFileType = sourcecode.swift; path = AnalyticsService.swift; sourceTree = "<group>"; };
		1E8E5AFA2CA03D8600B37E6A /* SearchPlacesView.swift */ = {isa = PBXFileReference; lastKnownFileType = sourcecode.swift; path = SearchPlacesView.swift; sourceTree = "<group>"; };
		1E9039782B8B650C00C3BA42 /* Know Maps ProdDebug.entitlements */ = {isa = PBXFileReference; lastKnownFileType = text.plist.entitlements; path = "Know Maps ProdDebug.entitlements"; sourceTree = "<group>"; };
		1E91AA212CA83AAF00F63C3A /* SearchSectionView.swift */ = {isa = PBXFileReference; lastKnownFileType = sourcecode.swift; path = SearchSectionView.swift; sourceTree = "<group>"; };
		1E94783C2EDB78EE002F10E3 /* InputValidationServiceV2.swift */ = {isa = PBXFileReference; lastKnownFileType = sourcecode.swift; path = InputValidationServiceV2.swift; sourceTree = "<group>"; };
		1E94783E2EDB7917002F10E3 /* UnifiedSearchIntent.swift */ = {isa = PBXFileReference; lastKnownFileType = sourcecode.swift; path = UnifiedSearchIntent.swift; sourceTree = "<group>"; };
		1E9478422EDB7970002F10E3 /* VectorEmbeddingService.swift */ = {isa = PBXFileReference; lastKnownFileType = sourcecode.swift; path = VectorEmbeddingService.swift; sourceTree = "<group>"; };
		1E9478442EDB79C8002F10E3 /* DefaultInputValidationServiceV2.swift */ = {isa = PBXFileReference; lastKnownFileType = sourcecode.swift; path = DefaultInputValidationServiceV2.swift; sourceTree = "<group>"; };
		1E9478462EDB79D7002F10E3 /* DefaultResultIndexServiceV2.swift */ = {isa = PBXFileReference; lastKnownFileType = sourcecode.swift; path = DefaultResultIndexServiceV2.swift; sourceTree = "<group>"; };
		1E9478672EE1B221002F10E3 /* LocalMapsQueryTagger.mlpackage */ = {isa = PBXFileReference; lastKnownFileType = folder.mlpackage; path = LocalMapsQueryTagger.mlpackage; sourceTree = "<group>"; };
		1E9478692EE1BBEC002F10E3 /* RecommenderCategoryConvertible.swift */ = {isa = PBXFileReference; lastKnownFileType = sourcecode.swift; path = RecommenderCategoryConvertible.swift; sourceTree = "<group>"; };
		1E94786B2EE1BCB5002F10E3 /* EventCategoryResult.swift */ = {isa = PBXFileReference; lastKnownFileType = sourcecode.swift; path = EventCategoryResult.swift; sourceTree = "<group>"; };
		1E94786D2EE1BFFB002F10E3 /* ItemMetadata.swift */ = {isa = PBXFileReference; lastKnownFileType = sourcecode.swift; path = ItemMetadata.swift; sourceTree = "<group>"; };
		1E94786F2EE1C02D002F10E3 /* UserItemInteraction.swift */ = {isa = PBXFileReference; lastKnownFileType = sourcecode.swift; path = UserItemInteraction.swift; sourceTree = "<group>"; };
		1E9478712EE1C05E002F10E3 /* AdvancedRecommenderService.swift */ = {isa = PBXFileReference; lastKnownFileType = sourcecode.swift; path = AdvancedRecommenderService.swift; sourceTree = "<group>"; };
		1E9478732EE1C881002F10E3 /* MiniLM-L12-Embedding.mlpackage */ = {isa = PBXFileReference; lastKnownFileType = folder.mlpackage; path = "MiniLM-L12-Embedding.mlpackage"; sourceTree = "<group>"; };
		1E9478752EE1C937002F10E3 /* TextEmbeddingClient.swift */ = {isa = PBXFileReference; lastKnownFileType = sourcecode.swift; path = TextEmbeddingClient.swift; sourceTree = "<group>"; };
		1E9478772EE1CA35002F10E3 /* MiniLMTokenizer.swift */ = {isa = PBXFileReference; lastKnownFileType = sourcecode.swift; path = MiniLMTokenizer.swift; sourceTree = "<group>"; };
		1E94787B2EE1CCEB002F10E3 /* vocab.txt */ = {isa = PBXFileReference; lastKnownFileType = text; path = vocab.txt; sourceTree = "<group>"; };
		1E94787D2EE1D124002F10E3 /* HybridRecommenderModel.swift */ = {isa = PBXFileReference; lastKnownFileType = sourcecode.swift; path = HybridRecommenderModel.swift; sourceTree = "<group>"; };
		1E94787F2EE1DEB5002F10E3 /* MiniLMEmbeddingClient.swift */ = {isa = PBXFileReference; lastKnownFileType = sourcecode.swift; path = MiniLMEmbeddingClient.swift; sourceTree = "<group>"; };
		1E9478812EE1EF94002F10E3 /* EmbeddingCache.swift */ = {isa = PBXFileReference; lastKnownFileType = sourcecode.swift; path = EmbeddingCache.swift; sourceTree = "<group>"; };
		1E96EE992CB527490070BCDD /* Authentication.swift */ = {isa = PBXFileReference; lastKnownFileType = sourcecode.swift; path = Authentication.swift; sourceTree = "<group>"; };
		1E96EE9B2CB528380070BCDD /* CloudCache.swift */ = {isa = PBXFileReference; lastKnownFileType = sourcecode.swift; path = CloudCache.swift; sourceTree = "<group>"; };
		1E96EE9D2CB5288B0070BCDD /* LanguageGenerator.swift */ = {isa = PBXFileReference; lastKnownFileType = sourcecode.swift; path = LanguageGenerator.swift; sourceTree = "<group>"; };
		1E96EE9F2CB52A0C0070BCDD /* CacheManager.swift */ = {isa = PBXFileReference; lastKnownFileType = sourcecode.swift; path = CacheManager.swift; sourceTree = "<group>"; };
		1E98C7D02B18DC4100283E92 /* AssistiveChatHostStreamResponseDelegate.swift */ = {isa = PBXFileReference; lastKnownFileType = sourcecode.swift; path = AssistiveChatHostStreamResponseDelegate.swift; sourceTree = "<group>"; };
		1E98C7D22B18DC7400283E92 /* AssistiveChatHostIntent.swift */ = {isa = PBXFileReference; lastKnownFileType = sourcecode.swift; path = AssistiveChatHostIntent.swift; sourceTree = "<group>"; };
		1E98C7D42B18DC9600283E92 /* AssistiveChatHostMessagesDelegate.swift */ = {isa = PBXFileReference; lastKnownFileType = sourcecode.swift; path = AssistiveChatHostMessagesDelegate.swift; sourceTree = "<group>"; };
		1EA588CE2B065D8B006B1F8F /* AssistiveChatHost.swift */ = {isa = PBXFileReference; lastKnownFileType = sourcecode.swift; path = AssistiveChatHost.swift; sourceTree = "<group>"; };
		1EA588D22B09326E006B1F8F /* PlaceView.swift */ = {isa = PBXFileReference; lastKnownFileType = sourcecode.swift; path = PlaceView.swift; sourceTree = "<group>"; };
		1EA7F74C2B03FA71002AE371 /* Know_Maps.swift */ = {isa = PBXFileReference; lastKnownFileType = sourcecode.swift; path = Know_Maps.swift; sourceTree = "<group>"; };
		1EA7F74E2B03FA71002AE371 /* ContentView.swift */ = {isa = PBXFileReference; lastKnownFileType = sourcecode.swift; path = ContentView.swift; sourceTree = "<group>"; };
		1EA7F7502B03FA71002AE371 /* ImmersiveView.swift */ = {isa = PBXFileReference; lastKnownFileType = sourcecode.swift; path = ImmersiveView.swift; sourceTree = "<group>"; };
		1EA7F7572B03FA72002AE371 /* Info.plist */ = {isa = PBXFileReference; lastKnownFileType = text.plist.xml; path = Info.plist; sourceTree = "<group>"; };
		1EA7F76A2B04FF4D002AE371 /* MapResultsView.swift */ = {isa = PBXFileReference; lastKnownFileType = sourcecode.swift; path = MapResultsView.swift; sourceTree = "<group>"; };
		1EA7F76C2B04FFD9002AE371 /* SearchView.swift */ = {isa = PBXFileReference; lastKnownFileType = sourcecode.swift; path = SearchView.swift; sourceTree = "<group>"; };
		1EA7F7702B051BDE002AE371 /* PlacesList.swift */ = {isa = PBXFileReference; lastKnownFileType = sourcecode.swift; path = PlacesList.swift; sourceTree = "<group>"; };
		1EA7F7722B052D92002AE371 /* LanguageGeneratorRequest.swift */ = {isa = PBXFileReference; fileEncoding = 4; lastKnownFileType = sourcecode.swift; path = LanguageGeneratorRequest.swift; sourceTree = "<group>"; };
		1EA7F7732B052D92002AE371 /* PlacePhotoResponse.swift */ = {isa = PBXFileReference; fileEncoding = 4; lastKnownFileType = sourcecode.swift; path = PlacePhotoResponse.swift; sourceTree = "<group>"; };
		1EA7F7742B052D92002AE371 /* LanguageGeneratorSession.swift */ = {isa = PBXFileReference; fileEncoding = 4; lastKnownFileType = sourcecode.swift; path = LanguageGeneratorSession.swift; sourceTree = "<group>"; };
		1EA7F7752B052D92002AE371 /* PlaceSearchSession.swift */ = {isa = PBXFileReference; fileEncoding = 4; lastKnownFileType = sourcecode.swift; path = PlaceSearchSession.swift; sourceTree = "<group>"; };
		1EA7F7762B052D92002AE371 /* LanguageGeneratorService.swift */ = {isa = PBXFileReference; fileEncoding = 4; lastKnownFileType = sourcecode.swift; path = LanguageGeneratorService.swift; sourceTree = "<group>"; };
		1EA7F7772B052D92002AE371 /* PlaceDetailsRequest.swift */ = {isa = PBXFileReference; fileEncoding = 4; lastKnownFileType = sourcecode.swift; path = PlaceDetailsRequest.swift; sourceTree = "<group>"; };
		1EA7F7782B052D92002AE371 /* integrated_category_taxonomy.json */ = {isa = PBXFileReference; fileEncoding = 4; lastKnownFileType = text.json; path = integrated_category_taxonomy.json; sourceTree = "<group>"; };
		1EA7F7792B052D92002AE371 /* PlaceTipsResponse.swift */ = {isa = PBXFileReference; fileEncoding = 4; lastKnownFileType = sourcecode.swift; path = PlaceTipsResponse.swift; sourceTree = "<group>"; };
		1EA7F77A2B052D92002AE371 /* LocationProvider.swift */ = {isa = PBXFileReference; fileEncoding = 4; lastKnownFileType = sourcecode.swift; path = LocationProvider.swift; sourceTree = "<group>"; };
		1EA7F77C2B052D92002AE371 /* PlaceDetailsResponse.swift */ = {isa = PBXFileReference; fileEncoding = 4; lastKnownFileType = sourcecode.swift; path = PlaceDetailsResponse.swift; sourceTree = "<group>"; };
		1EA7F77E2B052D92002AE371 /* PlaceResponseFormatter.swift */ = {isa = PBXFileReference; fileEncoding = 4; lastKnownFileType = sourcecode.swift; path = PlaceResponseFormatter.swift; sourceTree = "<group>"; };
		1EA7F77F2B052D92002AE371 /* PlaceSearchResponse.swift */ = {isa = PBXFileReference; fileEncoding = 4; lastKnownFileType = sourcecode.swift; path = PlaceSearchResponse.swift; sourceTree = "<group>"; };
		1EA7F7802B052D92002AE371 /* PlaceSearchRequest.swift */ = {isa = PBXFileReference; fileEncoding = 4; lastKnownFileType = sourcecode.swift; path = PlaceSearchRequest.swift; sourceTree = "<group>"; };
		1EA7F7812B052D92002AE371 /* ChatResult.swift */ = {isa = PBXFileReference; fileEncoding = 4; lastKnownFileType = sourcecode.swift; path = ChatResult.swift; sourceTree = "<group>"; };
		1EA7F7822B052D92002AE371 /* ChatResultViewModel.swift */ = {isa = PBXFileReference; fileEncoding = 4; lastKnownFileType = sourcecode.swift; path = ChatResultViewModel.swift; sourceTree = "<group>"; };
		1EA7F7942B052DE4002AE371 /* AssistiveChatHostQueryParameters.swift */ = {isa = PBXFileReference; fileEncoding = 4; lastKnownFileType = sourcecode.swift; path = AssistiveChatHostQueryParameters.swift; sourceTree = "<group>"; };
		1EA7F7952B052DE4002AE371 /* AssistiveChatHostService.swift */ = {isa = PBXFileReference; fileEncoding = 4; lastKnownFileType = sourcecode.swift; path = AssistiveChatHostService.swift; sourceTree = "<group>"; };
		1EA7F7982B052E0C002AE371 /* LocalMapsQueryClassifier.mlmodel */ = {isa = PBXFileReference; lastKnownFileType = file.mlmodel; path = LocalMapsQueryClassifier.mlmodel; sourceTree = "<group>"; };
		1EB4EE862B4EC072003AD112 /* PersonalizedSearchSession.swift */ = {isa = PBXFileReference; lastKnownFileType = sourcecode.swift; path = PersonalizedSearchSession.swift; sourceTree = "<group>"; };
		1EC719A52EF97ECD003632D8 /* FoursquareSectionClassifier.mlmodel */ = {isa = PBXFileReference; lastKnownFileType = file.mlmodel; name = FoursquareSectionClassifier.mlmodel; path = ML/FoursquareSectionClassifier.mlmodel; sourceTree = "<group>"; };
		1EC83C8D2EA7E67700212057 /* ConfiguredSearchSession.swift */ = {isa = PBXFileReference; lastKnownFileType = sourcecode.swift; path = ConfiguredSearchSession.swift; sourceTree = "<group>"; };
		1EDF93C52CB52CC200FDCFDF /* LocationService.swift */ = {isa = PBXFileReference; lastKnownFileType = sourcecode.swift; path = LocationService.swift; sourceTree = "<group>"; };
		1EDF93C92CB52DC100FDCFDF /* FeatureFlag.swift */ = {isa = PBXFileReference; lastKnownFileType = sourcecode.swift; path = FeatureFlag.swift; sourceTree = "<group>"; };
		1EDF93CB2CB52E5900FDCFDF /* PlaceSearchService.swift */ = {isa = PBXFileReference; lastKnownFileType = sourcecode.swift; path = PlaceSearchService.swift; sourceTree = "<group>"; };
		1EDF93CE2CB52F1600FDCFDF /* DefaultModelController.swift */ = {isa = PBXFileReference; lastKnownFileType = sourcecode.swift; path = DefaultModelController.swift; sourceTree = "<group>"; };
		1EE068852B0CE74C0016851A /* PlaceAboutView.swift */ = {isa = PBXFileReference; lastKnownFileType = sourcecode.swift; path = PlaceAboutView.swift; sourceTree = "<group>"; };
		1EE068872B0D1ADB0016851A /* SettingsView.swift */ = {isa = PBXFileReference; lastKnownFileType = sourcecode.swift; path = SettingsView.swift; sourceTree = "<group>"; };
		1EE068892B0D1E2B0016851A /* PlaceDirectionsView.swift */ = {isa = PBXFileReference; lastKnownFileType = sourcecode.swift; path = PlaceDirectionsView.swift; sourceTree = "<group>"; };
		1EE0688B2B0D1E930016851A /* PlacePhotosView.swift */ = {isa = PBXFileReference; lastKnownFileType = sourcecode.swift; path = PlacePhotosView.swift; sourceTree = "<group>"; };
		1EE0688D2B0D1EB40016851A /* PlaceTipsView.swift */ = {isa = PBXFileReference; lastKnownFileType = sourcecode.swift; path = PlaceTipsView.swift; sourceTree = "<group>"; };
		1EE0688F2B0E57AD0016851A /* CategoryResult.swift */ = {isa = PBXFileReference; lastKnownFileType = sourcecode.swift; path = CategoryResult.swift; sourceTree = "<group>"; };
		1EE068912B0FBADE0016851A /* ChatRouteResult.swift */ = {isa = PBXFileReference; lastKnownFileType = sourcecode.swift; path = ChatRouteResult.swift; sourceTree = "<group>"; };
		1EE068932B100CE30016851A /* PlaceDirectionsViewModel.swift */ = {isa = PBXFileReference; lastKnownFileType = sourcecode.swift; path = PlaceDirectionsViewModel.swift; sourceTree = "<group>"; };
		1EE068972B121F710016851A /* LocationResult.swift */ = {isa = PBXFileReference; lastKnownFileType = sourcecode.swift; path = LocationResult.swift; sourceTree = "<group>"; };
		1EEC48182B45A4B300248D69 /* UserCachedRecord.swift */ = {isa = PBXFileReference; lastKnownFileType = sourcecode.swift; path = UserCachedRecord.swift; sourceTree = "<group>"; };
		7E0F1A35D62B55EAE21375A3 /* KnowMapsCoreMLModels.swift */ = {isa = PBXFileReference; lastKnownFileType = sourcecode.swift; name = KnowMapsCoreMLModels.swift; path = "Know Maps Prod/Model/Controllers/KnowMapsCoreMLModels.swift"; sourceTree = SOURCE_ROOT; };
		A14BF342462726858BA01ED8 /* KnowMapsPlaceSnapshot.swift */ = {isa = PBXFileReference; lastKnownFileType = sourcecode.swift; name = KnowMapsPlaceSnapshot.swift; path = "Know Maps Prod/Model/Models/KnowMapsPlaceSnapshot.swift"; sourceTree = SOURCE_ROOT; };
		B0A1B2C3D4E5F60718293A30 /* knowmaps.swift */ = {isa = PBXFileReference; lastKnownFileType = sourcecode.swift; path = knowmaps.swift; sourceTree = "<group>"; };
		B0A1B2C3D4E5F60718293A31 /* knowmapsTests.swift */ = {isa = PBXFileReference; lastKnownFileType = sourcecode.swift; path = knowmapsTests.swift; sourceTree = "<group>"; };
/* End PBXFileReference section */

/* Begin PBXFrameworksBuildPhase section */
		1E15EDE22EF96C59009384CA /* Frameworks */ = {
			isa = PBXFrameworksBuildPhase;
			buildActionMask = 2147483647;
			files = (
				B0A1B2C3D4E5F60718293A42 /* NukeUI in Frameworks */,
				B0A1B2C3D4E5F60718293A43 /* Segment in Frameworks */,
				B0A1B2C3D4E5F60718293A44 /* Supabase in Frameworks */,
			);
			runOnlyForDeploymentPostprocessing = 0;
		};
		1E15EDEC2EF96C59009384CA /* Frameworks */ = {
			isa = PBXFrameworksBuildPhase;
			buildActionMask = 2147483647;
			files = (
				1E15EDF02EF96C59009384CA /* knowmaps.framework in Frameworks */,
			);
			runOnlyForDeploymentPostprocessing = 0;
		};
/* End PBXFrameworksBuildPhase section */

/* Begin PBXGroup section */
		1E095AF92B778AEF00147119 /* Know Maps Prod */ = {
			isa = PBXGroup;
			children = (
				1E9039782B8B650C00C3BA42 /* Know Maps ProdDebug.entitlements */,
				1E095B002B778AF000147119 /* Know_Maps_Prod.entitlements */,
				1EA7F74C2B03FA71002AE371 /* Know_Maps.swift */,
				1EA7F76F2B050610002AE371 /* Model */,
				1EA7F76E2B050065002AE371 /* View */,
				1EA7F7572B03FA72002AE371 /* Info.plist */,
				1E095AFE2B778AF000147119 /* Assets.xcassets */,
				1E095B012B778AF000147119 /* Preview Content */,
			);
			path = "Know Maps Prod";
			sourceTree = "<group>";
		};
		1E095B012B778AF000147119 /* Preview Content */ = {
			isa = PBXGroup;
			children = (
				1E095B022B778AF000147119 /* Preview Assets.xcassets */,
			);
			path = "Preview Content";
			sourceTree = "<group>";
		};
		1E98C7D82B18E0A100283E92 /* Models */ = {
			isa = PBXGroup;
			children = (
				1E0112C02EF2D11300A94FCF /* FoundationModelsIntentClassifier.swift */,
				1E9478812EE1EF94002F10E3 /* EmbeddingCache.swift */,
				1E94787B2EE1CCEB002F10E3 /* vocab.txt */,
				1E94786F2EE1C02D002F10E3 /* UserItemInteraction.swift */,
				1E94786D2EE1BFFB002F10E3 /* ItemMetadata.swift */,
				1E94786B2EE1BCB5002F10E3 /* EventCategoryResult.swift */,
				1E98C7D22B18DC7400283E92 /* AssistiveChatHostIntent.swift */,
				1EA7F7942B052DE4002AE371 /* AssistiveChatHostQueryParameters.swift */,
				1EE0688F2B0E57AD0016851A /* CategoryResult.swift */,
				1EA7F7812B052D92002AE371 /* ChatResult.swift */,
				1EE068912B0FBADE0016851A /* ChatRouteResult.swift */,
				1EA7F7722B052D92002AE371 /* LanguageGeneratorRequest.swift */,
				1EE068972B121F710016851A /* LocationResult.swift */,
				1E3FE0562CB854FD0020B3CB /* PersonalizedSearchSection.swift */,
				1EA7F7772B052D92002AE371 /* PlaceDetailsRequest.swift */,
				1EA7F77C2B052D92002AE371 /* PlaceDetailsResponse.swift */,
				1EA7F7732B052D92002AE371 /* PlacePhotoResponse.swift */,
				1EA7F7802B052D92002AE371 /* PlaceSearchRequest.swift */,
				1EA7F77F2B052D92002AE371 /* PlaceSearchResponse.swift */,
				1EA7F7792B052D92002AE371 /* PlaceTipsResponse.swift */,
				1EA7F77E2B052D92002AE371 /* PlaceResponseFormatter.swift */,
				1E3FE00F2CB69FFC0020B3CB /* RecommendationData.swift */,
				1E71213C2B6160A500758259 /* RecommendedPlaceSearchRequest.swift */,
				1E7121402B616C6400758259 /* RecommendedPlaceSearchResponse.swift */,
				1EEC48182B45A4B300248D69 /* UserCachedRecord.swift */,
				1E94783E2EDB7917002F10E3 /* UnifiedSearchIntent.swift */,
				1EC83C8D2EA7E67700212057 /* ConfiguredSearchSession.swift */,
				1E9478422EDB7970002F10E3 /* VectorEmbeddingService.swift */,
			);
			path = Models;
			sourceTree = "<group>";
		};
		1E98C7D92B18E11200283E92 /* ViewModels */ = {
			isa = PBXGroup;
			children = (
				1E7D43562CB43E5200DC17FA /* PlaceAboutViewModel.swift */,
				1E7D43542CB4271A00DC17FA /* SearchSavedViewModel.swift */,
				1EA7F7822B052D92002AE371 /* ChatResultViewModel.swift */,
				1EE068932B100CE30016851A /* PlaceDirectionsViewModel.swift */,
			);
			path = ViewModels;
			sourceTree = "<group>";
		};
		1E98C7DA2B18E15600283E92 /* Controllers */ = {
			isa = PBXGroup;
			children = (
				1E94787D2EE1D124002F10E3 /* HybridRecommenderModel.swift */,
				1E9478772EE1CA35002F10E3 /* MiniLMTokenizer.swift */,
				1E94787F2EE1DEB5002F10E3 /* MiniLMEmbeddingClient.swift */,
				1E9478752EE1C937002F10E3 /* TextEmbeddingClient.swift */,
				1E9478712EE1C05E002F10E3 /* AdvancedRecommenderService.swift */,
				1E583F7C2B1671F300B2EC26 /* AppleAuthenticationService.swift */,
				1E3FE0542CB852000020B3CB /* AppShortcuts.swift */,
				1EA7F7952B052DE4002AE371 /* AssistiveChatHostService.swift */,
				1E007ACB2CB4089400A8DC5A /* CloudCacheManager.swift */,
				1E7D43582CB4658800DC17FA /* DefaultLocationService.swift */,
				1E9478442EDB79C8002F10E3 /* DefaultInputValidationServiceV2.swift */,
				1EDF93CE2CB52F1600FDCFDF /* DefaultModelController.swift */,
				1E7D435A2CB46C0100DC17FA /* DefaultPlaceSearchService.swift */,
				1E7121382B61472800758259 /* FeatureFlagsService.swift */,
				1EA7F7782B052D92002AE371 /* integrated_category_taxonomy.json */,
				1EA7F7762B052D92002AE371 /* LanguageGeneratorService.swift */,
				1EA7F77A2B052D92002AE371 /* LocationProvider.swift */,
				1EA7F7982B052E0C002AE371 /* LocalMapsQueryClassifier.mlmodel */,
				1E9478672EE1B221002F10E3 /* LocalMapsQueryTagger.mlpackage */,
				1E9478732EE1C881002F10E3 /* MiniLM-L12-Embedding.mlpackage */,
				1E3FE0132CB6C6B60020B3CB /* DefaultRecommenderService.swift */,
				1E9478462EDB79D7002F10E3 /* DefaultResultIndexServiceV2.swift */,
				1E007ACD2CB40B1900A8DC5A /* SegmentAnalyticsService.swift */,
			);
			path = Controllers;
			sourceTree = "<group>";
		};
		1EA588CD2B065D5F006B1F8F /* Protocols */ = {
			isa = PBXGroup;
			children = (
				1E9478692EE1BBEC002F10E3 /* RecommenderCategoryConvertible.swift */,
				1E94783C2EDB78EE002F10E3 /* InputValidationServiceV2.swift */,
				1E3FE0112CB6C52C0020B3CB /* RecommenderService.swift */,
				1E96EE992CB527490070BCDD /* Authentication.swift */,
				1E7D43602CB525EE00DC17FA /* AnalyticsService.swift */,
				1EA588CE2B065D8B006B1F8F /* AssistiveChatHost.swift */,
				1E98C7D02B18DC4100283E92 /* AssistiveChatHostStreamResponseDelegate.swift */,
				1E98C7D42B18DC9600283E92 /* AssistiveChatHostMessagesDelegate.swift */,
				1E96EE9F2CB52A0C0070BCDD /* CacheManager.swift */,
				1E96EE9B2CB528380070BCDD /* CloudCache.swift */,
				1EDF93C92CB52DC100FDCFDF /* FeatureFlag.swift */,
				1E96EE9D2CB5288B0070BCDD /* LanguageGenerator.swift */,
				1EDF93C52CB52CC200FDCFDF /* LocationService.swift */,
				1E7D435C2CB5258E00DC17FA /* ModelController.swift */,
				1EDF93CB2CB52E5900FDCFDF /* PlaceSearchService.swift */,
				1E5894DA2EEF160500D6BB98 /* ResultIndexServiceV2.swift */,
			);
			path = Protocols;
			sourceTree = "<group>";
		};
		1EA7F73C2B03FA70002AE371 = {
			isa = PBXGroup;
			children = (
				1E1E31102CC19E1B00A23434 /* Know-Maps-Info.plist */,
				1E095AF92B778AEF00147119 /* Know Maps Prod */,
				B0A1B2C3D4E5F60718293A60 /* knowmaps */,
				B0A1B2C3D4E5F60718293A61 /* knowmapsTests */,
				1EA7F7462B03FA70002AE371 /* Products */,
				1EC719A42EF97E55003632D8 /* Recovered References */,
			);
			sourceTree = "<group>";
		};
		1EA7F7462B03FA70002AE371 /* Products */ = {
			isa = PBXGroup;
			children = (
				1E15EDE52EF96C59009384CA /* knowmaps.framework */,
				1E15EDEF2EF96C59009384CA /* knowmapsTests.xctest */,
			);
			name = Products;
			sourceTree = "<group>";
		};
		1EA7F76E2B050065002AE371 /* View */ = {
			isa = PBXGroup;
			children = (
				1E630C832B1636E400A57CCB /* ActivityViewController.swift */,
				1E6944532CBA780A0017A81F /* AddCategoryView.swift */,
				1E6944572CBA78560017A81F /* AddPlaceView.swift */,
				1E69444F2CBA73060017A81F /* AddPromptView.swift */,
				1E6944552CBA78330017A81F /* AddTasteView.swift */,
				1EA7F74E2B03FA71002AE371 /* ContentView.swift */,
				1E69444B2CB993C70017A81F /* FiltersView.swift */,
				1EA7F7502B03FA71002AE371 /* ImmersiveView.swift */,
				1E601F5C2CB0512900E320D7 /* GoogleBannerView.swift */,
				1EA7F76A2B04FF4D002AE371 /* MapResultsView.swift */,
				1E26C7B32B2C79150050EC6A /* NavigationLocationView.swift */,
				1E1F5E442B725D56008B6BAD /* OnboardingView.swift */,
				1E1F5E502B726680008B6BAD /* OnboardingLocationView.swift */,
				1E1F5E482B725FBB008B6BAD /* OnboardingSignInView.swift */,
				1E1F5E542B72694A008B6BAD /* OnboardingSubscriptionView.swift */,
				1EA7F7702B051BDE002AE371 /* PlacesList.swift */,
				1EA588D22B09326E006B1F8F /* PlaceView.swift */,
				1EE068852B0CE74C0016851A /* PlaceAboutView.swift */,
				1E7121342B60136200758259 /* PlaceDescriptionView.swift */,
				1EE068892B0D1E2B0016851A /* PlaceDirectionsView.swift */,
				1EE0688B2B0D1E930016851A /* PlacePhotosView.swift */,
				1EE0688D2B0D1EB40016851A /* PlaceTipsView.swift */,
				1E5F4AF72EE2E3770077BA28 /* RatingButton.swift */,
				1E3FE0152CB7F7B20020B3CB /* SavedListView.swift */,
				1EE068872B0D1ADB0016851A /* SettingsView.swift */,
				1EA7F76C2B04FFD9002AE371 /* SearchView.swift */,
				1E91AA212CA83AAF00F63C3A /* SearchSectionView.swift */,
				1E70B4C42B50103C00F1F9F5 /* SearchCategoryView.swift */,
				1E70B4D02B50120500F1F9F5 /* SearchTasteView.swift */,
				1E8E5AFA2CA03D8600B37E6A /* SearchPlacesView.swift */,
			);
			path = View;
			sourceTree = "<group>";
		};
		1EA7F76F2B050610002AE371 /* Model */ = {
			isa = PBXGroup;
			children = (
				1EDF93CD2CB52E9800FDCFDF /* Network */,
				1E98C7DA2B18E15600283E92 /* Controllers */,
				1E98C7D92B18E11200283E92 /* ViewModels */,
				1E98C7D82B18E0A100283E92 /* Models */,
				1EA588CD2B065D5F006B1F8F /* Protocols */,
				A513DA3C9390CF09595D23C3 /* ML */,
			);
			path = Model;
			sourceTree = "<group>";
		};
		1EC719A42EF97E55003632D8 /* Recovered References */ = {
			isa = PBXGroup;
			children = (
				A14BF342462726858BA01ED8 /* KnowMapsPlaceSnapshot.swift */,
				1C9E979859B904129199B272 /* PromptRankingView.swift */,
				7E0F1A35D62B55EAE21375A3 /* KnowMapsCoreMLModels.swift */,
			);
			name = "Recovered References";
			sourceTree = "<group>";
		};
		1EDF93CD2CB52E9800FDCFDF /* Network */ = {
			isa = PBXGroup;
			children = (
				1EA7F7742B052D92002AE371 /* LanguageGeneratorSession.swift */,
				1EA7F7752B052D92002AE371 /* PlaceSearchSession.swift */,
				1EB4EE862B4EC072003AD112 /* PersonalizedSearchSession.swift */,
				1E630C852B16440100A57CCB /* CloudCacheService.swift */,
			);
			path = Network;
			sourceTree = "<group>";
		};
		A513DA3C9390CF09595D23C3 /* ML */ = {
			isa = PBXGroup;
			children = (
				1EC719A52EF97ECD003632D8 /* FoursquareSectionClassifier.mlmodel */,
			);
			name = ML;
			sourceTree = "<group>";
		};
		B0A1B2C3D4E5F60718293A60 /* knowmaps */ = {
			isa = PBXGroup;
			children = (
				B0A1B2C3D4E5F60718293A30 /* knowmaps.swift */,
			);
			path = knowmaps;
			sourceTree = "<group>";
		};
		B0A1B2C3D4E5F60718293A61 /* knowmapsTests */ = {
			isa = PBXGroup;
			children = (
				B0A1B2C3D4E5F60718293A31 /* knowmapsTests.swift */,
			);
			path = knowmapsTests;
			sourceTree = "<group>";
		};
/* End PBXGroup section */

/* Begin PBXHeadersBuildPhase section */
		1E15EDE02EF96C59009384CA /* Headers */ = {
			isa = PBXHeadersBuildPhase;
			buildActionMask = 2147483647;
			files = (
			);
			runOnlyForDeploymentPostprocessing = 0;
		};
/* End PBXHeadersBuildPhase section */

/* Begin PBXNativeTarget section */
		1E15EDE42EF96C59009384CA /* knowmaps */ = {
			isa = PBXNativeTarget;
			buildConfigurationList = 1E15EDFC2EF96C59009384CA /* Build configuration list for PBXNativeTarget "knowmaps" */;
			buildPhases = (
				1E15EDE02EF96C59009384CA /* Headers */,
				1E15EDE12EF96C59009384CA /* Sources */,
				1E15EDE22EF96C59009384CA /* Frameworks */,
				1E15EDE32EF96C59009384CA /* Resources */,
			);
			buildRules = (
			);
			dependencies = (
			);
			name = knowmaps;
			packageProductDependencies = (
				B0A1B2C3D4E5F60718293A50 /* NukeUI */,
				B0A1B2C3D4E5F60718293A51 /* Segment */,
				B0A1B2C3D4E5F60718293A52 /* Supabase */,
			);
			productName = knowmaps;
			productReference = 1E15EDE52EF96C59009384CA /* knowmaps.framework */;
			productType = "com.apple.product-type.framework";
		};
		1E15EDEE2EF96C59009384CA /* knowmapsTests */ = {
			isa = PBXNativeTarget;
			buildConfigurationList = 1E15EE002EF96C59009384CA /* Build configuration list for PBXNativeTarget "knowmapsTests" */;
			buildPhases = (
				1E15EDEB2EF96C59009384CA /* Sources */,
				1E15EDEC2EF96C59009384CA /* Frameworks */,
				1E15EDED2EF96C59009384CA /* Resources */,
			);
			buildRules = (
			);
			dependencies = (
				1E15EDF22EF96C59009384CA /* PBXTargetDependency */,
			);
			name = knowmapsTests;
			packageProductDependencies = (
			);
			productName = knowmapsTests;
			productReference = 1E15EDEF2EF96C59009384CA /* knowmapsTests.xctest */;
			productType = "com.apple.product-type.bundle.unit-test";
		};
/* End PBXNativeTarget section */

/* Begin PBXProject section */
		1EA7F73D2B03FA70002AE371 /* Project object */ = {
			isa = PBXProject;
			attributes = {
				BuildIndependentTargetsInParallel = 1;
				KnownAssetTags = (
					New,
					"New-1",
				);
				LastSwiftUpdateCheck = 2620;
				LastUpgradeCheck = 2620;
				TargetAttributes = {
					1E15EDE42EF96C59009384CA = {
						CreatedOnToolsVersion = 26.2;
					};
					1E15EDEE2EF96C59009384CA = {
						CreatedOnToolsVersion = 26.2;
						TestTargetID = 1E095AF72B778AEF00147119;
					};
				};
			};
			buildConfigurationList = 1EA7F7402B03FA70002AE371 /* Build configuration list for PBXProject "Know Maps" */;
			compatibilityVersion = "Xcode 14.0";
			developmentRegion = en;
			hasScannedForEncodings = 0;
			knownRegions = (
				en,
				Base,
			);
			mainGroup = 1EA7F73C2B03FA70002AE371;
			packageReferences = (
				1E213E152CAD81F600B93697 /* XCRemoteSwiftPackageReference "analytics-swift" */,
				1E1E310B2CC1954F00A23434 /* XCRemoteSwiftPackageReference "Nuke" */,
				1EFFBB2C2E83EAA90088882B /* XCRemoteSwiftPackageReference "supabase-swift" */,
			);
			productRefGroup = 1EA7F7462B03FA70002AE371 /* Products */;
			projectDirPath = "";
			projectRoot = "";
			targets = (
				1E15EDE42EF96C59009384CA /* knowmaps */,
				1E15EDEE2EF96C59009384CA /* knowmapsTests */,
			);
		};
/* End PBXProject section */

/* Begin PBXResourcesBuildPhase section */
		1E15EDE32EF96C59009384CA /* Resources */ = {
			isa = PBXResourcesBuildPhase;
			buildActionMask = 2147483647;
			files = (
				1FF7B7F3A2B3C4D5E6F70819 /* LocalMapsQueryTagger.mlpackage in Resources */,
				1FF7B7F4A2B3C4D5E6F70819 /* MiniLM-L12-Embedding.mlpackage in Resources */,
			);
			runOnlyForDeploymentPostprocessing = 0;
		};
		1E15EDED2EF96C59009384CA /* Resources */ = {
			isa = PBXResourcesBuildPhase;
			buildActionMask = 2147483647;
			files = (
			);
			runOnlyForDeploymentPostprocessing = 0;
		};
/* End PBXResourcesBuildPhase section */

/* Begin PBXSourcesBuildPhase section */
		1E15EDE12EF96C59009384CA /* Sources */ = {
			isa = PBXSourcesBuildPhase;
			buildActionMask = 2147483647;
			files = (
				B0A1B2C3D4E5F60718293A40 /* knowmaps.swift in Sources */,
				E293787E2A3CC6B172A2292F /* Know_Maps.swift in Sources */,
				DE8277A116B296CD42FD53C3 /* AdvancedRecommenderService.swift in Sources */,
				C875D7D9B17072385E8D2214 /* AppShortcuts.swift in Sources */,
				DE3AE91471E3D7EA042C7E7B /* AppleAuthenticationService.swift in Sources */,
				C1F159BB51D23D4AA8443068 /* AssistiveChatHostService.swift in Sources */,
				271CE477283FBFCA952CCBF4 /* CloudCacheManager.swift in Sources */,
				83BB5784ADBC196A89270AC2 /* DefaultInputValidationServiceV2.swift in Sources */,
				7EF720E53FFBD8E66D8A6283 /* DefaultLocationService.swift in Sources */,
				E7CD5355B991F3F264101FE0 /* DefaultModelController.swift in Sources */,
				31286BEE77F7481F12585F65 /* DefaultPlaceSearchService.swift in Sources */,
				497300EBCF7A9D42D77FBD8F /* DefaultRecommenderService.swift in Sources */,
				5176F27A65AEBC2F9DF2F30E /* DefaultResultIndexServiceV2.swift in Sources */,
				7B2A87808A15DC0588D2012C /* FeatureFlagsService.swift in Sources */,
				7362BDD4DC51E7DF756ACCC0 /* HybridRecommenderModel.swift in Sources */,
				F94DF3E20FE772113CBB817A /* LanguageGeneratorService.swift in Sources */,
				4FBB2BBF7854D4274AFE8B4F /* LocationProvider.swift in Sources */,
				5239D28B2832C5D9DB257C71 /* MiniLMEmbeddingClient.swift in Sources */,
				A4072F0FB7A00DD421CA68C6 /* MiniLMTokenizer.swift in Sources */,
				E0B080B4E6365C603BFFA139 /* SegmentAnalyticsService.swift in Sources */,
				A820D0A7CB0F496F9C2E61BB /* TextEmbeddingClient.swift in Sources */,
				026A1E5C6F4A37C70F806BDF /* AssistiveChatHostIntent.swift in Sources */,
				4A39E8CAC4C8287DC9CB3B6F /* AssistiveChatHostQueryParameters.swift in Sources */,
				A53B7F31831766172889C09A /* CategoryResult.swift in Sources */,
				B229FB99A43097FFDDE1D0CF /* ChatResult.swift in Sources */,
				8C6E16DCA8780482349D19E1 /* ChatRouteResult.swift in Sources */,
				BA169ECC9D59D08F0DAAAD8E /* ConfiguredSearchSession.swift in Sources */,
				04B5BDECA905BD0CCB1FC578 /* EmbeddingCache.swift in Sources */,
				869F199411143A65787561D8 /* EventCategoryResult.swift in Sources */,
				DD66955FE027D6C84F59A2CC /* FoundationModelsIntentClassifier.swift in Sources */,
				C91227D3C9D422ED465B3937 /* ItemMetadata.swift in Sources */,
				4C7DAC3D3FA32A0267881A5A /* KnowMapsPlaceSnapshot.swift in Sources */,
				875942CB6390E25B58C147F5 /* LanguageGeneratorRequest.swift in Sources */,
				9430FC84DCFD0C82290ECC1E /* LocationResult.swift in Sources */,
				095FAD5A38BDE58B32C3D56C /* PersonalizedSearchSection.swift in Sources */,
				C907C75FDAF0A90B2DF57FDC /* PlaceDetailsRequest.swift in Sources */,
				ADB850E3AE3CCEA8F9817E40 /* PlaceDetailsResponse.swift in Sources */,
				015E1F23F0B063E5CEA5BD8B /* PlacePhotoResponse.swift in Sources */,
				83012C990FB3F0E663E201F8 /* PlaceResponseFormatter.swift in Sources */,
				424BB14C2B299C264DC188BA /* PlaceSearchRequest.swift in Sources */,
				25DCF52AEF8156B9C630464D /* PlaceSearchResponse.swift in Sources */,
				069DDAF0E435F942FACDD14B /* PlaceTipsResponse.swift in Sources */,
				3125C6719816CA584B527516 /* RecommendationData.swift in Sources */,
				79C9E1B65A91FE090BC81DF5 /* RecommendedPlaceSearchRequest.swift in Sources */,
				5A7D6A12125B4F20EB9BCD45 /* RecommendedPlaceSearchResponse.swift in Sources */,
				035C57F056A0F0C49F845865 /* UnifiedSearchIntent.swift in Sources */,
				CC82AC6A238B380855EAB745 /* UserCachedRecord.swift in Sources */,
				4F9E429525A1856971251682 /* UserItemInteraction.swift in Sources */,
				CCE0DA2DD69A1C99C9BDA2DA /* VectorEmbeddingService.swift in Sources */,
				E1AF3C67EF995C631BDBF31D /* CloudCacheService.swift in Sources */,
				B0DD27CABAF330E721183626 /* LanguageGeneratorSession.swift in Sources */,
				0876920A70DAD5FE3F630AF3 /* PersonalizedSearchSession.swift in Sources */,
				349E70EB12FF3DAFB953032A /* PlaceSearchSession.swift in Sources */,
				E85554B679F27F4E3ECF7605 /* AnalyticsService.swift in Sources */,
				57EE33899E187BB4633D0265 /* AssistiveChatHost.swift in Sources */,
				3DAFC5FB53F1E2AF329A7145 /* AssistiveChatHostMessagesDelegate.swift in Sources */,
				2ACD641163FA054DC099B665 /* AssistiveChatHostStreamResponseDelegate.swift in Sources */,
				8F073E00209CE336A4DCE289 /* Authentication.swift in Sources */,
				36737C27A130E870C0C01F14 /* CacheManager.swift in Sources */,
				995F595E56DBEE787C926AFD /* CloudCache.swift in Sources */,
				ABB3D250F4F9B3F1C84A477A /* FeatureFlag.swift in Sources */,
				71862AE86F913E1633AA0248 /* InputValidationServiceV2.swift in Sources */,
				0735F37319AC283E0F41DFA7 /* LanguageGenerator.swift in Sources */,
				A5608EA4BED67859C9FEA4D9 /* LocationService.swift in Sources */,
				B686931398501EB190B8FF2B /* ModelController.swift in Sources */,
				5D3280D6F8BBD79357CE5DC6 /* PlaceSearchService.swift in Sources */,
				48E2A0AA95552D480EC424E5 /* RecommenderCategoryConvertible.swift in Sources */,
				95D91BEB09D986B5579B50B2 /* RecommenderService.swift in Sources */,
				6CCDFDC9D2BE0A61D7DE5995 /* ResultIndexServiceV2.swift in Sources */,
				E6B52CE898EFC2FA4C898CA2 /* ChatResultViewModel.swift in Sources */,
				48E85BDED6CBE552F28FF511 /* PlaceAboutViewModel.swift in Sources */,
				B68C2FE12623FE2182C64AAD /* PlaceDirectionsViewModel.swift in Sources */,
				0E8D0B55DEE5C6ADE5627FBC /* SearchSavedViewModel.swift in Sources */,
				9F6218FA3C10DDD156B273DA /* ActivityViewController.swift in Sources */,
				78BFC62F2D90D7B76F476068 /* AddCategoryView.swift in Sources */,
				919D18105E9D3DE0C10D01C2 /* AddPlaceView.swift in Sources */,
				BF67A82B0E2BFA2D5B7E720D /* AddPromptView.swift in Sources */,
				9434B9C8671BE04E4C596352 /* AddTasteView.swift in Sources */,
				F853F356B30DEB0D9ED8951E /* ContentView.swift in Sources */,
				77BBD30AD4D6B24224084108 /* FiltersView.swift in Sources */,
				4336115CADA9760774A74720 /* GoogleBannerView.swift in Sources */,
				84F9809EF8394A2E6EE0FC51 /* ImmersiveView.swift in Sources */,
				4DC851EAB28E044656E13426 /* MapResultsView.swift in Sources */,
				89E6CE81158444B942F04437 /* NavigationLocationView.swift in Sources */,
				DF89A8A0148E707030D0FC45 /* OnboardingLocationView.swift in Sources */,
				65E9AFBE3DC58DA44877F877 /* OnboardingSignInView.swift in Sources */,
				87CCE706F7A19A4304588E99 /* OnboardingSubscriptionView.swift in Sources */,
				68BD6F429F9521E5826B93DE /* OnboardingView.swift in Sources */,
				C9EC31DB80C07762F134019D /* PlaceAboutView.swift in Sources */,
				555E79AA2E2879B0F068C620 /* PlaceDescriptionView.swift in Sources */,
				596BC602969EA00E4287A393 /* PlaceDirectionsView.swift in Sources */,
				D21F3A2D4824F8FCAD7C668A /* PlacePhotosView.swift in Sources */,
				03EE2E44195B03FFDC241ADF /* PlaceTipsView.swift in Sources */,
				F7DD46EDCF96AE3A18F305F5 /* PlaceView.swift in Sources */,
				79C23349015AE24837F926C4 /* PlacesList.swift in Sources */,
				F4A258F0E45009DFDFFCA0FC /* PromptRankingView.swift in Sources */,
				B976E4A02AEC6AB110F1E76C /* RatingButton.swift in Sources */,
				53CDEB2950DC5C58BCE5EEF8 /* SavedListView.swift in Sources */,
				EBA1914C1CC49B8FD85E9EE3 /* SearchCategoryView.swift in Sources */,
				25C32E5AA96D7CBA3736F730 /* SearchPlacesView.swift in Sources */,
				7D7886E77E3417458540D460 /* SearchSectionView.swift in Sources */,
				5FD8A26A3A3EA65ED4CD0360 /* SearchTasteView.swift in Sources */,
				099F942C06F1B8871D54A160 /* SearchView.swift in Sources */,
				E1C6B52381751B8BE191345A /* SettingsView.swift in Sources */,
				90F55C82898B4366C99867C9 /* KnowMapsCoreMLModels.swift in Sources */,
			);
			runOnlyForDeploymentPostprocessing = 0;
		};
		1E15EDEB2EF96C59009384CA /* Sources */ = {
			isa = PBXSourcesBuildPhase;
			buildActionMask = 2147483647;
			files = (
				B0A1B2C3D4E5F60718293A41 /* knowmapsTests.swift in Sources */,
			);
			runOnlyForDeploymentPostprocessing = 0;
		};
/* End PBXSourcesBuildPhase section */

/* Begin PBXTargetDependency section */
		1E15EDF22EF96C59009384CA /* PBXTargetDependency */ = {
			isa = PBXTargetDependency;
			target = 1E15EDE42EF96C59009384CA /* knowmaps */;
			targetProxy = 1E15EDF12EF96C59009384CA /* PBXContainerItemProxy */;
		};
/* End PBXTargetDependency section */

/* Begin XCBuildConfiguration section */
		1E15EDFD2EF96C59009384CA /* Debug */ = {
			isa = XCBuildConfiguration;
			buildSettings = {
				ALLOW_TARGET_PLATFORM_SPECIALIZATION = YES;
				BUILD_LIBRARY_FOR_DISTRIBUTION = YES;
				CODE_SIGN_IDENTITY = "";
				CODE_SIGN_STYLE = Automatic;
				CURRENT_PROJECT_VERSION = 1;
				DEAD_CODE_STRIPPING = YES;
				DYLIB_COMPATIBILITY_VERSION = 1;
				DYLIB_CURRENT_VERSION = 1;
				DYLIB_INSTALL_NAME_BASE = "@rpath";
				ENABLE_MODULE_VERIFIER = YES;
				GENERATE_INFOPLIST_FILE = YES;
				INFOPLIST_KEY_NSHumanReadableCopyright = "";
				INSTALL_PATH = "$(LOCAL_LIBRARY_DIR)/Frameworks";
				IPHONEOS_DEPLOYMENT_TARGET = 26.0;
				LD_RUNPATH_SEARCH_PATHS = (
					"@executable_path/Frameworks",
					"@loader_path/Frameworks",
				);
				"LD_RUNPATH_SEARCH_PATHS[sdk=macosx*]" = (
					"@executable_path/../Frameworks",
					"@loader_path/Frameworks",
				);
				MACOSX_DEPLOYMENT_TARGET = 26.0;
				MARKETING_VERSION = 1.0;
				MODULE_VERIFIER_SUPPORTED_LANGUAGES = "objective-c objective-c++";
				MODULE_VERIFIER_SUPPORTED_LANGUAGE_STANDARDS = "gnu17 gnu++20";
				PRODUCT_BUNDLE_IDENTIFIER = com.secretatomics.knowmaps;
				PRODUCT_NAME = "$(TARGET_NAME:c99extidentifier)";
				SDKROOT = auto;
				SKIP_INSTALL = YES;
				STRING_CATALOG_GENERATE_SYMBOLS = YES;
				SUPPORTED_PLATFORMS = "iphoneos iphonesimulator macosx xros xrsimulator";
				SWIFT_APPROACHABLE_CONCURRENCY = YES;
				SWIFT_EMIT_LOC_STRINGS = YES;
				SWIFT_INSTALL_MODULE = YES;
				SWIFT_INSTALL_OBJC_HEADER = NO;
				SWIFT_STRICT_CONCURRENCY = minimal;
				SWIFT_UPCOMING_FEATURE_MEMBER_IMPORT_VISIBILITY = YES;
				SWIFT_VERSION = 5.9;
				TARGETED_DEVICE_FAMILY = "1,2,7";
				VERSIONING_SYSTEM = "apple-generic";
				VERSION_INFO_PREFIX = "";
				XROS_DEPLOYMENT_TARGET = 26.0;
			};
			name = Debug;
		};
		1E15EDFE2EF96C59009384CA /* Release */ = {
			isa = XCBuildConfiguration;
			buildSettings = {
				ALLOW_TARGET_PLATFORM_SPECIALIZATION = YES;
				BUILD_LIBRARY_FOR_DISTRIBUTION = YES;
				CODE_SIGN_IDENTITY = "";
				CODE_SIGN_STYLE = Automatic;
				CURRENT_PROJECT_VERSION = 1;
				DEAD_CODE_STRIPPING = YES;
				DYLIB_COMPATIBILITY_VERSION = 1;
				DYLIB_CURRENT_VERSION = 1;
				DYLIB_INSTALL_NAME_BASE = "@rpath";
				ENABLE_MODULE_VERIFIER = YES;
				GENERATE_INFOPLIST_FILE = YES;
				INFOPLIST_KEY_NSHumanReadableCopyright = "";
				INSTALL_PATH = "$(LOCAL_LIBRARY_DIR)/Frameworks";
				IPHONEOS_DEPLOYMENT_TARGET = 26.0;
				LD_RUNPATH_SEARCH_PATHS = (
					"@executable_path/Frameworks",
					"@loader_path/Frameworks",
				);
				"LD_RUNPATH_SEARCH_PATHS[sdk=macosx*]" = (
					"@executable_path/../Frameworks",
					"@loader_path/Frameworks",
				);
				MACOSX_DEPLOYMENT_TARGET = 26.0;
				MARKETING_VERSION = 1.0;
				MODULE_VERIFIER_SUPPORTED_LANGUAGES = "objective-c objective-c++";
				MODULE_VERIFIER_SUPPORTED_LANGUAGE_STANDARDS = "gnu17 gnu++20";
				PRODUCT_BUNDLE_IDENTIFIER = com.secretatomics.knowmaps;
				PRODUCT_NAME = "$(TARGET_NAME:c99extidentifier)";
				SDKROOT = auto;
				SKIP_INSTALL = YES;
				STRING_CATALOG_GENERATE_SYMBOLS = YES;
				SUPPORTED_PLATFORMS = "iphoneos iphonesimulator macosx xros xrsimulator";
				SWIFT_APPROACHABLE_CONCURRENCY = YES;
				SWIFT_EMIT_LOC_STRINGS = YES;
				SWIFT_INSTALL_MODULE = YES;
				SWIFT_INSTALL_OBJC_HEADER = NO;
				SWIFT_STRICT_CONCURRENCY = minimal;
				SWIFT_UPCOMING_FEATURE_MEMBER_IMPORT_VISIBILITY = YES;
				SWIFT_VERSION = 5.9;
				TARGETED_DEVICE_FAMILY = "1,2,7";
				VERSIONING_SYSTEM = "apple-generic";
				VERSION_INFO_PREFIX = "";
				XROS_DEPLOYMENT_TARGET = 26.0;
			};
			name = Release;
		};
		1E15EE012EF96C59009384CA /* Debug */ = {
			isa = XCBuildConfiguration;
			buildSettings = {
				ALLOW_TARGET_PLATFORM_SPECIALIZATION = YES;
				CODE_SIGN_STYLE = Automatic;
				CURRENT_PROJECT_VERSION = 1;
				DEAD_CODE_STRIPPING = YES;
				GENERATE_INFOPLIST_FILE = YES;
				IPHONEOS_DEPLOYMENT_TARGET = 17.0;
				MACOSX_DEPLOYMENT_TARGET = 14.0;
				MARKETING_VERSION = 1.0;
				PRODUCT_BUNDLE_IDENTIFIER = com.secretatomics.knowmapsTests;
				PRODUCT_NAME = "$(TARGET_NAME)";
				SDKROOT = auto;
				STRING_CATALOG_GENERATE_SYMBOLS = NO;
				SUPPORTED_PLATFORMS = "iphoneos iphonesimulator macosx xros xrsimulator";
				SWIFT_APPROACHABLE_CONCURRENCY = YES;
				SWIFT_EMIT_LOC_STRINGS = NO;
				SWIFT_STRICT_CONCURRENCY = minimal;
				SWIFT_UPCOMING_FEATURE_MEMBER_IMPORT_VISIBILITY = YES;
				SWIFT_VERSION = 5.9;
				TARGETED_DEVICE_FAMILY = "1,2,7";
				XROS_DEPLOYMENT_TARGET = 1.0;
			};
			name = Debug;
		};
		1E15EE022EF96C59009384CA /* Release */ = {
			isa = XCBuildConfiguration;
			buildSettings = {
				ALLOW_TARGET_PLATFORM_SPECIALIZATION = YES;
				CODE_SIGN_STYLE = Automatic;
				CURRENT_PROJECT_VERSION = 1;
				DEAD_CODE_STRIPPING = YES;
				GENERATE_INFOPLIST_FILE = YES;
				IPHONEOS_DEPLOYMENT_TARGET = 17.0;
				MACOSX_DEPLOYMENT_TARGET = 14.0;
				MARKETING_VERSION = 1.0;
				PRODUCT_BUNDLE_IDENTIFIER = com.secretatomics.knowmapsTests;
				PRODUCT_NAME = "$(TARGET_NAME)";
				SDKROOT = auto;
				STRING_CATALOG_GENERATE_SYMBOLS = NO;
				SUPPORTED_PLATFORMS = "iphoneos iphonesimulator macosx xros xrsimulator";
				SWIFT_APPROACHABLE_CONCURRENCY = YES;
				SWIFT_EMIT_LOC_STRINGS = NO;
				SWIFT_STRICT_CONCURRENCY = minimal;
				SWIFT_UPCOMING_FEATURE_MEMBER_IMPORT_VISIBILITY = YES;
				SWIFT_VERSION = 5.9;
				TARGETED_DEVICE_FAMILY = "1,2,7";
				XROS_DEPLOYMENT_TARGET = 1.0;
			};
			name = Release;
		};
		1EA7F7622B03FA72002AE371 /* Debug */ = {
			isa = XCBuildConfiguration;
			buildSettings = {
				ALWAYS_SEARCH_USER_PATHS = NO;
				ASSETCATALOG_COMPILER_GENERATE_SWIFT_ASSET_SYMBOL_EXTENSIONS = YES;
				CLANG_ANALYZER_NONNULL = YES;
				CLANG_ANALYZER_NUMBER_OBJECT_CONVERSION = YES_AGGRESSIVE;
				CLANG_CXX_LANGUAGE_STANDARD = "gnu++20";
				CLANG_ENABLE_MODULES = YES;
				CLANG_ENABLE_OBJC_ARC = YES;
				CLANG_ENABLE_OBJC_WEAK = YES;
				CLANG_WARN_BLOCK_CAPTURE_AUTORELEASING = YES;
				CLANG_WARN_BOOL_CONVERSION = YES;
				CLANG_WARN_COMMA = YES;
				CLANG_WARN_CONSTANT_CONVERSION = YES;
				CLANG_WARN_DEPRECATED_OBJC_IMPLEMENTATIONS = YES;
				CLANG_WARN_DIRECT_OBJC_ISA_USAGE = YES_ERROR;
				CLANG_WARN_DOCUMENTATION_COMMENTS = YES;
				CLANG_WARN_EMPTY_BODY = YES;
				CLANG_WARN_ENUM_CONVERSION = YES;
				CLANG_WARN_INFINITE_RECURSION = YES;
				CLANG_WARN_INT_CONVERSION = YES;
				CLANG_WARN_NON_LITERAL_NULL_CONVERSION = YES;
				CLANG_WARN_OBJC_IMPLICIT_RETAIN_SELF = YES;
				CLANG_WARN_OBJC_LITERAL_CONVERSION = YES;
				CLANG_WARN_OBJC_ROOT_CLASS = YES_ERROR;
				CLANG_WARN_QUOTED_INCLUDE_IN_FRAMEWORK_HEADER = YES;
				CLANG_WARN_RANGE_LOOP_ANALYSIS = YES;
				CLANG_WARN_STRICT_PROTOTYPES = YES;
				CLANG_WARN_SUSPICIOUS_MOVE = YES;
				CLANG_WARN_UNGUARDED_AVAILABILITY = YES_AGGRESSIVE;
				CLANG_WARN_UNREACHABLE_CODE = YES;
				CLANG_WARN__DUPLICATE_METHOD_MATCH = YES;
				COPY_PHASE_STRIP = NO;
				DEBUG_INFORMATION_FORMAT = dwarf;
				DEVELOPMENT_TEAM = 23264QUM9A;
				ENABLE_STRICT_OBJC_MSGSEND = YES;
				ENABLE_TESTABILITY = YES;
				ENABLE_USER_SCRIPT_SANDBOXING = YES;
				GCC_C_LANGUAGE_STANDARD = gnu17;
				GCC_DYNAMIC_NO_PIC = NO;
				GCC_NO_COMMON_BLOCKS = YES;
				GCC_OPTIMIZATION_LEVEL = 0;
				GCC_PREPROCESSOR_DEFINITIONS = (
					"DEBUG=1",
					"$(inherited)",
				);
				GCC_WARN_64_TO_32_BIT_CONVERSION = YES;
				GCC_WARN_ABOUT_RETURN_TYPE = YES_ERROR;
				GCC_WARN_UNDECLARED_SELECTOR = YES;
				GCC_WARN_UNINITIALIZED_AUTOS = YES_AGGRESSIVE;
				GCC_WARN_UNUSED_FUNCTION = YES;
				GCC_WARN_UNUSED_VARIABLE = YES;
				LOCALIZATION_PREFERS_STRING_CATALOGS = YES;
				MTL_ENABLE_DEBUG_INFO = INCLUDE_SOURCE;
				MTL_FAST_MATH = YES;
				ONLY_ACTIVE_ARCH = YES;
				SDKROOT = xros;
				STRING_CATALOG_GENERATE_SYMBOLS = YES;
				SWIFT_ACTIVE_COMPILATION_CONDITIONS = "DEBUG $(inherited)";
				SWIFT_OPTIMIZATION_LEVEL = "-Onone";
				XROS_DEPLOYMENT_TARGET = 1.0;
			};
			name = Debug;
		};
		1EA7F7632B03FA72002AE371 /* Release */ = {
			isa = XCBuildConfiguration;
			buildSettings = {
				ALWAYS_SEARCH_USER_PATHS = NO;
				ASSETCATALOG_COMPILER_GENERATE_SWIFT_ASSET_SYMBOL_EXTENSIONS = YES;
				CLANG_ANALYZER_NONNULL = YES;
				CLANG_ANALYZER_NUMBER_OBJECT_CONVERSION = YES_AGGRESSIVE;
				CLANG_CXX_LANGUAGE_STANDARD = "gnu++20";
				CLANG_ENABLE_MODULES = YES;
				CLANG_ENABLE_OBJC_ARC = YES;
				CLANG_ENABLE_OBJC_WEAK = YES;
				CLANG_WARN_BLOCK_CAPTURE_AUTORELEASING = YES;
				CLANG_WARN_BOOL_CONVERSION = YES;
				CLANG_WARN_COMMA = YES;
				CLANG_WARN_CONSTANT_CONVERSION = YES;
				CLANG_WARN_DEPRECATED_OBJC_IMPLEMENTATIONS = YES;
				CLANG_WARN_DIRECT_OBJC_ISA_USAGE = YES_ERROR;
				CLANG_WARN_DOCUMENTATION_COMMENTS = YES;
				CLANG_WARN_EMPTY_BODY = YES;
				CLANG_WARN_ENUM_CONVERSION = YES;
				CLANG_WARN_INFINITE_RECURSION = YES;
				CLANG_WARN_INT_CONVERSION = YES;
				CLANG_WARN_NON_LITERAL_NULL_CONVERSION = YES;
				CLANG_WARN_OBJC_IMPLICIT_RETAIN_SELF = YES;
				CLANG_WARN_OBJC_LITERAL_CONVERSION = YES;
				CLANG_WARN_OBJC_ROOT_CLASS = YES_ERROR;
				CLANG_WARN_QUOTED_INCLUDE_IN_FRAMEWORK_HEADER = YES;
				CLANG_WARN_RANGE_LOOP_ANALYSIS = YES;
				CLANG_WARN_STRICT_PROTOTYPES = YES;
				CLANG_WARN_SUSPICIOUS_MOVE = YES;
				CLANG_WARN_UNGUARDED_AVAILABILITY = YES_AGGRESSIVE;
				CLANG_WARN_UNREACHABLE_CODE = YES;
				CLANG_WARN__DUPLICATE_METHOD_MATCH = YES;
				COPY_PHASE_STRIP = NO;
				DEBUG_INFORMATION_FORMAT = "dwarf-with-dsym";
				DEVELOPMENT_TEAM = 23264QUM9A;
				ENABLE_NS_ASSERTIONS = NO;
				ENABLE_STRICT_OBJC_MSGSEND = YES;
				ENABLE_USER_SCRIPT_SANDBOXING = YES;
				GCC_C_LANGUAGE_STANDARD = gnu17;
				GCC_NO_COMMON_BLOCKS = YES;
				GCC_WARN_64_TO_32_BIT_CONVERSION = YES;
				GCC_WARN_ABOUT_RETURN_TYPE = YES_ERROR;
				GCC_WARN_UNDECLARED_SELECTOR = YES;
				GCC_WARN_UNINITIALIZED_AUTOS = YES_AGGRESSIVE;
				GCC_WARN_UNUSED_FUNCTION = YES;
				GCC_WARN_UNUSED_VARIABLE = YES;
				LOCALIZATION_PREFERS_STRING_CATALOGS = YES;
				MTL_ENABLE_DEBUG_INFO = NO;
				MTL_FAST_MATH = YES;
				SDKROOT = xros;
				STRING_CATALOG_GENERATE_SYMBOLS = YES;
				SWIFT_COMPILATION_MODE = wholemodule;
				VALIDATE_PRODUCT = YES;
				XROS_DEPLOYMENT_TARGET = 1.0;
			};
			name = Release;
		};
/* End XCBuildConfiguration section */

/* Begin XCConfigurationList section */
		1E15EDFC2EF96C59009384CA /* Build configuration list for PBXNativeTarget "knowmaps" */ = {
			isa = XCConfigurationList;
			buildConfigurations = (
				1E15EDFD2EF96C59009384CA /* Debug */,
				1E15EDFE2EF96C59009384CA /* Release */,
			);
			defaultConfigurationIsVisible = 0;
			defaultConfigurationName = Release;
		};
		1E15EE002EF96C59009384CA /* Build configuration list for PBXNativeTarget "knowmapsTests" */ = {
			isa = XCConfigurationList;
			buildConfigurations = (
				1E15EE012EF96C59009384CA /* Debug */,
				1E15EE022EF96C59009384CA /* Release */,
			);
			defaultConfigurationIsVisible = 0;
			defaultConfigurationName = Release;
		};
		1EA7F7402B03FA70002AE371 /* Build configuration list for PBXProject "Know Maps" */ = {
			isa = XCConfigurationList;
			buildConfigurations = (
				1EA7F7622B03FA72002AE371 /* Debug */,
				1EA7F7632B03FA72002AE371 /* Release */,
			);
			defaultConfigurationIsVisible = 0;
			defaultConfigurationName = Release;
		};
/* End XCConfigurationList section */

/* Begin XCRemoteSwiftPackageReference section */
		1E1E310B2CC1954F00A23434 /* XCRemoteSwiftPackageReference "Nuke" */ = {
			isa = XCRemoteSwiftPackageReference;
			repositoryURL = "https://github.com/kean/Nuke";
			requirement = {
				kind = upToNextMajorVersion;
				minimumVersion = 12.8.0;
			};
		};
		1E213E152CAD81F600B93697 /* XCRemoteSwiftPackageReference "analytics-swift" */ = {
			isa = XCRemoteSwiftPackageReference;
			repositoryURL = "https://github.com/segmentio/analytics-swift";
			requirement = {
				kind = upToNextMajorVersion;
				minimumVersion = 1.6.1;
			};
		};
		1EFFBB2C2E83EAA90088882B /* XCRemoteSwiftPackageReference "supabase-swift" */ = {
			isa = XCRemoteSwiftPackageReference;
			repositoryURL = "https://github.com/supabase/supabase-swift";
			requirement = {
				kind = upToNextMajorVersion;
				minimumVersion = 2.5.1;
			};
		};
/* End XCRemoteSwiftPackageReference section */

/* Begin XCSwiftPackageProductDependency section */
		B0A1B2C3D4E5F60718293A50 /* NukeUI */ = {
			isa = XCSwiftPackageProductDependency;
			package = 1E1E310B2CC1954F00A23434 /* XCRemoteSwiftPackageReference "Nuke" */;
			productName = NukeUI;
		};
		B0A1B2C3D4E5F60718293A51 /* Segment */ = {
			isa = XCSwiftPackageProductDependency;
			package = 1E213E152CAD81F600B93697 /* XCRemoteSwiftPackageReference "analytics-swift" */;
			productName = Segment;
		};
		B0A1B2C3D4E5F60718293A52 /* Supabase */ = {
			isa = XCSwiftPackageProductDependency;
			package = 1EFFBB2C2E83EAA90088882B /* XCRemoteSwiftPackageReference "supabase-swift" */;
			productName = Supabase;
		};
/* End XCSwiftPackageProductDependency section */
	};
	rootObject = 1EA7F73D2B03FA70002AE371 /* Project object */;
}
